{
  "version": 4,
  "terraform_version": "1.0.6",
  "serial": 181,
  "lineage": "428f3f7e-23ca-14d9-799d-a7b6c67f6a25",
  "outputs": {},
  "resources": [
    {
      "module": "module.albc",
      "mode": "data",
      "type": "aws_caller_identity",
      "name": "current",
      "provider": "provider[\"registry.terraform.io/hashicorp/aws\"]",
      "instances": [
        {
          "schema_version": 0,
          "attributes": {
            "account_id": "023980798539",
            "arn": "arn:aws:iam::023980798539:user/Aakask",
            "id": "023980798539",
            "user_id": "AIDAQLFK56JF63UHP6Z2D"
          },
          "sensitive_attributes": []
        }
      ]
    },
    {
      "module": "module.albc",
      "mode": "data",
      "type": "aws_eks_cluster",
      "name": "selected",
      "provider": "provider[\"registry.terraform.io/hashicorp/aws\"]",
      "instances": [
        {
          "index_key": 0,
          "schema_version": 0,
          "attributes": {
            "arn": "arn:aws:eks:us-east-1:023980798539:cluster/aakash-test-player-prod",
            "certificate_authority": [
              {
                "data": "LS0tLS1CRUdJTiBDRVJUSUZJQ0FURS0tLS0tCk1JSUM1ekNDQWMrZ0F3SUJBZ0lCQURBTkJna3Foa2lHOXcwQkFRc0ZBREFWTVJNd0VRWURWUVFERXdwcmRXSmwKY201bGRHVnpNQjRYRFRJeE1Ea3hOakExTlRJd01Gb1hEVE14TURreE5EQTFOVEl3TUZvd0ZURVRNQkVHQTFVRQpBeE1LYTNWaVpYSnVaWFJsY3pDQ0FTSXdEUVlKS29aSWh2Y05BUUVCQlFBRGdnRVBBRENDQVFvQ2dnRUJBTlpyCjhRb2k3NS9CSW9PdDRBcHFHT1BPSFhmM3FmUmMwUEMxUkZ2am9CSlNMK1J0NW82N1ZvM0E3M0NmaFJKcW9ma3cKemlVR1ZlLzIzWHBBU1U1MjZxaG5kSy9wV2RPSFEvTHVMMlNqWVpPWnhmTmpzMlJ5TXBBUk1yL0tFZWFZd1VCOQoxWXFQTlZJTmFrYWFXUVIrZWVUTXRSNkQzbC9oUUJlczNIQmFZMkpSOTBBK0JMZWVmT1RpTENnMmhoOERnaFVjCjFiTlloZGU0K0dvZ0JtTmtwWHJnb2kvTGVlcXVKaGZualNLV2d4OXBUa1ExdHdBTzk5OHNSRVZncG5qcGQwWlYKUG4vQU1KbUNuRVgrS2ViZWxObzhuU0xES3VYYjN0OGVGTUJUQWNnbVMxbmYyRlZuaWNJN2haU1NZRHFiL083SgpGdnorcTRIc3E0L0gzOVlNZ3BFQ0F3RUFBYU5DTUVBd0RnWURWUjBQQVFIL0JBUURBZ0trTUE4R0ExVWRFd0VCCi93UUZNQU1CQWY4d0hRWURWUjBPQkJZRUZNLzN5eFAybjlWWG90TkRvZFRNVkpJOUNjVWJNQTBHQ1NxR1NJYjMKRFFFQkN3VUFBNElCQVFCZ2cxZExDZytYenJaN1R6cnR4ZzgxT0tKdkNiOEcxVzNQcXZFVUpRam1aektVNkdTQwpHdmhWT2JCRkZTUkpBTEZlcXhyTFFWb0tkWFhQbXdYMDgrN254SVBudTIzQUJIaGd6ZFpjSmYwTGNwdkFvZzBBCmdsWS85SC9QYWhoMWd4SERESklLeVpsK2lXUmIyMHg3M2hCNFY3Q29kdi81dzlKbzZvSGNGNlBWUDFlT1p6QTMKTGxtdU1FUzdtckxKQjRDeHJwOXVPc0QyTm1QU0k5WHVrSGNkdFo2TFNMOXZsWWhhR01tNGtRSXZaRmhjeVo4cgpuTUhHeXcyK244MXhzOFAwckdFZkFHRlJmblc3dWlqZkZBUCtONzFnbVB2MVdBdXpsK1ZRQWE0dFJrYk9Ba0lEClZVUjlEWHV6T0FOT1A5UG9VbWtQN2p5dGJtQ3BDS0dTWDd3eAotLS0tLUVORCBDRVJUSUZJQ0FURS0tLS0tCg=="
              }
            ],
            "created_at": "2021-09-16 05:45:15.346 +0000 UTC",
            "enabled_cluster_log_types": [
              "api",
              "audit",
              "authenticator",
              "controllerManager",
              "scheduler"
            ],
            "endpoint": "https://BC2B96EACB72D2900DD59A8AB02F69F8.gr7.us-east-1.eks.amazonaws.com",
            "id": "aakash-test-player-prod",
            "identity": [
              {
                "oidc": [
                  {
                    "issuer": "https://oidc.eks.us-east-1.amazonaws.com/id/BC2B96EACB72D2900DD59A8AB02F69F8"
                  }
                ]
              }
            ],
            "kubernetes_network_config": [
              {
                "service_ipv4_cidr": "172.20.0.0/16"
              }
            ],
            "name": "aakash-test-player-prod",
            "platform_version": "eks.2",
            "role_arn": "arn:aws:iam::023980798539:role/aakash-test-player-eks-cluster-role",
            "status": "ACTIVE",
            "tags": {},
            "version": "1.21",
            "vpc_config": [
              {
                "cluster_security_group_id": "sg-03b1e3e86efc7489e",
                "endpoint_private_access": false,
                "endpoint_public_access": true,
                "public_access_cidrs": [
                  "0.0.0.0/0"
                ],
                "security_group_ids": [],
                "subnet_ids": [
                  "subnet-070239a243c082899",
                  "subnet-09daa187506568c68",
                  "subnet-09ef486caf532fed7",
                  "subnet-0ab41ed21ab62c5f4",
                  "subnet-0ed3b9e9704005f5e",
                  "subnet-0ee01b0b258cf1d4e"
                ],
                "vpc_id": "vpc-094d2d308d7f57b34"
              }
            ]
          },
          "sensitive_attributes": []
        }
      ]
    },
    {
      "module": "module.albc",
      "mode": "data",
      "type": "aws_eks_cluster_auth",
      "name": "selected",
      "provider": "provider[\"registry.terraform.io/hashicorp/aws\"]",
      "instances": [
        {
          "index_key": 0,
          "schema_version": 0,
          "attributes": {
            "id": "aakash-test-player-prod",
            "name": "aakash-test-player-prod",
            "token": "k8s-aws-v1.aHR0cHM6Ly9zdHMuYW1hem9uYXdzLmNvbS8_QWN0aW9uPUdldENhbGxlcklkZW50aXR5JlZlcnNpb249MjAxMS0wNi0xNSZYLUFtei1BbGdvcml0aG09QVdTNC1ITUFDLVNIQTI1NiZYLUFtei1DcmVkZW50aWFsPUFLSUFRTEZLNTZKRlc0WDNTQ1VGJTJGMjAyMTA5MTYlMkZ1cy1lYXN0LTElMkZzdHMlMkZhd3M0X3JlcXVlc3QmWC1BbXotRGF0ZT0yMDIxMDkxNlQwNjIxMzdaJlgtQW16LUV4cGlyZXM9MCZYLUFtei1TaWduZWRIZWFkZXJzPWhvc3QlM0J4LWs4cy1hd3MtaWQmWC1BbXotU2lnbmF0dXJlPTIyMzlmYzVmMWRkYWUyOTFjNjc0YWRmZTE2MTIzMWM2ZDNhYmM4MGMzODkwMjgyM2E0YTU3NjlkZTcyYWQ2NmY"
          },
          "sensitive_attributes": []
        }
      ]
    },
    {
      "module": "module.albc",
      "mode": "data",
      "type": "aws_iam_policy_document",
      "name": "ec2_assume_role",
      "provider": "provider[\"registry.terraform.io/hashicorp/aws\"]",
      "instances": []
    },
    {
      "module": "module.albc",
      "mode": "data",
      "type": "aws_iam_policy_document",
      "name": "eks_oidc_assume_role",
      "provider": "provider[\"registry.terraform.io/hashicorp/aws\"]",
      "instances": [
        {
          "index_key": 0,
          "schema_version": 0,
          "attributes": {
            "id": "4009704880",
            "json": "{\n  \"Version\": \"2012-10-17\",\n  \"Statement\": [\n    {\n      \"Sid\": \"\",\n      \"Effect\": \"Allow\",\n      \"Action\": \"sts:AssumeRoleWithWebIdentity\",\n      \"Principal\": {\n        \"Federated\": \"arn:aws:iam::023980798539:oidc-provider/oidc.eks.us-east-1.amazonaws.com/id/BC2B96EACB72D2900DD59A8AB02F69F8\"\n      },\n      \"Condition\": {\n        \"StringEquals\": {\n          \"oidc.eks.us-east-1.amazonaws.com/id/BC2B96EACB72D2900DD59A8AB02F69F8:sub\": [\n            \"system:serviceaccount:default:aws-load-balancer-controller\"\n          ]\n        }\n      }\n    }\n  ]\n}",
            "override_json": null,
            "override_policy_documents": null,
            "policy_id": null,
            "source_json": null,
            "source_policy_documents": null,
            "statement": [
              {
                "actions": [
                  "sts:AssumeRoleWithWebIdentity"
                ],
                "condition": [
                  {
                    "test": "StringEquals",
                    "values": [
                      "system:serviceaccount:default:aws-load-balancer-controller"
                    ],
                    "variable": "oidc.eks.us-east-1.amazonaws.com/id/BC2B96EACB72D2900DD59A8AB02F69F8:sub"
                  }
                ],
                "effect": "Allow",
                "not_actions": [],
                "not_principals": [],
                "not_resources": [],
                "principals": [
                  {
                    "identifiers": [
                      "arn:aws:iam::023980798539:oidc-provider/oidc.eks.us-east-1.amazonaws.com/id/BC2B96EACB72D2900DD59A8AB02F69F8"
                    ],
                    "type": "Federated"
                  }
                ],
                "resources": [],
                "sid": ""
              }
            ],
            "version": "2012-10-17"
          },
          "sensitive_attributes": []
        }
      ]
    },
    {
      "module": "module.albc",
      "mode": "data",
      "type": "aws_region",
      "name": "current",
      "provider": "provider[\"registry.terraform.io/hashicorp/aws\"]",
      "instances": [
        {
          "schema_version": 0,
          "attributes": {
            "description": "US East (N. Virginia)",
            "endpoint": "ec2.us-east-1.amazonaws.com",
            "id": "us-east-1",
            "name": "us-east-1"
          },
          "sensitive_attributes": []
        }
      ]
    },
    {
      "module": "module.albc",
      "mode": "data",
      "type": "aws_vpc",
      "name": "selected",
      "provider": "provider[\"registry.terraform.io/hashicorp/aws\"]",
      "instances": [
        {
          "schema_version": 0,
          "attributes": {
            "arn": "arn:aws:ec2:us-east-1:023980798539:vpc/vpc-094d2d308d7f57b34",
            "cidr_block": "10.0.0.0/16",
            "cidr_block_associations": [
              {
                "association_id": "vpc-cidr-assoc-060ae989983407a82",
                "cidr_block": "10.0.0.0/16",
                "state": "associated"
              }
            ],
            "default": false,
            "dhcp_options_id": "dopt-1a4ec660",
            "enable_dns_hostnames": true,
            "enable_dns_support": true,
            "filter": null,
            "id": "vpc-094d2d308d7f57b34",
            "instance_tenancy": "default",
            "ipv6_association_id": null,
            "ipv6_cidr_block": null,
            "main_route_table_id": "rtb-0e74fd7650e92b40d",
            "owner_id": "023980798539",
            "state": "available",
            "tags": {
              "Environment": "prod",
              "Name": "aakash-test-player-prod-vpc",
              "Product": "aakash-test-player",
              "kubernetes.io/cluster/aakash-test-player-prod": "shared"
            }
          },
          "sensitive_attributes": []
        }
      ]
    },
    {
      "module": "module.albc",
      "mode": "data",
      "type": "template_file",
      "name": "kubeconfig",
      "provider": "provider[\"registry.terraform.io/hashicorp/template\"]",
      "instances": [
        {
          "schema_version": 0,
          "attributes": {
            "filename": null,
            "id": "c22e8e3e7c93465660785cb34e595ec023467b939d40cd886ad176e99f71d29f",
            "rendered": "apiVersion: v1\r\nkind: Config\r\ncurrent-context: terraform\r\nclusters:\r\n- name: aakash-test-player-prod\r\n  cluster:\r\n    certificate-authority-data: LS0tLS1CRUdJTiBDRVJUSUZJQ0FURS0tLS0tCk1JSUM1ekNDQWMrZ0F3SUJBZ0lCQURBTkJna3Foa2lHOXcwQkFRc0ZBREFWTVJNd0VRWURWUVFERXdwcmRXSmwKY201bGRHVnpNQjRYRFRJeE1Ea3hOakExTlRJd01Gb1hEVE14TURreE5EQTFOVEl3TUZvd0ZURVRNQkVHQTFVRQpBeE1LYTNWaVpYSnVaWFJsY3pDQ0FTSXdEUVlKS29aSWh2Y05BUUVCQlFBRGdnRVBBRENDQVFvQ2dnRUJBTlpyCjhRb2k3NS9CSW9PdDRBcHFHT1BPSFhmM3FmUmMwUEMxUkZ2am9CSlNMK1J0NW82N1ZvM0E3M0NmaFJKcW9ma3cKemlVR1ZlLzIzWHBBU1U1MjZxaG5kSy9wV2RPSFEvTHVMMlNqWVpPWnhmTmpzMlJ5TXBBUk1yL0tFZWFZd1VCOQoxWXFQTlZJTmFrYWFXUVIrZWVUTXRSNkQzbC9oUUJlczNIQmFZMkpSOTBBK0JMZWVmT1RpTENnMmhoOERnaFVjCjFiTlloZGU0K0dvZ0JtTmtwWHJnb2kvTGVlcXVKaGZualNLV2d4OXBUa1ExdHdBTzk5OHNSRVZncG5qcGQwWlYKUG4vQU1KbUNuRVgrS2ViZWxObzhuU0xES3VYYjN0OGVGTUJUQWNnbVMxbmYyRlZuaWNJN2haU1NZRHFiL083SgpGdnorcTRIc3E0L0gzOVlNZ3BFQ0F3RUFBYU5DTUVBd0RnWURWUjBQQVFIL0JBUURBZ0trTUE4R0ExVWRFd0VCCi93UUZNQU1CQWY4d0hRWURWUjBPQkJZRUZNLzN5eFAybjlWWG90TkRvZFRNVkpJOUNjVWJNQTBHQ1NxR1NJYjMKRFFFQkN3VUFBNElCQVFCZ2cxZExDZytYenJaN1R6cnR4ZzgxT0tKdkNiOEcxVzNQcXZFVUpRam1aektVNkdTQwpHdmhWT2JCRkZTUkpBTEZlcXhyTFFWb0tkWFhQbXdYMDgrN254SVBudTIzQUJIaGd6ZFpjSmYwTGNwdkFvZzBBCmdsWS85SC9QYWhoMWd4SERESklLeVpsK2lXUmIyMHg3M2hCNFY3Q29kdi81dzlKbzZvSGNGNlBWUDFlT1p6QTMKTGxtdU1FUzdtckxKQjRDeHJwOXVPc0QyTm1QU0k5WHVrSGNkdFo2TFNMOXZsWWhhR01tNGtRSXZaRmhjeVo4cgpuTUhHeXcyK244MXhzOFAwckdFZkFHRlJmblc3dWlqZkZBUCtONzFnbVB2MVdBdXpsK1ZRQWE0dFJrYk9Ba0lEClZVUjlEWHV6T0FOT1A5UG9VbWtQN2p5dGJtQ3BDS0dTWDd3eAotLS0tLUVORCBDRVJUSUZJQ0FURS0tLS0tCg==\r\n    server: https://BC2B96EACB72D2900DD59A8AB02F69F8.gr7.us-east-1.eks.amazonaws.com\r\ncontexts:\r\n- name: terraform\r\n  context:\r\n    cluster: aakash-test-player-prod\r\n    user: terraform\r\nusers:\r\n- name: terraform\r\n  user:\r\n    token: k8s-aws-v1.aHR0cHM6Ly9zdHMuYW1hem9uYXdzLmNvbS8_QWN0aW9uPUdldENhbGxlcklkZW50aXR5JlZlcnNpb249MjAxMS0wNi0xNSZYLUFtei1BbGdvcml0aG09QVdTNC1ITUFDLVNIQTI1NiZYLUFtei1DcmVkZW50aWFsPUFLSUFRTEZLNTZKRlc0WDNTQ1VGJTJGMjAyMTA5MTYlMkZ1cy1lYXN0LTElMkZzdHMlMkZhd3M0X3JlcXVlc3QmWC1BbXotRGF0ZT0yMDIxMDkxNlQwNjIxMzdaJlgtQW16LUV4cGlyZXM9MCZYLUFtei1TaWduZWRIZWFkZXJzPWhvc3QlM0J4LWs4cy1hd3MtaWQmWC1BbXotU2lnbmF0dXJlPTIyMzlmYzVmMWRkYWUyOTFjNjc0YWRmZTE2MTIzMWM2ZDNhYmM4MGMzODkwMjgyM2E0YTU3NjlkZTcyYWQ2NmY\r\n",
            "template": "apiVersion: v1\r\nkind: Config\r\ncurrent-context: terraform\r\nclusters:\r\n- name: aakash-test-player-prod\r\n  cluster:\r\n    certificate-authority-data: LS0tLS1CRUdJTiBDRVJUSUZJQ0FURS0tLS0tCk1JSUM1ekNDQWMrZ0F3SUJBZ0lCQURBTkJna3Foa2lHOXcwQkFRc0ZBREFWTVJNd0VRWURWUVFERXdwcmRXSmwKY201bGRHVnpNQjRYRFRJeE1Ea3hOakExTlRJd01Gb1hEVE14TURreE5EQTFOVEl3TUZvd0ZURVRNQkVHQTFVRQpBeE1LYTNWaVpYSnVaWFJsY3pDQ0FTSXdEUVlKS29aSWh2Y05BUUVCQlFBRGdnRVBBRENDQVFvQ2dnRUJBTlpyCjhRb2k3NS9CSW9PdDRBcHFHT1BPSFhmM3FmUmMwUEMxUkZ2am9CSlNMK1J0NW82N1ZvM0E3M0NmaFJKcW9ma3cKemlVR1ZlLzIzWHBBU1U1MjZxaG5kSy9wV2RPSFEvTHVMMlNqWVpPWnhmTmpzMlJ5TXBBUk1yL0tFZWFZd1VCOQoxWXFQTlZJTmFrYWFXUVIrZWVUTXRSNkQzbC9oUUJlczNIQmFZMkpSOTBBK0JMZWVmT1RpTENnMmhoOERnaFVjCjFiTlloZGU0K0dvZ0JtTmtwWHJnb2kvTGVlcXVKaGZualNLV2d4OXBUa1ExdHdBTzk5OHNSRVZncG5qcGQwWlYKUG4vQU1KbUNuRVgrS2ViZWxObzhuU0xES3VYYjN0OGVGTUJUQWNnbVMxbmYyRlZuaWNJN2haU1NZRHFiL083SgpGdnorcTRIc3E0L0gzOVlNZ3BFQ0F3RUFBYU5DTUVBd0RnWURWUjBQQVFIL0JBUURBZ0trTUE4R0ExVWRFd0VCCi93UUZNQU1CQWY4d0hRWURWUjBPQkJZRUZNLzN5eFAybjlWWG90TkRvZFRNVkpJOUNjVWJNQTBHQ1NxR1NJYjMKRFFFQkN3VUFBNElCQVFCZ2cxZExDZytYenJaN1R6cnR4ZzgxT0tKdkNiOEcxVzNQcXZFVUpRam1aektVNkdTQwpHdmhWT2JCRkZTUkpBTEZlcXhyTFFWb0tkWFhQbXdYMDgrN254SVBudTIzQUJIaGd6ZFpjSmYwTGNwdkFvZzBBCmdsWS85SC9QYWhoMWd4SERESklLeVpsK2lXUmIyMHg3M2hCNFY3Q29kdi81dzlKbzZvSGNGNlBWUDFlT1p6QTMKTGxtdU1FUzdtckxKQjRDeHJwOXVPc0QyTm1QU0k5WHVrSGNkdFo2TFNMOXZsWWhhR01tNGtRSXZaRmhjeVo4cgpuTUhHeXcyK244MXhzOFAwckdFZkFHRlJmblc3dWlqZkZBUCtONzFnbVB2MVdBdXpsK1ZRQWE0dFJrYk9Ba0lEClZVUjlEWHV6T0FOT1A5UG9VbWtQN2p5dGJtQ3BDS0dTWDd3eAotLS0tLUVORCBDRVJUSUZJQ0FURS0tLS0tCg==\r\n    server: https://BC2B96EACB72D2900DD59A8AB02F69F8.gr7.us-east-1.eks.amazonaws.com\r\ncontexts:\r\n- name: terraform\r\n  context:\r\n    cluster: aakash-test-player-prod\r\n    user: terraform\r\nusers:\r\n- name: terraform\r\n  user:\r\n    token: k8s-aws-v1.aHR0cHM6Ly9zdHMuYW1hem9uYXdzLmNvbS8_QWN0aW9uPUdldENhbGxlcklkZW50aXR5JlZlcnNpb249MjAxMS0wNi0xNSZYLUFtei1BbGdvcml0aG09QVdTNC1ITUFDLVNIQTI1NiZYLUFtei1DcmVkZW50aWFsPUFLSUFRTEZLNTZKRlc0WDNTQ1VGJTJGMjAyMTA5MTYlMkZ1cy1lYXN0LTElMkZzdHMlMkZhd3M0X3JlcXVlc3QmWC1BbXotRGF0ZT0yMDIxMDkxNlQwNjIxMzdaJlgtQW16LUV4cGlyZXM9MCZYLUFtei1TaWduZWRIZWFkZXJzPWhvc3QlM0J4LWs4cy1hd3MtaWQmWC1BbXotU2lnbmF0dXJlPTIyMzlmYzVmMWRkYWUyOTFjNjc0YWRmZTE2MTIzMWM2ZDNhYmM4MGMzODkwMjgyM2E0YTU3NjlkZTcyYWQ2NmY\r\n",
            "vars": null
          },
          "sensitive_attributes": [
            [
              {
                "type": "get_attr",
                "value": "template"
              }
            ]
          ]
        }
      ]
    },
    {
      "module": "module.albc",
      "mode": "managed",
      "type": "aws_iam_policy",
      "name": "this",
      "provider": "provider[\"registry.terraform.io/hashicorp/aws\"]",
      "instances": [
        {
          "schema_version": 0,
          "attributes": {
            "arn": "arn:aws:iam::023980798539:policy/k8s-aakash-test-player-prod-alb-management",
            "description": "Permissions that are required to manage AWS Application Load Balancers.",
            "id": "arn:aws:iam::023980798539:policy/k8s-aakash-test-player-prod-alb-management",
            "name": "k8s-aakash-test-player-prod-alb-management",
            "name_prefix": null,
            "path": "/",
            "policy": "{\r\n  \"Version\": \"2012-10-17\",\r\n  \"Statement\": [\r\n    {\r\n      \"Effect\": \"Allow\",\r\n      \"Action\": [\r\n        \"iam:CreateServiceLinkedRole\",\r\n        \"ec2:DescribeAccountAttributes\",\r\n        \"ec2:DescribeAddresses\",\r\n        \"ec2:DescribeAvailabilityZones\",\r\n        \"ec2:DescribeInternetGateways\",\r\n        \"ec2:DescribeVpcs\",\r\n        \"ec2:DescribeSubnets\",\r\n        \"ec2:DescribeSecurityGroups\",\r\n        \"ec2:DescribeInstances\",\r\n        \"ec2:DescribeNetworkInterfaces\",\r\n        \"ec2:DescribeTags\",\r\n        \"ec2:GetCoipPoolUsage\",\r\n        \"ec2:DescribeCoipPools\",\r\n        \"elasticloadbalancing:DescribeLoadBalancers\",\r\n        \"elasticloadbalancing:DescribeLoadBalancerAttributes\",\r\n        \"elasticloadbalancing:DescribeListeners\",\r\n        \"elasticloadbalancing:DescribeListenerCertificates\",\r\n        \"elasticloadbalancing:DescribeSSLPolicies\",\r\n        \"elasticloadbalancing:DescribeRules\",\r\n        \"elasticloadbalancing:DescribeTargetGroups\",\r\n        \"elasticloadbalancing:DescribeTargetGroupAttributes\",\r\n        \"elasticloadbalancing:DescribeTargetHealth\",\r\n        \"elasticloadbalancing:DescribeTags\"\r\n      ],\r\n      \"Resource\": \"*\"\r\n    },\r\n    {\r\n      \"Effect\": \"Allow\",\r\n      \"Action\": [\r\n        \"cognito-idp:DescribeUserPoolClient\",\r\n        \"acm:ListCertificates\",\r\n        \"acm:DescribeCertificate\",\r\n        \"iam:ListServerCertificates\",\r\n        \"iam:GetServerCertificate\",\r\n        \"waf-regional:GetWebACL\",\r\n        \"waf-regional:GetWebACLForResource\",\r\n        \"waf-regional:AssociateWebACL\",\r\n        \"waf-regional:DisassociateWebACL\",\r\n        \"wafv2:GetWebACL\",\r\n        \"wafv2:GetWebACLForResource\",\r\n        \"wafv2:AssociateWebACL\",\r\n        \"wafv2:DisassociateWebACL\",\r\n        \"shield:GetSubscriptionState\",\r\n        \"shield:DescribeProtection\",\r\n        \"shield:CreateProtection\",\r\n        \"shield:DeleteProtection\"\r\n      ],\r\n      \"Resource\": \"*\"\r\n    },\r\n    {\r\n      \"Effect\": \"Allow\",\r\n      \"Action\": [\r\n        \"ec2:AuthorizeSecurityGroupIngress\",\r\n        \"ec2:RevokeSecurityGroupIngress\"\r\n      ],\r\n      \"Resource\": \"*\"\r\n    },\r\n    {\r\n      \"Effect\": \"Allow\",\r\n      \"Action\": [\r\n        \"ec2:CreateSecurityGroup\"\r\n      ],\r\n      \"Resource\": \"*\"\r\n    },\r\n    {\r\n      \"Effect\": \"Allow\",\r\n      \"Action\": [\r\n        \"ec2:CreateTags\"\r\n      ],\r\n      \"Resource\": \"arn:aws:ec2:*:*:security-group/*\",\r\n      \"Condition\": {\r\n        \"StringEquals\": {\r\n          \"ec2:CreateAction\": \"CreateSecurityGroup\"\r\n        },\r\n        \"Null\": {\r\n          \"aws:RequestTag/elbv2.k8s.aws/cluster\": \"false\"\r\n        }\r\n      }\r\n    },\r\n    {\r\n      \"Effect\": \"Allow\",\r\n      \"Action\": [\r\n        \"ec2:CreateTags\",\r\n        \"ec2:DeleteTags\"\r\n      ],\r\n      \"Resource\": \"arn:aws:ec2:*:*:security-group/*\",\r\n      \"Condition\": {\r\n        \"Null\": {\r\n          \"aws:RequestTag/elbv2.k8s.aws/cluster\": \"true\",\r\n          \"aws:ResourceTag/elbv2.k8s.aws/cluster\": \"false\"\r\n        }\r\n      }\r\n    },\r\n    {\r\n      \"Effect\": \"Allow\",\r\n      \"Action\": [\r\n        \"ec2:AuthorizeSecurityGroupIngress\",\r\n        \"ec2:RevokeSecurityGroupIngress\",\r\n        \"ec2:DeleteSecurityGroup\"\r\n      ],\r\n      \"Resource\": \"*\",\r\n      \"Condition\": {\r\n        \"Null\": {\r\n          \"aws:ResourceTag/elbv2.k8s.aws/cluster\": \"false\"\r\n        }\r\n      }\r\n    },\r\n    {\r\n      \"Effect\": \"Allow\",\r\n      \"Action\": [\r\n        \"elasticloadbalancing:CreateLoadBalancer\",\r\n        \"elasticloadbalancing:CreateTargetGroup\"\r\n      ],\r\n      \"Resource\": \"*\",\r\n      \"Condition\": {\r\n        \"Null\": {\r\n          \"aws:RequestTag/elbv2.k8s.aws/cluster\": \"false\"\r\n        }\r\n      }\r\n    },\r\n    {\r\n      \"Effect\": \"Allow\",\r\n      \"Action\": [\r\n        \"elasticloadbalancing:CreateListener\",\r\n        \"elasticloadbalancing:DeleteListener\",\r\n        \"elasticloadbalancing:CreateRule\",\r\n        \"elasticloadbalancing:DeleteRule\"\r\n      ],\r\n      \"Resource\": \"*\"\r\n    },\r\n    {\r\n      \"Effect\": \"Allow\",\r\n      \"Action\": [\r\n        \"elasticloadbalancing:AddTags\",\r\n        \"elasticloadbalancing:RemoveTags\"\r\n      ],\r\n      \"Resource\": [\r\n        \"arn:aws:elasticloadbalancing:*:*:targetgroup/*/*\",\r\n        \"arn:aws:elasticloadbalancing:*:*:loadbalancer/net/*/*\",\r\n        \"arn:aws:elasticloadbalancing:*:*:loadbalancer/app/*/*\"\r\n      ],\r\n      \"Condition\": {\r\n        \"Null\": {\r\n          \"aws:RequestTag/elbv2.k8s.aws/cluster\": \"true\",\r\n          \"aws:ResourceTag/elbv2.k8s.aws/cluster\": \"false\"\r\n        }\r\n      }\r\n    },\r\n    {\r\n      \"Effect\": \"Allow\",\r\n      \"Action\": [\r\n        \"elasticloadbalancing:AddTags\",\r\n        \"elasticloadbalancing:RemoveTags\"\r\n      ],\r\n      \"Resource\": [\r\n        \"arn:aws:elasticloadbalancing:*:*:listener/net/*/*/*\",\r\n        \"arn:aws:elasticloadbalancing:*:*:listener/app/*/*/*\",\r\n        \"arn:aws:elasticloadbalancing:*:*:listener-rule/net/*/*/*\",\r\n        \"arn:aws:elasticloadbalancing:*:*:listener-rule/app/*/*/*\"\r\n      ]\r\n    },\r\n    {\r\n      \"Effect\": \"Allow\",\r\n      \"Action\": [\r\n        \"elasticloadbalancing:ModifyLoadBalancerAttributes\",\r\n        \"elasticloadbalancing:SetIpAddressType\",\r\n        \"elasticloadbalancing:SetSecurityGroups\",\r\n        \"elasticloadbalancing:SetSubnets\",\r\n        \"elasticloadbalancing:DeleteLoadBalancer\",\r\n        \"elasticloadbalancing:ModifyTargetGroup\",\r\n        \"elasticloadbalancing:ModifyTargetGroupAttributes\",\r\n        \"elasticloadbalancing:DeleteTargetGroup\"\r\n      ],\r\n      \"Resource\": \"*\",\r\n      \"Condition\": {\r\n        \"Null\": {\r\n          \"aws:ResourceTag/elbv2.k8s.aws/cluster\": \"false\"\r\n        }\r\n      }\r\n    },\r\n    {\r\n      \"Effect\": \"Allow\",\r\n      \"Action\": [\r\n        \"elasticloadbalancing:RegisterTargets\",\r\n        \"elasticloadbalancing:DeregisterTargets\"\r\n      ],\r\n      \"Resource\": \"arn:aws:elasticloadbalancing:*:*:targetgroup/*/*\"\r\n    },\r\n    {\r\n      \"Effect\": \"Allow\",\r\n      \"Action\": [\r\n        \"elasticloadbalancing:SetWebAcl\",\r\n        \"elasticloadbalancing:ModifyListener\",\r\n        \"elasticloadbalancing:AddListenerCertificates\",\r\n        \"elasticloadbalancing:RemoveListenerCertificates\",\r\n        \"elasticloadbalancing:ModifyRule\"\r\n      ],\r\n      \"Resource\": \"*\"\r\n    }\r\n  ]\r\n}\r\n",
            "policy_id": "ANPAQLFK56JF2RCNC7ULH",
            "tags": {},
            "tags_all": {}
          },
          "sensitive_attributes": [],
          "private": "bnVsbA=="
        }
      ]
    },
    {
      "module": "module.albc",
      "mode": "managed",
      "type": "aws_iam_role",
      "name": "this",
      "provider": "provider[\"registry.terraform.io/hashicorp/aws\"]",
      "instances": [
        {
          "schema_version": 0,
          "attributes": {
            "arn": "arn:aws:iam::023980798539:role/k8s-aakash-test-player-prod-aws-load-balancer-controller",
            "assume_role_policy": "{\"Version\":\"2012-10-17\",\"Statement\":[{\"Sid\":\"\",\"Effect\":\"Allow\",\"Principal\":{\"Federated\":\"arn:aws:iam::023980798539:oidc-provider/oidc.eks.us-east-1.amazonaws.com/id/BC2B96EACB72D2900DD59A8AB02F69F8\"},\"Action\":\"sts:AssumeRoleWithWebIdentity\",\"Condition\":{\"StringEquals\":{\"oidc.eks.us-east-1.amazonaws.com/id/BC2B96EACB72D2900DD59A8AB02F69F8:sub\":\"system:serviceaccount:default:aws-load-balancer-controller\"}}}]}",
            "create_date": "2021-09-16T06:10:34Z",
            "description": "Permissions required by the Kubernetes AWS Load Balancer controller to do its job.",
            "force_detach_policies": true,
            "id": "k8s-aakash-test-player-prod-aws-load-balancer-controller",
            "inline_policy": [
              {
                "name": "",
                "policy": ""
              }
            ],
            "managed_policy_arns": [
              "arn:aws:iam::023980798539:policy/k8s-aakash-test-player-prod-alb-management"
            ],
            "max_session_duration": 3600,
            "name": "k8s-aakash-test-player-prod-aws-load-balancer-controller",
            "name_prefix": null,
            "path": "/",
            "permissions_boundary": null,
            "tags": {},
            "tags_all": {},
            "unique_id": "AROAQLFK56JFSJNTYTRWZ"
          },
          "sensitive_attributes": [],
          "private": "bnVsbA==",
          "dependencies": [
            "module.eks.aws_iam_role.eks_cluster_role",
            "module.eks.aws_iam_role_policy_attachment.AmazonEKSClusterPolicy",
            "module.eks.aws_iam_role_policy_attachment.AmazonEKSWorkerNodePolicy",
            "module.eks.aws_iam_role_policy_attachment.AmazonEKS_CNI_Policy",
            "module.eks.kubernetes_namespace.aws_observability",
            "module.albc.data.aws_caller_identity.current",
            "module.albc.data.aws_iam_policy_document.ec2_assume_role",
            "module.eks.aws_iam_policy.AmazonEKSClusterCloudWatchMetricsPolicy",
            "module.vpc.aws_vpc.main",
            "module.eks.kubernetes_config_map.aws_logging",
            "module.eks.kubernetes_deployment.dev",
            "module.eks.kubernetes_horizontal_pod_autoscaler.scaler",
            "module.vpc.aws_subnet.public",
            "module.eks.aws_iam_role.eks_node_group_role",
            "module.eks.aws_iam_role_policy_attachment.AmazonEC2ContainerRegistryReadOnly",
            "module.eks.data.aws_iam_policy_document.aws_fargate_logging_policy",
            "module.eks.aws_eks_node_group.main",
            "module.eks.kubernetes_service.dev",
            "module.albc.data.aws_iam_policy_document.eks_oidc_assume_role",
            "module.eks.data.tls_certificate.auth",
            "module.eks.aws_iam_role_policy_attachment.AmazonEKSServicePolicy",
            "module.eks.data.aws_eks_cluster_auth.cluster",
            "module.eks.kubernetes_namespace.stage",
            "module.eks.aws_iam_policy.AmazonEKSClusterNLBPolicy",
            "module.eks.aws_iam_policy.aws_fargate_logging_policy",
            "module.eks.aws_iam_role_policy_attachment.AmazonEKSCloudWatchMetricsPolicy",
            "module.eks.data.aws_eks_cluster.cluster",
            "module.eks.data.template_file.kubeconfig",
            "module.eks.kubernetes_deployment.nginx",
            "module.eks.kubernetes_namespace.dev",
            "module.vpc.aws_subnet.private",
            "module.albc.data.aws_eks_cluster.selected",
            "module.eks.aws_eks_cluster.main",
            "module.eks.aws_eks_fargate_profile.main",
            "module.eks.aws_iam_role_policy_attachment.AmazonEKSFargatePodExecutionRolePolicy",
            "module.eks.aws_iam_openid_connect_provider.main",
            "module.eks.aws_iam_role.fargate_pod_execution_role",
            "module.eks.aws_iam_role_policy_attachment.AmazonEKSCluserNLBPolicy",
            "module.eks.aws_iam_role_policy_attachment.aws_fargate_logging_policy_attach_role",
            "module.eks.kubernetes_namespace.qa",
            "module.eks.local_file.kubeconfig"
          ]
        }
      ]
    },
    {
      "module": "module.albc",
      "mode": "managed",
      "type": "aws_iam_role_policy_attachment",
      "name": "this",
      "provider": "provider[\"registry.terraform.io/hashicorp/aws\"]",
      "instances": [
        {
          "schema_version": 0,
          "attributes": {
            "id": "k8s-aakash-test-player-prod-aws-load-balancer-controller-20210916061037874600000001",
            "policy_arn": "arn:aws:iam::023980798539:policy/k8s-aakash-test-player-prod-alb-management",
            "role": "k8s-aakash-test-player-prod-aws-load-balancer-controller"
          },
          "sensitive_attributes": [],
          "private": "bnVsbA==",
          "dependencies": [
            "module.albc.aws_iam_role.this",
            "module.albc.data.aws_caller_identity.current",
            "module.eks.aws_eks_cluster.main",
            "module.eks.aws_iam_role_policy_attachment.AmazonEKSClusterPolicy",
            "module.vpc.aws_vpc.main",
            "module.eks.aws_eks_fargate_profile.main",
            "module.eks.aws_iam_openid_connect_provider.main",
            "module.eks.aws_iam_role_policy_attachment.AmazonEKSServicePolicy",
            "module.eks.data.aws_eks_cluster.cluster",
            "module.eks.kubernetes_deployment.nginx",
            "module.eks.kubernetes_namespace.aws_observability",
            "module.vpc.aws_subnet.private",
            "module.albc.data.aws_iam_policy_document.eks_oidc_assume_role",
            "module.eks.aws_iam_role.fargate_pod_execution_role",
            "module.eks.aws_iam_role_policy_attachment.AmazonEC2ContainerRegistryReadOnly",
            "module.eks.kubernetes_horizontal_pod_autoscaler.scaler",
            "module.eks.kubernetes_service.dev",
            "module.eks.aws_iam_policy.AmazonEKSClusterCloudWatchMetricsPolicy",
            "module.eks.aws_iam_policy.aws_fargate_logging_policy",
            "module.eks.aws_iam_role_policy_attachment.AmazonEKSCluserNLBPolicy",
            "module.eks.aws_iam_role_policy_attachment.aws_fargate_logging_policy_attach_role",
            "module.eks.data.tls_certificate.auth",
            "module.eks.kubernetes_deployment.dev",
            "module.eks.kubernetes_namespace.stage",
            "module.eks.aws_eks_node_group.main",
            "module.eks.aws_iam_role_policy_attachment.AmazonEKSCloudWatchMetricsPolicy",
            "module.eks.aws_iam_role_policy_attachment.AmazonEKSFargatePodExecutionRolePolicy",
            "module.eks.data.template_file.kubeconfig",
            "module.eks.kubernetes_config_map.aws_logging",
            "module.eks.kubernetes_namespace.qa",
            "module.eks.local_file.kubeconfig",
            "module.albc.aws_iam_policy.this",
            "module.albc.data.aws_eks_cluster.selected",
            "module.albc.data.aws_iam_policy_document.ec2_assume_role",
            "module.eks.aws_iam_role.eks_cluster_role",
            "module.eks.aws_iam_role_policy_attachment.AmazonEKS_CNI_Policy",
            "module.eks.data.aws_iam_policy_document.aws_fargate_logging_policy",
            "module.eks.kubernetes_namespace.dev",
            "module.eks.aws_iam_policy.AmazonEKSClusterNLBPolicy",
            "module.eks.aws_iam_role.eks_node_group_role",
            "module.eks.aws_iam_role_policy_attachment.AmazonEKSWorkerNodePolicy",
            "module.eks.data.aws_eks_cluster_auth.cluster",
            "module.vpc.aws_subnet.public"
          ]
        }
      ]
    },
    {
      "module": "module.albc",
      "mode": "managed",
      "type": "kubernetes_cluster_role",
      "name": "this",
      "provider": "provider[\"registry.terraform.io/hashicorp/kubernetes\"]",
      "instances": [
        {
          "schema_version": 0,
          "attributes": {
            "aggregation_rule": [],
            "id": "aws-load-balancer-controller",
            "metadata": [
              {
                "annotations": {},
                "generation": 0,
                "labels": {
                  "app.kubernetes.io/managed-by": "terraform",
                  "app.kubernetes.io/name": "aws-load-balancer-controller"
                },
                "name": "aws-load-balancer-controller",
                "resource_version": "5326",
                "self_link": "",
                "uid": "2041356d-8049-4a53-ab49-b18931673ef6"
              }
            ],
            "rule": [
              {
                "api_groups": [
                  "",
                  "extensions"
                ],
                "non_resource_urls": [],
                "resource_names": [],
                "resources": [
                  "configmaps",
                  "endpoints",
                  "events",
                  "ingresses",
                  "ingresses/status",
                  "services"
                ],
                "verbs": [
                  "create",
                  "get",
                  "list",
                  "update",
                  "watch",
                  "patch"
                ]
              },
              {
                "api_groups": [
                  "",
                  "extensions"
                ],
                "non_resource_urls": [],
                "resource_names": [],
                "resources": [
                  "nodes",
                  "pods",
                  "secrets",
                  "services",
                  "namespaces"
                ],
                "verbs": [
                  "get",
                  "list",
                  "watch"
                ]
              }
            ]
          },
          "sensitive_attributes": [],
          "private": "bnVsbA==",
          "dependencies": [
            "module.eks.aws_iam_role.eks_node_group_role",
            "module.eks.aws_iam_role_policy_attachment.AmazonEKSServicePolicy",
            "module.eks.data.tls_certificate.auth",
            "module.eks.kubernetes_deployment.dev",
            "module.eks.aws_eks_cluster.main",
            "module.eks.aws_iam_openid_connect_provider.main",
            "module.eks.aws_iam_role.eks_cluster_role",
            "module.eks.aws_iam_role_policy_attachment.AmazonEKSCluserNLBPolicy",
            "module.eks.kubernetes_namespace.stage",
            "module.vpc.aws_subnet.public",
            "module.eks.kubernetes_horizontal_pod_autoscaler.scaler",
            "module.eks.kubernetes_service.dev",
            "module.eks.local_file.kubeconfig",
            "module.eks.aws_eks_fargate_profile.main",
            "module.eks.aws_iam_role_policy_attachment.AmazonEKS_CNI_Policy",
            "module.eks.kubernetes_deployment.nginx",
            "module.eks.data.aws_eks_cluster.cluster",
            "module.eks.data.template_file.kubeconfig",
            "module.eks.kubernetes_namespace.dev",
            "module.vpc.aws_vpc.main",
            "module.eks.aws_iam_policy.aws_fargate_logging_policy",
            "module.eks.aws_iam_role.fargate_pod_execution_role",
            "module.eks.aws_iam_role_policy_attachment.AmazonEKSFargatePodExecutionRolePolicy",
            "module.eks.aws_iam_role_policy_attachment.AmazonEKSCloudWatchMetricsPolicy",
            "module.eks.kubernetes_namespace.aws_observability",
            "module.eks.aws_iam_policy.AmazonEKSClusterNLBPolicy",
            "module.eks.aws_iam_role_policy_attachment.AmazonEC2ContainerRegistryReadOnly",
            "module.eks.data.aws_iam_policy_document.aws_fargate_logging_policy",
            "module.vpc.aws_subnet.private",
            "module.eks.aws_eks_node_group.main",
            "module.eks.aws_iam_policy.AmazonEKSClusterCloudWatchMetricsPolicy",
            "module.eks.aws_iam_role_policy_attachment.AmazonEKSWorkerNodePolicy",
            "module.eks.kubernetes_config_map.aws_logging",
            "module.eks.kubernetes_namespace.qa",
            "module.eks.aws_iam_role_policy_attachment.AmazonEKSClusterPolicy",
            "module.eks.aws_iam_role_policy_attachment.aws_fargate_logging_policy_attach_role",
            "module.eks.data.aws_eks_cluster_auth.cluster"
          ]
        }
      ]
    },
    {
      "module": "module.albc",
      "mode": "managed",
      "type": "kubernetes_cluster_role_binding",
      "name": "this",
      "provider": "provider[\"registry.terraform.io/hashicorp/kubernetes\"]",
      "instances": [
        {
          "schema_version": 0,
          "attributes": {
            "id": "aws-load-balancer-controller",
            "metadata": [
              {
                "annotations": {},
                "generation": 0,
                "labels": {
                  "app.kubernetes.io/managed-by": "terraform",
                  "app.kubernetes.io/name": "aws-load-balancer-controller"
                },
                "name": "aws-load-balancer-controller",
                "resource_version": "5349",
                "self_link": "",
                "uid": "b0e3f141-b887-4c21-9a98-d3e57d034c40"
              }
            ],
            "role_ref": [
              {
                "api_group": "rbac.authorization.k8s.io",
                "kind": "ClusterRole",
                "name": "aws-load-balancer-controller"
              }
            ],
            "subject": [
              {
                "api_group": "",
                "kind": "ServiceAccount",
                "name": "aws-load-balancer-controller",
                "namespace": "default"
              }
            ]
          },
          "sensitive_attributes": [],
          "private": "bnVsbA==",
          "dependencies": [
            "module.eks.kubernetes_horizontal_pod_autoscaler.scaler",
            "module.albc.data.aws_caller_identity.current",
            "module.eks.aws_iam_policy.AmazonEKSClusterNLBPolicy",
            "module.eks.aws_iam_role.eks_cluster_role",
            "module.eks.aws_iam_role_policy_attachment.AmazonEKSCluserNLBPolicy",
            "module.eks.data.aws_eks_cluster_auth.cluster",
            "module.eks.kubernetes_namespace.stage",
            "module.albc.data.aws_iam_policy_document.ec2_assume_role",
            "module.albc.kubernetes_cluster_role.this",
            "module.eks.aws_iam_openid_connect_provider.main",
            "module.eks.aws_iam_role_policy_attachment.aws_fargate_logging_policy_attach_role",
            "module.eks.kubernetes_deployment.dev",
            "module.albc.aws_iam_role.this",
            "module.eks.aws_iam_role_policy_attachment.AmazonEKSCloudWatchMetricsPolicy",
            "module.eks.kubernetes_service.dev",
            "module.eks.aws_iam_role_policy_attachment.AmazonEKS_CNI_Policy",
            "module.eks.kubernetes_deployment.nginx",
            "module.vpc.aws_subnet.private",
            "module.vpc.aws_subnet.public",
            "module.albc.kubernetes_service_account.this",
            "module.eks.aws_eks_cluster.main",
            "module.eks.data.aws_eks_cluster.cluster",
            "module.eks.data.template_file.kubeconfig",
            "module.eks.kubernetes_namespace.qa",
            "module.eks.aws_eks_fargate_profile.main",
            "module.eks.aws_iam_policy.AmazonEKSClusterCloudWatchMetricsPolicy",
            "module.eks.aws_iam_role_policy_attachment.AmazonEKSClusterPolicy",
            "module.eks.kubernetes_config_map.aws_logging",
            "module.eks.data.tls_certificate.auth",
            "module.eks.kubernetes_namespace.aws_observability",
            "module.eks.local_file.kubeconfig",
            "module.albc.data.aws_iam_policy_document.eks_oidc_assume_role",
            "module.eks.aws_eks_node_group.main",
            "module.eks.aws_iam_role_policy_attachment.AmazonEC2ContainerRegistryReadOnly",
            "module.eks.aws_iam_role_policy_attachment.AmazonEKSWorkerNodePolicy",
            "module.eks.data.aws_iam_policy_document.aws_fargate_logging_policy",
            "module.vpc.aws_vpc.main",
            "module.eks.aws_iam_role_policy_attachment.AmazonEKSServicePolicy",
            "module.eks.kubernetes_namespace.dev",
            "module.albc.data.aws_eks_cluster.selected",
            "module.eks.aws_iam_policy.aws_fargate_logging_policy",
            "module.eks.aws_iam_role.eks_node_group_role",
            "module.eks.aws_iam_role.fargate_pod_execution_role",
            "module.eks.aws_iam_role_policy_attachment.AmazonEKSFargatePodExecutionRolePolicy"
          ]
        }
      ]
    },
    {
      "module": "module.albc",
      "mode": "managed",
      "type": "kubernetes_service_account",
      "name": "this",
      "provider": "provider[\"registry.terraform.io/hashicorp/kubernetes\"]",
      "instances": [
        {
          "schema_version": 0,
          "attributes": {
            "automount_service_account_token": true,
            "default_secret_name": "aws-load-balancer-controller-token-wm92g",
            "id": "default/aws-load-balancer-controller",
            "image_pull_secret": [],
            "metadata": [
              {
                "annotations": {
                  "eks.amazonaws.com/role-arn": "arn:aws:iam::023980798539:role/k8s-aakash-test-player-prod-aws-load-balancer-controller"
                },
                "generate_name": "",
                "generation": 0,
                "labels": {
                  "app.kubernetes.io/component": "controller",
                  "app.kubernetes.io/managed-by": "terraform",
                  "app.kubernetes.io/name": "aws-load-balancer-controller"
                },
                "name": "aws-load-balancer-controller",
                "namespace": "default",
                "resource_version": "5344",
                "self_link": "",
                "uid": "c9273c85-b009-437f-a16e-eac25fd2e457"
              }
            ],
            "secret": [],
            "timeouts": null
          },
          "sensitive_attributes": [],
          "private": "eyJlMmJmYjczMC1lY2FhLTExZTYtOGY4OC0zNDM2M2JjN2M0YzAiOnsiY3JlYXRlIjozMDAwMDAwMDAwMH19",
          "dependencies": [
            "module.eks.aws_iam_policy.AmazonEKSClusterNLBPolicy",
            "module.eks.aws_iam_policy.aws_fargate_logging_policy",
            "module.eks.aws_iam_role.fargate_pod_execution_role",
            "module.eks.aws_iam_role_policy_attachment.AmazonEKSClusterPolicy",
            "module.eks.kubernetes_namespace.qa",
            "module.eks.local_file.kubeconfig",
            "module.eks.aws_iam_policy.AmazonEKSClusterCloudWatchMetricsPolicy",
            "module.eks.aws_iam_role_policy_attachment.AmazonEC2ContainerRegistryReadOnly",
            "module.eks.kubernetes_service.dev",
            "module.eks.aws_iam_role_policy_attachment.AmazonEKSFargatePodExecutionRolePolicy",
            "module.eks.data.aws_eks_cluster.cluster",
            "module.eks.data.template_file.kubeconfig",
            "module.eks.kubernetes_deployment.nginx",
            "module.albc.aws_iam_role.this",
            "module.albc.data.aws_iam_policy_document.ec2_assume_role",
            "module.eks.aws_iam_openid_connect_provider.main",
            "module.eks.aws_iam_role_policy_attachment.aws_fargate_logging_policy_attach_role",
            "module.vpc.aws_subnet.private",
            "module.albc.data.aws_caller_identity.current",
            "module.albc.data.aws_eks_cluster.selected",
            "module.albc.data.aws_iam_policy_document.eks_oidc_assume_role",
            "module.eks.aws_eks_fargate_profile.main",
            "module.eks.aws_iam_role_policy_attachment.AmazonEKSCluserNLBPolicy",
            "module.eks.kubernetes_deployment.dev",
            "module.eks.kubernetes_namespace.dev",
            "module.eks.kubernetes_namespace.stage",
            "module.eks.aws_iam_role.eks_cluster_role",
            "module.eks.aws_iam_role.eks_node_group_role",
            "module.eks.aws_iam_role_policy_attachment.AmazonEKSCloudWatchMetricsPolicy",
            "module.eks.aws_iam_role_policy_attachment.AmazonEKSWorkerNodePolicy",
            "module.eks.data.tls_certificate.auth",
            "module.eks.kubernetes_namespace.aws_observability",
            "module.vpc.aws_vpc.main",
            "module.eks.aws_eks_cluster.main",
            "module.eks.aws_eks_node_group.main",
            "module.eks.aws_iam_role_policy_attachment.AmazonEKSServicePolicy",
            "module.eks.aws_iam_role_policy_attachment.AmazonEKS_CNI_Policy",
            "module.eks.data.aws_eks_cluster_auth.cluster",
            "module.eks.kubernetes_config_map.aws_logging",
            "module.eks.data.aws_iam_policy_document.aws_fargate_logging_policy",
            "module.eks.kubernetes_horizontal_pod_autoscaler.scaler",
            "module.vpc.aws_subnet.public"
          ]
        }
      ]
    },
    {
      "module": "module.api_gateway",
      "mode": "managed",
      "type": "aws_api_gateway_deployment",
      "name": "classes_get",
      "provider": "provider[\"registry.terraform.io/hashicorp/aws\"]",
      "instances": [
        {
          "schema_version": 0,
          "attributes": {
            "created_date": "2021-09-16T05:44:47Z",
            "description": "",
            "execution_arn": "arn:aws:execute-api:us-east-1:023980798539:rci5y01vrb/",
            "id": "rpdsr8",
            "invoke_url": "https://rci5y01vrb.execute-api.us-east-1.amazonaws.com/",
            "rest_api_id": "rci5y01vrb",
            "stage_description": null,
            "stage_name": null,
            "triggers": {
              "redeployment": "58d7c273769571b5f7f83c758420910eacb30556"
            },
            "variables": null
          },
          "sensitive_attributes": [],
          "private": "bnVsbA==",
          "dependencies": [
            "module.api_gateway.aws_api_gateway_integration.classes_get",
            "module.api_gateway.aws_api_gateway_method.classes_get",
            "module.api_gateway.aws_api_gateway_resource.classes",
            "module.api_gateway.aws_api_gateway_resource.node",
            "module.api_gateway.aws_api_gateway_rest_api.api"
          ],
          "create_before_destroy": true
        }
      ]
    },
    {
      "module": "module.api_gateway",
      "mode": "managed",
      "type": "aws_api_gateway_deployment",
      "name": "classes_options",
      "provider": "provider[\"registry.terraform.io/hashicorp/aws\"]",
      "instances": [
        {
          "schema_version": 0,
          "attributes": {
            "created_date": "2021-09-16T06:10:33Z",
            "description": "",
            "execution_arn": "arn:aws:execute-api:us-east-1:023980798539:rci5y01vrb/",
            "id": "zr69gz",
            "invoke_url": "https://rci5y01vrb.execute-api.us-east-1.amazonaws.com/",
            "rest_api_id": "rci5y01vrb",
            "stage_description": null,
            "stage_name": null,
            "triggers": {
              "redeployment": "4e4b199788e6c59d4a80c3ddd5c9994299f9167a"
            },
            "variables": null
          },
          "sensitive_attributes": [],
          "private": "bnVsbA==",
          "dependencies": [
            "module.api_gateway.aws_api_gateway_resource.classes",
            "module.api_gateway.aws_api_gateway_resource.node",
            "module.api_gateway.aws_api_gateway_rest_api.api",
            "module.api_gateway.aws_api_gateway_integration.classes_options",
            "module.api_gateway.aws_api_gateway_method.classes_options"
          ],
          "create_before_destroy": true
        }
      ]
    },
    {
      "module": "module.api_gateway",
      "mode": "managed",
      "type": "aws_api_gateway_deployment",
      "name": "get_api_options",
      "provider": "provider[\"registry.terraform.io/hashicorp/aws\"]",
      "instances": [
        {
          "schema_version": 0,
          "attributes": {
            "created_date": "2021-09-16T05:45:20Z",
            "description": "",
            "execution_arn": "arn:aws:execute-api:us-east-1:023980798539:rci5y01vrb/",
            "id": "9y6177",
            "invoke_url": "https://rci5y01vrb.execute-api.us-east-1.amazonaws.com/",
            "rest_api_id": "rci5y01vrb",
            "stage_description": null,
            "stage_name": null,
            "triggers": {
              "redeployment": "169bb5b87527572b2f2bcd73a7a459f1f2cb8e73"
            },
            "variables": null
          },
          "sensitive_attributes": [],
          "private": "bnVsbA==",
          "dependencies": [
            "module.api_gateway.aws_api_gateway_method.get_otp_options",
            "module.api_gateway.aws_api_gateway_resource.auth",
            "module.api_gateway.aws_api_gateway_resource.get_otp",
            "module.api_gateway.aws_api_gateway_resource.node",
            "module.api_gateway.aws_api_gateway_rest_api.api",
            "module.api_gateway.aws_api_gateway_integration.get_otp_options"
          ],
          "create_before_destroy": true
        }
      ]
    },
    {
      "module": "module.api_gateway",
      "mode": "managed",
      "type": "aws_api_gateway_deployment",
      "name": "get_otp_post",
      "provider": "provider[\"registry.terraform.io/hashicorp/aws\"]",
      "instances": [
        {
          "schema_version": 0,
          "attributes": {
            "created_date": "2021-09-16T05:44:53Z",
            "description": "",
            "execution_arn": "arn:aws:execute-api:us-east-1:023980798539:rci5y01vrb/",
            "id": "pz9ltj",
            "invoke_url": "https://rci5y01vrb.execute-api.us-east-1.amazonaws.com/",
            "rest_api_id": "rci5y01vrb",
            "stage_description": null,
            "stage_name": null,
            "triggers": {
              "redeployment": "932ada374c32563f47faa164e50f08350376588f"
            },
            "variables": null
          },
          "sensitive_attributes": [],
          "private": "bnVsbA==",
          "dependencies": [
            "module.api_gateway.aws_api_gateway_resource.node",
            "module.api_gateway.aws_api_gateway_rest_api.api",
            "module.api_gateway.aws_api_gateway_integration.get_otp_post",
            "module.api_gateway.aws_api_gateway_method.get_otp_post",
            "module.api_gateway.aws_api_gateway_resource.auth",
            "module.api_gateway.aws_api_gateway_resource.get_otp"
          ],
          "create_before_destroy": true
        }
      ]
    },
    {
      "module": "module.api_gateway",
      "mode": "managed",
      "type": "aws_api_gateway_deployment",
      "name": "register_post",
      "provider": "provider[\"registry.terraform.io/hashicorp/aws\"]",
      "instances": [
        {
          "schema_version": 0,
          "attributes": {
            "created_date": "2021-09-16T05:44:52Z",
            "description": "",
            "execution_arn": "arn:aws:execute-api:us-east-1:023980798539:rci5y01vrb/",
            "id": "jcojlh",
            "invoke_url": "https://rci5y01vrb.execute-api.us-east-1.amazonaws.com/",
            "rest_api_id": "rci5y01vrb",
            "stage_description": null,
            "stage_name": null,
            "triggers": {
              "redeployment": "96865dc379c7ca01859e810a15acae3aa289c11f"
            },
            "variables": null
          },
          "sensitive_attributes": [],
          "private": "bnVsbA==",
          "dependencies": [
            "module.api_gateway.aws_api_gateway_rest_api.api",
            "module.api_gateway.aws_api_gateway_integration.register_post",
            "module.api_gateway.aws_api_gateway_method.register_post",
            "module.api_gateway.aws_api_gateway_resource.auth",
            "module.api_gateway.aws_api_gateway_resource.node",
            "module.api_gateway.aws_api_gateway_resource.register"
          ],
          "create_before_destroy": true
        }
      ]
    },
    {
      "module": "module.api_gateway",
      "mode": "managed",
      "type": "aws_api_gateway_deployment",
      "name": "streams_get",
      "provider": "provider[\"registry.terraform.io/hashicorp/aws\"]",
      "instances": [
        {
          "schema_version": 0,
          "attributes": {
            "created_date": "2021-09-16T05:45:47Z",
            "description": "",
            "execution_arn": "arn:aws:execute-api:us-east-1:023980798539:rci5y01vrb/",
            "id": "53nvqv",
            "invoke_url": "https://rci5y01vrb.execute-api.us-east-1.amazonaws.com/",
            "rest_api_id": "rci5y01vrb",
            "stage_description": null,
            "stage_name": null,
            "triggers": {
              "redeployment": "8fdb675d5a0d919fab6654926351a92571ec904d"
            },
            "variables": null
          },
          "sensitive_attributes": [],
          "private": "bnVsbA==",
          "dependencies": [
            "module.api_gateway.aws_api_gateway_integration.streams_get",
            "module.api_gateway.aws_api_gateway_method.streams_get",
            "module.api_gateway.aws_api_gateway_resource.node",
            "module.api_gateway.aws_api_gateway_resource.streams",
            "module.api_gateway.aws_api_gateway_rest_api.api"
          ],
          "create_before_destroy": true
        }
      ]
    },
    {
      "module": "module.api_gateway",
      "mode": "managed",
      "type": "aws_api_gateway_deployment",
      "name": "streams_options",
      "provider": "provider[\"registry.terraform.io/hashicorp/aws\"]",
      "instances": [
        {
          "schema_version": 0,
          "attributes": {
            "created_date": "2021-09-16T05:45:13Z",
            "description": "",
            "execution_arn": "arn:aws:execute-api:us-east-1:023980798539:rci5y01vrb/",
            "id": "czyxp6",
            "invoke_url": "https://rci5y01vrb.execute-api.us-east-1.amazonaws.com/",
            "rest_api_id": "rci5y01vrb",
            "stage_description": null,
            "stage_name": null,
            "triggers": {
              "redeployment": "80d9aff89e81f0ed33f044bff7bb0e8f26eda3f8"
            },
            "variables": null
          },
          "sensitive_attributes": [],
          "private": "bnVsbA==",
          "dependencies": [
            "module.api_gateway.aws_api_gateway_rest_api.api",
            "module.api_gateway.aws_api_gateway_integration.streams_options",
            "module.api_gateway.aws_api_gateway_method.streams_options",
            "module.api_gateway.aws_api_gateway_resource.node",
            "module.api_gateway.aws_api_gateway_resource.streams"
          ],
          "create_before_destroy": true
        }
      ]
    },
    {
      "module": "module.api_gateway",
      "mode": "managed",
      "type": "aws_api_gateway_deployment",
      "name": "verify_otp_options",
      "provider": "provider[\"registry.terraform.io/hashicorp/aws\"]",
      "instances": [
        {
          "schema_version": 0,
          "attributes": {
            "created_date": "2021-09-16T05:44:52Z",
            "description": "",
            "execution_arn": "arn:aws:execute-api:us-east-1:023980798539:rci5y01vrb/",
            "id": "wkhv6y",
            "invoke_url": "https://rci5y01vrb.execute-api.us-east-1.amazonaws.com/",
            "rest_api_id": "rci5y01vrb",
            "stage_description": null,
            "stage_name": null,
            "triggers": {
              "redeployment": "e92e2fd9dcbabd4f4282edfe1aa7288d4468288c"
            },
            "variables": null
          },
          "sensitive_attributes": [],
          "private": "bnVsbA==",
          "dependencies": [
            "module.api_gateway.aws_api_gateway_integration.verify_otp_options",
            "module.api_gateway.aws_api_gateway_method.verify_otp_options",
            "module.api_gateway.aws_api_gateway_resource.auth",
            "module.api_gateway.aws_api_gateway_resource.node",
            "module.api_gateway.aws_api_gateway_resource.verify_otp",
            "module.api_gateway.aws_api_gateway_rest_api.api"
          ],
          "create_before_destroy": true
        }
      ]
    },
    {
      "module": "module.api_gateway",
      "mode": "managed",
      "type": "aws_api_gateway_deployment",
      "name": "verify_otp_post",
      "provider": "provider[\"registry.terraform.io/hashicorp/aws\"]",
      "instances": [
        {
          "schema_version": 0,
          "attributes": {
            "created_date": "2021-09-16T05:45:07Z",
            "description": "",
            "execution_arn": "arn:aws:execute-api:us-east-1:023980798539:rci5y01vrb/",
            "id": "b7fpo2",
            "invoke_url": "https://rci5y01vrb.execute-api.us-east-1.amazonaws.com/",
            "rest_api_id": "rci5y01vrb",
            "stage_description": null,
            "stage_name": null,
            "triggers": {
              "redeployment": "c67f2b49d1aae4f95a1bb4e375f4c2c3a684070a"
            },
            "variables": null
          },
          "sensitive_attributes": [],
          "private": "bnVsbA==",
          "dependencies": [
            "module.api_gateway.aws_api_gateway_integration.verify_otp_post",
            "module.api_gateway.aws_api_gateway_method.verify_otp_post",
            "module.api_gateway.aws_api_gateway_resource.auth",
            "module.api_gateway.aws_api_gateway_resource.node",
            "module.api_gateway.aws_api_gateway_resource.verify_otp",
            "module.api_gateway.aws_api_gateway_rest_api.api"
          ],
          "create_before_destroy": true
        }
      ]
    },
    {
      "module": "module.api_gateway",
      "mode": "managed",
      "type": "aws_api_gateway_integration",
      "name": "classes_get",
      "provider": "provider[\"registry.terraform.io/hashicorp/aws\"]",
      "instances": [
        {
          "schema_version": 0,
          "attributes": {
            "cache_key_parameters": [],
            "cache_namespace": "p3oh97",
            "connection_id": "",
            "connection_type": "INTERNET",
            "content_handling": "",
            "credentials": "",
            "http_method": "GET",
            "id": "agi-rci5y01vrb-p3oh97-GET",
            "integration_http_method": "",
            "passthrough_behavior": "WHEN_NO_MATCH",
            "request_parameters": {},
            "request_templates": {},
            "resource_id": "p3oh97",
            "rest_api_id": "rci5y01vrb",
            "timeout_milliseconds": 29000,
            "tls_config": [],
            "type": "MOCK",
            "uri": ""
          },
          "sensitive_attributes": [],
          "private": "bnVsbA==",
          "dependencies": [
            "module.api_gateway.aws_api_gateway_method.classes_get",
            "module.api_gateway.aws_api_gateway_resource.classes",
            "module.api_gateway.aws_api_gateway_resource.node",
            "module.api_gateway.aws_api_gateway_rest_api.api"
          ],
          "create_before_destroy": true
        }
      ]
    },
    {
      "module": "module.api_gateway",
      "mode": "managed",
      "type": "aws_api_gateway_integration",
      "name": "classes_options",
      "provider": "provider[\"registry.terraform.io/hashicorp/aws\"]",
      "instances": [
        {
          "schema_version": 0,
          "attributes": {
            "cache_key_parameters": [],
            "cache_namespace": "p3oh97",
            "connection_id": "",
            "connection_type": "INTERNET",
            "content_handling": "",
            "credentials": "",
            "http_method": "OPTIONS",
            "id": "agi-rci5y01vrb-p3oh97-OPTIONS",
            "integration_http_method": "",
            "passthrough_behavior": "WHEN_NO_MATCH",
            "request_parameters": {},
            "request_templates": {},
            "resource_id": "p3oh97",
            "rest_api_id": "rci5y01vrb",
            "timeout_milliseconds": 29000,
            "tls_config": [],
            "type": "MOCK",
            "uri": ""
          },
          "sensitive_attributes": [],
          "private": "bnVsbA==",
          "dependencies": [
            "module.api_gateway.aws_api_gateway_method.classes_options",
            "module.api_gateway.aws_api_gateway_resource.classes",
            "module.api_gateway.aws_api_gateway_resource.node",
            "module.api_gateway.aws_api_gateway_rest_api.api"
          ],
          "create_before_destroy": true
        }
      ]
    },
    {
      "module": "module.api_gateway",
      "mode": "managed",
      "type": "aws_api_gateway_integration",
      "name": "get_otp_options",
      "provider": "provider[\"registry.terraform.io/hashicorp/aws\"]",
      "instances": [
        {
          "schema_version": 0,
          "attributes": {
            "cache_key_parameters": [],
            "cache_namespace": "o8aqyx",
            "connection_id": "",
            "connection_type": "INTERNET",
            "content_handling": "",
            "credentials": "",
            "http_method": "OPTIONS",
            "id": "agi-rci5y01vrb-o8aqyx-OPTIONS",
            "integration_http_method": "",
            "passthrough_behavior": "WHEN_NO_MATCH",
            "request_parameters": {},
            "request_templates": {},
            "resource_id": "o8aqyx",
            "rest_api_id": "rci5y01vrb",
            "timeout_milliseconds": 29000,
            "tls_config": [],
            "type": "MOCK",
            "uri": ""
          },
          "sensitive_attributes": [],
          "private": "bnVsbA==",
          "dependencies": [
            "module.api_gateway.aws_api_gateway_rest_api.api",
            "module.api_gateway.aws_api_gateway_method.get_otp_options",
            "module.api_gateway.aws_api_gateway_resource.auth",
            "module.api_gateway.aws_api_gateway_resource.get_otp",
            "module.api_gateway.aws_api_gateway_resource.node"
          ],
          "create_before_destroy": true
        }
      ]
    },
    {
      "module": "module.api_gateway",
      "mode": "managed",
      "type": "aws_api_gateway_integration",
      "name": "get_otp_post",
      "provider": "provider[\"registry.terraform.io/hashicorp/aws\"]",
      "instances": [
        {
          "schema_version": 0,
          "attributes": {
            "cache_key_parameters": [],
            "cache_namespace": "o8aqyx",
            "connection_id": "",
            "connection_type": "INTERNET",
            "content_handling": "",
            "credentials": "",
            "http_method": "POST",
            "id": "agi-rci5y01vrb-o8aqyx-POST",
            "integration_http_method": "POST",
            "passthrough_behavior": "WHEN_NO_MATCH",
            "request_parameters": {},
            "request_templates": {},
            "resource_id": "o8aqyx",
            "rest_api_id": "rci5y01vrb",
            "timeout_milliseconds": 29000,
            "tls_config": [],
            "type": "HTTP_PROXY",
            "uri": "http://api.endpoint.com/proxy"
          },
          "sensitive_attributes": [],
          "private": "bnVsbA==",
          "dependencies": [
            "module.api_gateway.aws_api_gateway_resource.auth",
            "module.api_gateway.aws_api_gateway_resource.get_otp",
            "module.api_gateway.aws_api_gateway_resource.node",
            "module.api_gateway.aws_api_gateway_rest_api.api",
            "module.api_gateway.aws_api_gateway_method.get_otp_post"
          ],
          "create_before_destroy": true
        }
      ]
    },
    {
      "module": "module.api_gateway",
      "mode": "managed",
      "type": "aws_api_gateway_integration",
      "name": "proxy",
      "provider": "provider[\"registry.terraform.io/hashicorp/aws\"]",
      "instances": [
        {
          "schema_version": 0,
          "attributes": {
            "cache_key_parameters": [],
            "cache_namespace": "8vimo5",
            "connection_id": "",
            "connection_type": "INTERNET",
            "content_handling": "",
            "credentials": "",
            "http_method": "ANY",
            "id": "agi-rci5y01vrb-8vimo5-ANY",
            "integration_http_method": "POST",
            "passthrough_behavior": "WHEN_NO_MATCH",
            "request_parameters": {},
            "request_templates": {},
            "resource_id": "8vimo5",
            "rest_api_id": "rci5y01vrb",
            "timeout_milliseconds": 29000,
            "tls_config": [],
            "type": "HTTP_PROXY",
            "uri": "http://api.endpoint.com/proxy"
          },
          "sensitive_attributes": [],
          "private": "bnVsbA==",
          "dependencies": [
            "module.api_gateway.aws_api_gateway_method.proxy",
            "module.api_gateway.aws_api_gateway_resource.node",
            "module.api_gateway.aws_api_gateway_resource.proxy",
            "module.api_gateway.aws_api_gateway_rest_api.api"
          ]
        }
      ]
    },
    {
      "module": "module.api_gateway",
      "mode": "managed",
      "type": "aws_api_gateway_integration",
      "name": "register_options",
      "provider": "provider[\"registry.terraform.io/hashicorp/aws\"]",
      "instances": [
        {
          "schema_version": 0,
          "attributes": {
            "cache_key_parameters": [],
            "cache_namespace": "csivhe",
            "connection_id": "",
            "connection_type": "INTERNET",
            "content_handling": "",
            "credentials": "",
            "http_method": "OPTIONS",
            "id": "agi-rci5y01vrb-csivhe-OPTIONS",
            "integration_http_method": "",
            "passthrough_behavior": "WHEN_NO_MATCH",
            "request_parameters": {},
            "request_templates": {},
            "resource_id": "csivhe",
            "rest_api_id": "rci5y01vrb",
            "timeout_milliseconds": 29000,
            "tls_config": [],
            "type": "MOCK",
            "uri": ""
          },
          "sensitive_attributes": [],
          "private": "bnVsbA==",
          "dependencies": [
            "module.api_gateway.aws_api_gateway_rest_api.api",
            "module.api_gateway.aws_api_gateway_method.register_options",
            "module.api_gateway.aws_api_gateway_resource.auth",
            "module.api_gateway.aws_api_gateway_resource.node",
            "module.api_gateway.aws_api_gateway_resource.register"
          ]
        }
      ]
    },
    {
      "module": "module.api_gateway",
      "mode": "managed",
      "type": "aws_api_gateway_integration",
      "name": "register_post",
      "provider": "provider[\"registry.terraform.io/hashicorp/aws\"]",
      "instances": [
        {
          "schema_version": 0,
          "attributes": {
            "cache_key_parameters": [],
            "cache_namespace": "csivhe",
            "connection_id": "",
            "connection_type": "INTERNET",
            "content_handling": "",
            "credentials": "",
            "http_method": "POST",
            "id": "agi-rci5y01vrb-csivhe-POST",
            "integration_http_method": "POST",
            "passthrough_behavior": "WHEN_NO_MATCH",
            "request_parameters": {},
            "request_templates": {},
            "resource_id": "csivhe",
            "rest_api_id": "rci5y01vrb",
            "timeout_milliseconds": 29000,
            "tls_config": [],
            "type": "HTTP_PROXY",
            "uri": "http://api.endpoint.com/proxy"
          },
          "sensitive_attributes": [],
          "private": "bnVsbA==",
          "dependencies": [
            "module.api_gateway.aws_api_gateway_method.register_post",
            "module.api_gateway.aws_api_gateway_resource.auth",
            "module.api_gateway.aws_api_gateway_resource.node",
            "module.api_gateway.aws_api_gateway_resource.register",
            "module.api_gateway.aws_api_gateway_rest_api.api"
          ],
          "create_before_destroy": true
        }
      ]
    },
    {
      "module": "module.api_gateway",
      "mode": "managed",
      "type": "aws_api_gateway_integration",
      "name": "streams_get",
      "provider": "provider[\"registry.terraform.io/hashicorp/aws\"]",
      "instances": [
        {
          "schema_version": 0,
          "attributes": {
            "cache_key_parameters": [],
            "cache_namespace": "lxfqph",
            "connection_id": "",
            "connection_type": "INTERNET",
            "content_handling": "",
            "credentials": "",
            "http_method": "GET",
            "id": "agi-rci5y01vrb-lxfqph-GET",
            "integration_http_method": "",
            "passthrough_behavior": "WHEN_NO_MATCH",
            "request_parameters": {},
            "request_templates": {},
            "resource_id": "lxfqph",
            "rest_api_id": "rci5y01vrb",
            "timeout_milliseconds": 29000,
            "tls_config": [],
            "type": "MOCK",
            "uri": ""
          },
          "sensitive_attributes": [],
          "private": "bnVsbA==",
          "dependencies": [
            "module.api_gateway.aws_api_gateway_method.streams_get",
            "module.api_gateway.aws_api_gateway_resource.node",
            "module.api_gateway.aws_api_gateway_resource.streams",
            "module.api_gateway.aws_api_gateway_rest_api.api"
          ],
          "create_before_destroy": true
        }
      ]
    },
    {
      "module": "module.api_gateway",
      "mode": "managed",
      "type": "aws_api_gateway_integration",
      "name": "streams_options",
      "provider": "provider[\"registry.terraform.io/hashicorp/aws\"]",
      "instances": [
        {
          "schema_version": 0,
          "attributes": {
            "cache_key_parameters": [],
            "cache_namespace": "lxfqph",
            "connection_id": "",
            "connection_type": "INTERNET",
            "content_handling": "",
            "credentials": "",
            "http_method": "OPTIONS",
            "id": "agi-rci5y01vrb-lxfqph-OPTIONS",
            "integration_http_method": "",
            "passthrough_behavior": "WHEN_NO_MATCH",
            "request_parameters": {},
            "request_templates": {},
            "resource_id": "lxfqph",
            "rest_api_id": "rci5y01vrb",
            "timeout_milliseconds": 29000,
            "tls_config": [],
            "type": "MOCK",
            "uri": ""
          },
          "sensitive_attributes": [],
          "private": "bnVsbA==",
          "dependencies": [
            "module.api_gateway.aws_api_gateway_method.streams_options",
            "module.api_gateway.aws_api_gateway_resource.node",
            "module.api_gateway.aws_api_gateway_resource.streams",
            "module.api_gateway.aws_api_gateway_rest_api.api"
          ],
          "create_before_destroy": true
        }
      ]
    },
    {
      "module": "module.api_gateway",
      "mode": "managed",
      "type": "aws_api_gateway_integration",
      "name": "verify_otp_options",
      "provider": "provider[\"registry.terraform.io/hashicorp/aws\"]",
      "instances": [
        {
          "schema_version": 0,
          "attributes": {
            "cache_key_parameters": [],
            "cache_namespace": "qb5o6f",
            "connection_id": "",
            "connection_type": "INTERNET",
            "content_handling": "",
            "credentials": "",
            "http_method": "OPTIONS",
            "id": "agi-rci5y01vrb-qb5o6f-OPTIONS",
            "integration_http_method": "",
            "passthrough_behavior": "WHEN_NO_MATCH",
            "request_parameters": {},
            "request_templates": {},
            "resource_id": "qb5o6f",
            "rest_api_id": "rci5y01vrb",
            "timeout_milliseconds": 29000,
            "tls_config": [],
            "type": "MOCK",
            "uri": ""
          },
          "sensitive_attributes": [],
          "private": "bnVsbA==",
          "dependencies": [
            "module.api_gateway.aws_api_gateway_resource.node",
            "module.api_gateway.aws_api_gateway_resource.verify_otp",
            "module.api_gateway.aws_api_gateway_rest_api.api",
            "module.api_gateway.aws_api_gateway_method.verify_otp_options",
            "module.api_gateway.aws_api_gateway_resource.auth"
          ],
          "create_before_destroy": true
        }
      ]
    },
    {
      "module": "module.api_gateway",
      "mode": "managed",
      "type": "aws_api_gateway_integration",
      "name": "verify_otp_post",
      "provider": "provider[\"registry.terraform.io/hashicorp/aws\"]",
      "instances": [
        {
          "schema_version": 0,
          "attributes": {
            "cache_key_parameters": [],
            "cache_namespace": "qb5o6f",
            "connection_id": "",
            "connection_type": "INTERNET",
            "content_handling": "",
            "credentials": "",
            "http_method": "POST",
            "id": "agi-rci5y01vrb-qb5o6f-POST",
            "integration_http_method": "POST",
            "passthrough_behavior": "WHEN_NO_MATCH",
            "request_parameters": {},
            "request_templates": {},
            "resource_id": "qb5o6f",
            "rest_api_id": "rci5y01vrb",
            "timeout_milliseconds": 29000,
            "tls_config": [],
            "type": "HTTP_PROXY",
            "uri": "http://api.endpoint.com/proxy"
          },
          "sensitive_attributes": [],
          "private": "bnVsbA==",
          "dependencies": [
            "module.api_gateway.aws_api_gateway_method.verify_otp_post",
            "module.api_gateway.aws_api_gateway_resource.auth",
            "module.api_gateway.aws_api_gateway_resource.node",
            "module.api_gateway.aws_api_gateway_resource.verify_otp",
            "module.api_gateway.aws_api_gateway_rest_api.api"
          ],
          "create_before_destroy": true
        }
      ]
    },
    {
      "module": "module.api_gateway",
      "mode": "managed",
      "type": "aws_api_gateway_integration_response",
      "name": "classes_get_response_200",
      "provider": "provider[\"registry.terraform.io/hashicorp/aws\"]",
      "instances": [
        {
          "schema_version": 0,
          "attributes": {
            "content_handling": "",
            "http_method": "GET",
            "id": "agir-rci5y01vrb-p3oh97-GET-200",
            "resource_id": "p3oh97",
            "response_parameters": {},
            "response_templates": {
              "application/json": "    #set($inputRoot = $input.path('$'))\r\n    \u003c?xml version=\"1.0\" encoding=\"UTF-8\"?\u003e\r\n    \u003cmessage\u003e\r\n    $inputRoot.body\r\n    \u003c/message\u003e\r\n"
            },
            "rest_api_id": "rci5y01vrb",
            "selection_pattern": "",
            "status_code": "200"
          },
          "sensitive_attributes": [],
          "private": "bnVsbA==",
          "dependencies": [
            "module.api_gateway.aws_api_gateway_method_response.classes_get_response_200",
            "module.api_gateway.aws_api_gateway_resource.classes",
            "module.api_gateway.aws_api_gateway_resource.node",
            "module.api_gateway.aws_api_gateway_rest_api.api",
            "module.api_gateway.aws_api_gateway_method.classes_get"
          ]
        }
      ]
    },
    {
      "module": "module.api_gateway",
      "mode": "managed",
      "type": "aws_api_gateway_integration_response",
      "name": "classes_options_response_200",
      "provider": "provider[\"registry.terraform.io/hashicorp/aws\"]",
      "instances": [
        {
          "schema_version": 0,
          "attributes": {
            "content_handling": "",
            "http_method": "OPTIONS",
            "id": "agir-rci5y01vrb-p3oh97-OPTIONS-200",
            "resource_id": "p3oh97",
            "response_parameters": {},
            "response_templates": {},
            "rest_api_id": "rci5y01vrb",
            "selection_pattern": "",
            "status_code": "200"
          },
          "sensitive_attributes": [],
          "private": "bnVsbA==",
          "dependencies": [
            "module.api_gateway.aws_api_gateway_method.classes_options",
            "module.api_gateway.aws_api_gateway_method_response.classes_options_response_200",
            "module.api_gateway.aws_api_gateway_resource.classes",
            "module.api_gateway.aws_api_gateway_resource.node",
            "module.api_gateway.aws_api_gateway_rest_api.api"
          ]
        }
      ]
    },
    {
      "module": "module.api_gateway",
      "mode": "managed",
      "type": "aws_api_gateway_integration_response",
      "name": "get_otp_options_response_200",
      "provider": "provider[\"registry.terraform.io/hashicorp/aws\"]",
      "instances": [
        {
          "schema_version": 0,
          "attributes": {
            "content_handling": "",
            "http_method": "OPTIONS",
            "id": "agir-rci5y01vrb-o8aqyx-OPTIONS-200",
            "resource_id": "o8aqyx",
            "response_parameters": {},
            "response_templates": {},
            "rest_api_id": "rci5y01vrb",
            "selection_pattern": "",
            "status_code": "200"
          },
          "sensitive_attributes": [],
          "private": "bnVsbA==",
          "dependencies": [
            "module.api_gateway.aws_api_gateway_resource.node",
            "module.api_gateway.aws_api_gateway_rest_api.api",
            "module.api_gateway.aws_api_gateway_method.get_otp_options",
            "module.api_gateway.aws_api_gateway_method_response.get_otp_options_response_200",
            "module.api_gateway.aws_api_gateway_resource.auth",
            "module.api_gateway.aws_api_gateway_resource.get_otp"
          ]
        }
      ]
    },
    {
      "module": "module.api_gateway",
      "mode": "managed",
      "type": "aws_api_gateway_integration_response",
      "name": "get_otp_post_response_200",
      "provider": "provider[\"registry.terraform.io/hashicorp/aws\"]",
      "instances": [
        {
          "schema_version": 0,
          "attributes": {
            "content_handling": "",
            "http_method": "POST",
            "id": "agir-rci5y01vrb-o8aqyx-POST-200",
            "resource_id": "o8aqyx",
            "response_parameters": {},
            "response_templates": {
              "application/json": "    #set($inputRoot = $input.path('$'))\r\n    \u003c?xml version=\"1.0\" encoding=\"UTF-8\"?\u003e\r\n    \u003cmessage\u003e\r\n    $inputRoot.body\r\n    \u003c/message\u003e\r\n"
            },
            "rest_api_id": "rci5y01vrb",
            "selection_pattern": "",
            "status_code": "200"
          },
          "sensitive_attributes": [],
          "private": "bnVsbA==",
          "dependencies": [
            "module.api_gateway.aws_api_gateway_method.get_otp_post",
            "module.api_gateway.aws_api_gateway_method_response.get_otp_post_response_200",
            "module.api_gateway.aws_api_gateway_resource.auth",
            "module.api_gateway.aws_api_gateway_resource.get_otp",
            "module.api_gateway.aws_api_gateway_resource.node",
            "module.api_gateway.aws_api_gateway_rest_api.api"
          ]
        }
      ]
    },
    {
      "module": "module.api_gateway",
      "mode": "managed",
      "type": "aws_api_gateway_integration_response",
      "name": "register_options_response_200",
      "provider": "provider[\"registry.terraform.io/hashicorp/aws\"]",
      "instances": [
        {
          "schema_version": 0,
          "attributes": {
            "content_handling": "",
            "http_method": "OPTIONS",
            "id": "agir-rci5y01vrb-csivhe-OPTIONS-200",
            "resource_id": "csivhe",
            "response_parameters": {},
            "response_templates": {},
            "rest_api_id": "rci5y01vrb",
            "selection_pattern": "",
            "status_code": "200"
          },
          "sensitive_attributes": [],
          "private": "bnVsbA==",
          "dependencies": [
            "module.api_gateway.aws_api_gateway_rest_api.api",
            "module.api_gateway.aws_api_gateway_method.register_options",
            "module.api_gateway.aws_api_gateway_method_response.register_options_response_200",
            "module.api_gateway.aws_api_gateway_resource.auth",
            "module.api_gateway.aws_api_gateway_resource.node",
            "module.api_gateway.aws_api_gateway_resource.register"
          ]
        }
      ]
    },
    {
      "module": "module.api_gateway",
      "mode": "managed",
      "type": "aws_api_gateway_integration_response",
      "name": "register_post_response_200",
      "provider": "provider[\"registry.terraform.io/hashicorp/aws\"]",
      "instances": [
        {
          "schema_version": 0,
          "attributes": {
            "content_handling": "",
            "http_method": "POST",
            "id": "agir-rci5y01vrb-csivhe-POST-200",
            "resource_id": "csivhe",
            "response_parameters": {},
            "response_templates": {
              "application/json": "    #set($inputRoot = $input.path('$'))\r\n    \u003c?xml version=\"1.0\" encoding=\"UTF-8\"?\u003e\r\n    \u003cmessage\u003e\r\n    $inputRoot.body\r\n    \u003c/message\u003e\r\n"
            },
            "rest_api_id": "rci5y01vrb",
            "selection_pattern": "",
            "status_code": "200"
          },
          "sensitive_attributes": [],
          "private": "bnVsbA==",
          "dependencies": [
            "module.api_gateway.aws_api_gateway_rest_api.api",
            "module.api_gateway.aws_api_gateway_method.register_post",
            "module.api_gateway.aws_api_gateway_method_response.register_post_response_200",
            "module.api_gateway.aws_api_gateway_resource.auth",
            "module.api_gateway.aws_api_gateway_resource.node",
            "module.api_gateway.aws_api_gateway_resource.register"
          ]
        }
      ]
    },
    {
      "module": "module.api_gateway",
      "mode": "managed",
      "type": "aws_api_gateway_integration_response",
      "name": "streams_get_response_200",
      "provider": "provider[\"registry.terraform.io/hashicorp/aws\"]",
      "instances": [
        {
          "schema_version": 0,
          "attributes": {
            "content_handling": "",
            "http_method": "GET",
            "id": "agir-rci5y01vrb-lxfqph-GET-200",
            "resource_id": "lxfqph",
            "response_parameters": {},
            "response_templates": {
              "application/json": "    #set($inputRoot = $input.path('$'))\r\n    \u003c?xml version=\"1.0\" encoding=\"UTF-8\"?\u003e\r\n    \u003cmessage\u003e\r\n    $inputRoot.body\r\n    \u003c/message\u003e\r\n"
            },
            "rest_api_id": "rci5y01vrb",
            "selection_pattern": "",
            "status_code": "200"
          },
          "sensitive_attributes": [],
          "private": "bnVsbA==",
          "dependencies": [
            "module.api_gateway.aws_api_gateway_method.streams_get",
            "module.api_gateway.aws_api_gateway_method_response.streams_get_response_200",
            "module.api_gateway.aws_api_gateway_resource.node",
            "module.api_gateway.aws_api_gateway_resource.streams",
            "module.api_gateway.aws_api_gateway_rest_api.api"
          ]
        }
      ]
    },
    {
      "module": "module.api_gateway",
      "mode": "managed",
      "type": "aws_api_gateway_integration_response",
      "name": "streams_options_response_200",
      "provider": "provider[\"registry.terraform.io/hashicorp/aws\"]",
      "instances": [
        {
          "schema_version": 0,
          "attributes": {
            "content_handling": "",
            "http_method": "OPTIONS",
            "id": "agir-rci5y01vrb-lxfqph-OPTIONS-200",
            "resource_id": "lxfqph",
            "response_parameters": {},
            "response_templates": {},
            "rest_api_id": "rci5y01vrb",
            "selection_pattern": "",
            "status_code": "200"
          },
          "sensitive_attributes": [],
          "private": "bnVsbA==",
          "dependencies": [
            "module.api_gateway.aws_api_gateway_resource.streams",
            "module.api_gateway.aws_api_gateway_rest_api.api",
            "module.api_gateway.aws_api_gateway_method.streams_options",
            "module.api_gateway.aws_api_gateway_method_response.streams_options_response_200",
            "module.api_gateway.aws_api_gateway_resource.node"
          ]
        }
      ]
    },
    {
      "module": "module.api_gateway",
      "mode": "managed",
      "type": "aws_api_gateway_integration_response",
      "name": "verify_otp_options_response_200",
      "provider": "provider[\"registry.terraform.io/hashicorp/aws\"]",
      "instances": [
        {
          "schema_version": 0,
          "attributes": {
            "content_handling": "",
            "http_method": "OPTIONS",
            "id": "agir-rci5y01vrb-qb5o6f-OPTIONS-200",
            "resource_id": "qb5o6f",
            "response_parameters": {},
            "response_templates": {},
            "rest_api_id": "rci5y01vrb",
            "selection_pattern": "",
            "status_code": "200"
          },
          "sensitive_attributes": [],
          "private": "bnVsbA==",
          "dependencies": [
            "module.api_gateway.aws_api_gateway_method.verify_otp_options",
            "module.api_gateway.aws_api_gateway_method_response.verify_otp_options_response_200",
            "module.api_gateway.aws_api_gateway_resource.auth",
            "module.api_gateway.aws_api_gateway_resource.node",
            "module.api_gateway.aws_api_gateway_resource.verify_otp",
            "module.api_gateway.aws_api_gateway_rest_api.api"
          ]
        }
      ]
    },
    {
      "module": "module.api_gateway",
      "mode": "managed",
      "type": "aws_api_gateway_integration_response",
      "name": "verify_otp_post_response_200",
      "provider": "provider[\"registry.terraform.io/hashicorp/aws\"]",
      "instances": [
        {
          "schema_version": 0,
          "attributes": {
            "content_handling": "",
            "http_method": "POST",
            "id": "agir-rci5y01vrb-qb5o6f-POST-200",
            "resource_id": "qb5o6f",
            "response_parameters": {},
            "response_templates": {
              "application/json": "    #set($inputRoot = $input.path('$'))\r\n    \u003c?xml version=\"1.0\" encoding=\"UTF-8\"?\u003e\r\n    \u003cmessage\u003e\r\n    $inputRoot.body\r\n    \u003c/message\u003e\r\n"
            },
            "rest_api_id": "rci5y01vrb",
            "selection_pattern": "",
            "status_code": "200"
          },
          "sensitive_attributes": [],
          "private": "bnVsbA==",
          "dependencies": [
            "module.api_gateway.aws_api_gateway_method.verify_otp_post",
            "module.api_gateway.aws_api_gateway_method_response.verify_otp_post_response_200",
            "module.api_gateway.aws_api_gateway_resource.auth",
            "module.api_gateway.aws_api_gateway_resource.node",
            "module.api_gateway.aws_api_gateway_resource.verify_otp",
            "module.api_gateway.aws_api_gateway_rest_api.api"
          ]
        }
      ]
    },
    {
      "module": "module.api_gateway",
      "mode": "managed",
      "type": "aws_api_gateway_method",
      "name": "classes_get",
      "provider": "provider[\"registry.terraform.io/hashicorp/aws\"]",
      "instances": [
        {
          "schema_version": 0,
          "attributes": {
            "api_key_required": false,
            "authorization": "NONE",
            "authorization_scopes": [],
            "authorizer_id": "",
            "http_method": "GET",
            "id": "agm-rci5y01vrb-p3oh97-GET",
            "operation_name": "",
            "request_models": {},
            "request_parameters": {},
            "request_validator_id": "",
            "resource_id": "p3oh97",
            "rest_api_id": "rci5y01vrb"
          },
          "sensitive_attributes": [],
          "private": "bnVsbA==",
          "dependencies": [
            "module.api_gateway.aws_api_gateway_resource.classes",
            "module.api_gateway.aws_api_gateway_resource.node",
            "module.api_gateway.aws_api_gateway_rest_api.api"
          ],
          "create_before_destroy": true
        }
      ]
    },
    {
      "module": "module.api_gateway",
      "mode": "managed",
      "type": "aws_api_gateway_method",
      "name": "classes_options",
      "provider": "provider[\"registry.terraform.io/hashicorp/aws\"]",
      "instances": [
        {
          "schema_version": 0,
          "attributes": {
            "api_key_required": false,
            "authorization": "NONE",
            "authorization_scopes": [],
            "authorizer_id": "",
            "http_method": "OPTIONS",
            "id": "agm-rci5y01vrb-p3oh97-OPTIONS",
            "operation_name": "",
            "request_models": {},
            "request_parameters": {},
            "request_validator_id": "",
            "resource_id": "p3oh97",
            "rest_api_id": "rci5y01vrb"
          },
          "sensitive_attributes": [],
          "private": "bnVsbA==",
          "dependencies": [
            "module.api_gateway.aws_api_gateway_resource.node",
            "module.api_gateway.aws_api_gateway_rest_api.api",
            "module.api_gateway.aws_api_gateway_resource.classes"
          ],
          "create_before_destroy": true
        }
      ]
    },
    {
      "module": "module.api_gateway",
      "mode": "managed",
      "type": "aws_api_gateway_method",
      "name": "get_otp_options",
      "provider": "provider[\"registry.terraform.io/hashicorp/aws\"]",
      "instances": [
        {
          "schema_version": 0,
          "attributes": {
            "api_key_required": false,
            "authorization": "NONE",
            "authorization_scopes": [],
            "authorizer_id": "",
            "http_method": "OPTIONS",
            "id": "agm-rci5y01vrb-o8aqyx-OPTIONS",
            "operation_name": "",
            "request_models": {},
            "request_parameters": {},
            "request_validator_id": "",
            "resource_id": "o8aqyx",
            "rest_api_id": "rci5y01vrb"
          },
          "sensitive_attributes": [],
          "private": "bnVsbA==",
          "dependencies": [
            "module.api_gateway.aws_api_gateway_resource.get_otp",
            "module.api_gateway.aws_api_gateway_resource.node",
            "module.api_gateway.aws_api_gateway_rest_api.api",
            "module.api_gateway.aws_api_gateway_resource.auth"
          ],
          "create_before_destroy": true
        }
      ]
    },
    {
      "module": "module.api_gateway",
      "mode": "managed",
      "type": "aws_api_gateway_method",
      "name": "get_otp_post",
      "provider": "provider[\"registry.terraform.io/hashicorp/aws\"]",
      "instances": [
        {
          "schema_version": 0,
          "attributes": {
            "api_key_required": false,
            "authorization": "NONE",
            "authorization_scopes": [],
            "authorizer_id": "",
            "http_method": "POST",
            "id": "agm-rci5y01vrb-o8aqyx-POST",
            "operation_name": "",
            "request_models": {},
            "request_parameters": {},
            "request_validator_id": "",
            "resource_id": "o8aqyx",
            "rest_api_id": "rci5y01vrb"
          },
          "sensitive_attributes": [],
          "private": "bnVsbA==",
          "dependencies": [
            "module.api_gateway.aws_api_gateway_resource.get_otp",
            "module.api_gateway.aws_api_gateway_resource.node",
            "module.api_gateway.aws_api_gateway_rest_api.api",
            "module.api_gateway.aws_api_gateway_resource.auth"
          ],
          "create_before_destroy": true
        }
      ]
    },
    {
      "module": "module.api_gateway",
      "mode": "managed",
      "type": "aws_api_gateway_method",
      "name": "proxy",
      "provider": "provider[\"registry.terraform.io/hashicorp/aws\"]",
      "instances": [
        {
          "schema_version": 0,
          "attributes": {
            "api_key_required": false,
            "authorization": "NONE",
            "authorization_scopes": [],
            "authorizer_id": "",
            "http_method": "ANY",
            "id": "agm-rci5y01vrb-8vimo5-ANY",
            "operation_name": "",
            "request_models": {},
            "request_parameters": {},
            "request_validator_id": "",
            "resource_id": "8vimo5",
            "rest_api_id": "rci5y01vrb"
          },
          "sensitive_attributes": [],
          "private": "bnVsbA==",
          "dependencies": [
            "module.api_gateway.aws_api_gateway_rest_api.api",
            "module.api_gateway.aws_api_gateway_resource.node",
            "module.api_gateway.aws_api_gateway_resource.proxy"
          ]
        }
      ]
    },
    {
      "module": "module.api_gateway",
      "mode": "managed",
      "type": "aws_api_gateway_method",
      "name": "register_options",
      "provider": "provider[\"registry.terraform.io/hashicorp/aws\"]",
      "instances": [
        {
          "schema_version": 0,
          "attributes": {
            "api_key_required": false,
            "authorization": "NONE",
            "authorization_scopes": [],
            "authorizer_id": "",
            "http_method": "OPTIONS",
            "id": "agm-rci5y01vrb-csivhe-OPTIONS",
            "operation_name": "",
            "request_models": {},
            "request_parameters": {},
            "request_validator_id": "",
            "resource_id": "csivhe",
            "rest_api_id": "rci5y01vrb"
          },
          "sensitive_attributes": [],
          "private": "bnVsbA==",
          "dependencies": [
            "module.api_gateway.aws_api_gateway_resource.auth",
            "module.api_gateway.aws_api_gateway_resource.node",
            "module.api_gateway.aws_api_gateway_resource.register",
            "module.api_gateway.aws_api_gateway_rest_api.api"
          ]
        }
      ]
    },
    {
      "module": "module.api_gateway",
      "mode": "managed",
      "type": "aws_api_gateway_method",
      "name": "register_post",
      "provider": "provider[\"registry.terraform.io/hashicorp/aws\"]",
      "instances": [
        {
          "schema_version": 0,
          "attributes": {
            "api_key_required": false,
            "authorization": "NONE",
            "authorization_scopes": [],
            "authorizer_id": "",
            "http_method": "POST",
            "id": "agm-rci5y01vrb-csivhe-POST",
            "operation_name": "",
            "request_models": {},
            "request_parameters": {},
            "request_validator_id": "",
            "resource_id": "csivhe",
            "rest_api_id": "rci5y01vrb"
          },
          "sensitive_attributes": [],
          "private": "bnVsbA==",
          "dependencies": [
            "module.api_gateway.aws_api_gateway_resource.auth",
            "module.api_gateway.aws_api_gateway_resource.node",
            "module.api_gateway.aws_api_gateway_resource.register",
            "module.api_gateway.aws_api_gateway_rest_api.api"
          ],
          "create_before_destroy": true
        }
      ]
    },
    {
      "module": "module.api_gateway",
      "mode": "managed",
      "type": "aws_api_gateway_method",
      "name": "streams_get",
      "provider": "provider[\"registry.terraform.io/hashicorp/aws\"]",
      "instances": [
        {
          "schema_version": 0,
          "attributes": {
            "api_key_required": false,
            "authorization": "NONE",
            "authorization_scopes": [],
            "authorizer_id": "",
            "http_method": "GET",
            "id": "agm-rci5y01vrb-lxfqph-GET",
            "operation_name": "",
            "request_models": {},
            "request_parameters": {},
            "request_validator_id": "",
            "resource_id": "lxfqph",
            "rest_api_id": "rci5y01vrb"
          },
          "sensitive_attributes": [],
          "private": "bnVsbA==",
          "dependencies": [
            "module.api_gateway.aws_api_gateway_resource.node",
            "module.api_gateway.aws_api_gateway_resource.streams",
            "module.api_gateway.aws_api_gateway_rest_api.api"
          ],
          "create_before_destroy": true
        }
      ]
    },
    {
      "module": "module.api_gateway",
      "mode": "managed",
      "type": "aws_api_gateway_method",
      "name": "streams_options",
      "provider": "provider[\"registry.terraform.io/hashicorp/aws\"]",
      "instances": [
        {
          "schema_version": 0,
          "attributes": {
            "api_key_required": false,
            "authorization": "NONE",
            "authorization_scopes": [],
            "authorizer_id": "",
            "http_method": "OPTIONS",
            "id": "agm-rci5y01vrb-lxfqph-OPTIONS",
            "operation_name": "",
            "request_models": {},
            "request_parameters": {},
            "request_validator_id": "",
            "resource_id": "lxfqph",
            "rest_api_id": "rci5y01vrb"
          },
          "sensitive_attributes": [],
          "private": "bnVsbA==",
          "dependencies": [
            "module.api_gateway.aws_api_gateway_resource.node",
            "module.api_gateway.aws_api_gateway_resource.streams",
            "module.api_gateway.aws_api_gateway_rest_api.api"
          ],
          "create_before_destroy": true
        }
      ]
    },
    {
      "module": "module.api_gateway",
      "mode": "managed",
      "type": "aws_api_gateway_method",
      "name": "verify_otp_options",
      "provider": "provider[\"registry.terraform.io/hashicorp/aws\"]",
      "instances": [
        {
          "schema_version": 0,
          "attributes": {
            "api_key_required": false,
            "authorization": "NONE",
            "authorization_scopes": [],
            "authorizer_id": "",
            "http_method": "OPTIONS",
            "id": "agm-rci5y01vrb-qb5o6f-OPTIONS",
            "operation_name": "",
            "request_models": {},
            "request_parameters": {},
            "request_validator_id": "",
            "resource_id": "qb5o6f",
            "rest_api_id": "rci5y01vrb"
          },
          "sensitive_attributes": [],
          "private": "bnVsbA==",
          "dependencies": [
            "module.api_gateway.aws_api_gateway_rest_api.api",
            "module.api_gateway.aws_api_gateway_resource.auth",
            "module.api_gateway.aws_api_gateway_resource.node",
            "module.api_gateway.aws_api_gateway_resource.verify_otp"
          ],
          "create_before_destroy": true
        }
      ]
    },
    {
      "module": "module.api_gateway",
      "mode": "managed",
      "type": "aws_api_gateway_method",
      "name": "verify_otp_post",
      "provider": "provider[\"registry.terraform.io/hashicorp/aws\"]",
      "instances": [
        {
          "schema_version": 0,
          "attributes": {
            "api_key_required": false,
            "authorization": "NONE",
            "authorization_scopes": [],
            "authorizer_id": "",
            "http_method": "POST",
            "id": "agm-rci5y01vrb-qb5o6f-POST",
            "operation_name": "",
            "request_models": {},
            "request_parameters": {},
            "request_validator_id": "",
            "resource_id": "qb5o6f",
            "rest_api_id": "rci5y01vrb"
          },
          "sensitive_attributes": [],
          "private": "bnVsbA==",
          "dependencies": [
            "module.api_gateway.aws_api_gateway_resource.verify_otp",
            "module.api_gateway.aws_api_gateway_rest_api.api",
            "module.api_gateway.aws_api_gateway_resource.auth",
            "module.api_gateway.aws_api_gateway_resource.node"
          ],
          "create_before_destroy": true
        }
      ]
    },
    {
      "module": "module.api_gateway",
      "mode": "managed",
      "type": "aws_api_gateway_method_response",
      "name": "classes_get_response_200",
      "provider": "provider[\"registry.terraform.io/hashicorp/aws\"]",
      "instances": [
        {
          "schema_version": 0,
          "attributes": {
            "http_method": "GET",
            "id": "agmr-rci5y01vrb-p3oh97-GET-200",
            "resource_id": "p3oh97",
            "response_models": {
              "application/json": "Empty"
            },
            "response_parameters": {
              "method.response.header.Access-Control-Allow-Origin": true
            },
            "rest_api_id": "rci5y01vrb",
            "status_code": "200"
          },
          "sensitive_attributes": [],
          "private": "bnVsbA==",
          "dependencies": [
            "module.api_gateway.aws_api_gateway_method.classes_get",
            "module.api_gateway.aws_api_gateway_resource.classes",
            "module.api_gateway.aws_api_gateway_resource.node",
            "module.api_gateway.aws_api_gateway_rest_api.api"
          ]
        }
      ]
    },
    {
      "module": "module.api_gateway",
      "mode": "managed",
      "type": "aws_api_gateway_method_response",
      "name": "classes_options_response_200",
      "provider": "provider[\"registry.terraform.io/hashicorp/aws\"]",
      "instances": [
        {
          "schema_version": 0,
          "attributes": {
            "http_method": "OPTIONS",
            "id": "agmr-rci5y01vrb-p3oh97-OPTIONS-200",
            "resource_id": "p3oh97",
            "response_models": {},
            "response_parameters": {},
            "rest_api_id": "rci5y01vrb",
            "status_code": "200"
          },
          "sensitive_attributes": [],
          "private": "bnVsbA==",
          "dependencies": [
            "module.api_gateway.aws_api_gateway_method.classes_options",
            "module.api_gateway.aws_api_gateway_resource.classes",
            "module.api_gateway.aws_api_gateway_resource.node",
            "module.api_gateway.aws_api_gateway_rest_api.api"
          ]
        }
      ]
    },
    {
      "module": "module.api_gateway",
      "mode": "managed",
      "type": "aws_api_gateway_method_response",
      "name": "get_otp_options_response_200",
      "provider": "provider[\"registry.terraform.io/hashicorp/aws\"]",
      "instances": [
        {
          "schema_version": 0,
          "attributes": {
            "http_method": "OPTIONS",
            "id": "agmr-rci5y01vrb-o8aqyx-OPTIONS-200",
            "resource_id": "o8aqyx",
            "response_models": {},
            "response_parameters": {},
            "rest_api_id": "rci5y01vrb",
            "status_code": "200"
          },
          "sensitive_attributes": [],
          "private": "bnVsbA==",
          "dependencies": [
            "module.api_gateway.aws_api_gateway_rest_api.api",
            "module.api_gateway.aws_api_gateway_method.get_otp_options",
            "module.api_gateway.aws_api_gateway_resource.auth",
            "module.api_gateway.aws_api_gateway_resource.get_otp",
            "module.api_gateway.aws_api_gateway_resource.node"
          ]
        }
      ]
    },
    {
      "module": "module.api_gateway",
      "mode": "managed",
      "type": "aws_api_gateway_method_response",
      "name": "get_otp_post_response_200",
      "provider": "provider[\"registry.terraform.io/hashicorp/aws\"]",
      "instances": [
        {
          "schema_version": 0,
          "attributes": {
            "http_method": "POST",
            "id": "agmr-rci5y01vrb-o8aqyx-POST-200",
            "resource_id": "o8aqyx",
            "response_models": {
              "application/json": "Empty"
            },
            "response_parameters": {
              "method.response.header.Access-Control-Allow-Origin": true
            },
            "rest_api_id": "rci5y01vrb",
            "status_code": "200"
          },
          "sensitive_attributes": [],
          "private": "bnVsbA==",
          "dependencies": [
            "module.api_gateway.aws_api_gateway_resource.node",
            "module.api_gateway.aws_api_gateway_rest_api.api",
            "module.api_gateway.aws_api_gateway_method.get_otp_post",
            "module.api_gateway.aws_api_gateway_resource.auth",
            "module.api_gateway.aws_api_gateway_resource.get_otp"
          ]
        }
      ]
    },
    {
      "module": "module.api_gateway",
      "mode": "managed",
      "type": "aws_api_gateway_method_response",
      "name": "proxy_response_200",
      "provider": "provider[\"registry.terraform.io/hashicorp/aws\"]",
      "instances": [
        {
          "schema_version": 0,
          "attributes": {
            "http_method": "ANY",
            "id": "agmr-rci5y01vrb-8vimo5-ANY-200",
            "resource_id": "8vimo5",
            "response_models": {},
            "response_parameters": {},
            "rest_api_id": "rci5y01vrb",
            "status_code": "200"
          },
          "sensitive_attributes": [],
          "private": "bnVsbA==",
          "dependencies": [
            "module.api_gateway.aws_api_gateway_method.proxy",
            "module.api_gateway.aws_api_gateway_resource.node",
            "module.api_gateway.aws_api_gateway_resource.proxy",
            "module.api_gateway.aws_api_gateway_rest_api.api"
          ]
        }
      ]
    },
    {
      "module": "module.api_gateway",
      "mode": "managed",
      "type": "aws_api_gateway_method_response",
      "name": "register_options_response_200",
      "provider": "provider[\"registry.terraform.io/hashicorp/aws\"]",
      "instances": [
        {
          "schema_version": 0,
          "attributes": {
            "http_method": "OPTIONS",
            "id": "agmr-rci5y01vrb-csivhe-OPTIONS-200",
            "resource_id": "csivhe",
            "response_models": {
              "application/json": "Empty"
            },
            "response_parameters": {},
            "rest_api_id": "rci5y01vrb",
            "status_code": "200"
          },
          "sensitive_attributes": [],
          "private": "bnVsbA==",
          "dependencies": [
            "module.api_gateway.aws_api_gateway_resource.auth",
            "module.api_gateway.aws_api_gateway_resource.node",
            "module.api_gateway.aws_api_gateway_resource.register",
            "module.api_gateway.aws_api_gateway_rest_api.api",
            "module.api_gateway.aws_api_gateway_method.register_options"
          ]
        }
      ]
    },
    {
      "module": "module.api_gateway",
      "mode": "managed",
      "type": "aws_api_gateway_method_response",
      "name": "register_post_response_200",
      "provider": "provider[\"registry.terraform.io/hashicorp/aws\"]",
      "instances": [
        {
          "schema_version": 0,
          "attributes": {
            "http_method": "POST",
            "id": "agmr-rci5y01vrb-csivhe-POST-200",
            "resource_id": "csivhe",
            "response_models": {
              "application/json": "Empty"
            },
            "response_parameters": {
              "method.response.header.Access-Control-Allow-Origin": true
            },
            "rest_api_id": "rci5y01vrb",
            "status_code": "200"
          },
          "sensitive_attributes": [],
          "private": "bnVsbA==",
          "dependencies": [
            "module.api_gateway.aws_api_gateway_method.register_post",
            "module.api_gateway.aws_api_gateway_resource.auth",
            "module.api_gateway.aws_api_gateway_resource.node",
            "module.api_gateway.aws_api_gateway_resource.register",
            "module.api_gateway.aws_api_gateway_rest_api.api"
          ]
        }
      ]
    },
    {
      "module": "module.api_gateway",
      "mode": "managed",
      "type": "aws_api_gateway_method_response",
      "name": "streams_get_response_200",
      "provider": "provider[\"registry.terraform.io/hashicorp/aws\"]",
      "instances": [
        {
          "schema_version": 0,
          "attributes": {
            "http_method": "GET",
            "id": "agmr-rci5y01vrb-lxfqph-GET-200",
            "resource_id": "lxfqph",
            "response_models": {
              "application/json": "Empty"
            },
            "response_parameters": {
              "method.response.header.Access-Control-Allow-Origin": true
            },
            "rest_api_id": "rci5y01vrb",
            "status_code": "200"
          },
          "sensitive_attributes": [],
          "private": "bnVsbA==",
          "dependencies": [
            "module.api_gateway.aws_api_gateway_resource.node",
            "module.api_gateway.aws_api_gateway_resource.streams",
            "module.api_gateway.aws_api_gateway_rest_api.api",
            "module.api_gateway.aws_api_gateway_method.streams_get"
          ]
        }
      ]
    },
    {
      "module": "module.api_gateway",
      "mode": "managed",
      "type": "aws_api_gateway_method_response",
      "name": "streams_options_response_200",
      "provider": "provider[\"registry.terraform.io/hashicorp/aws\"]",
      "instances": [
        {
          "schema_version": 0,
          "attributes": {
            "http_method": "OPTIONS",
            "id": "agmr-rci5y01vrb-lxfqph-OPTIONS-200",
            "resource_id": "lxfqph",
            "response_models": {},
            "response_parameters": {},
            "rest_api_id": "rci5y01vrb",
            "status_code": "200"
          },
          "sensitive_attributes": [],
          "private": "bnVsbA==",
          "dependencies": [
            "module.api_gateway.aws_api_gateway_resource.streams",
            "module.api_gateway.aws_api_gateway_rest_api.api",
            "module.api_gateway.aws_api_gateway_method.streams_options",
            "module.api_gateway.aws_api_gateway_resource.node"
          ]
        }
      ]
    },
    {
      "module": "module.api_gateway",
      "mode": "managed",
      "type": "aws_api_gateway_method_response",
      "name": "verify_otp_options_response_200",
      "provider": "provider[\"registry.terraform.io/hashicorp/aws\"]",
      "instances": [
        {
          "schema_version": 0,
          "attributes": {
            "http_method": "OPTIONS",
            "id": "agmr-rci5y01vrb-qb5o6f-OPTIONS-200",
            "resource_id": "qb5o6f",
            "response_models": {
              "application/json": "Empty"
            },
            "response_parameters": {},
            "rest_api_id": "rci5y01vrb",
            "status_code": "200"
          },
          "sensitive_attributes": [],
          "private": "bnVsbA==",
          "dependencies": [
            "module.api_gateway.aws_api_gateway_method.verify_otp_options",
            "module.api_gateway.aws_api_gateway_resource.auth",
            "module.api_gateway.aws_api_gateway_resource.node",
            "module.api_gateway.aws_api_gateway_resource.verify_otp",
            "module.api_gateway.aws_api_gateway_rest_api.api"
          ]
        }
      ]
    },
    {
      "module": "module.api_gateway",
      "mode": "managed",
      "type": "aws_api_gateway_method_response",
      "name": "verify_otp_post_response_200",
      "provider": "provider[\"registry.terraform.io/hashicorp/aws\"]",
      "instances": [
        {
          "schema_version": 0,
          "attributes": {
            "http_method": "POST",
            "id": "agmr-rci5y01vrb-qb5o6f-POST-200",
            "resource_id": "qb5o6f",
            "response_models": {
              "application/json": "Empty"
            },
            "response_parameters": {
              "method.response.header.Access-Control-Allow-Origin": true
            },
            "rest_api_id": "rci5y01vrb",
            "status_code": "200"
          },
          "sensitive_attributes": [],
          "private": "bnVsbA==",
          "dependencies": [
            "module.api_gateway.aws_api_gateway_method.verify_otp_post",
            "module.api_gateway.aws_api_gateway_resource.auth",
            "module.api_gateway.aws_api_gateway_resource.node",
            "module.api_gateway.aws_api_gateway_resource.verify_otp",
            "module.api_gateway.aws_api_gateway_rest_api.api"
          ]
        }
      ]
    },
    {
      "module": "module.api_gateway",
      "mode": "managed",
      "type": "aws_api_gateway_resource",
      "name": "auth",
      "provider": "provider[\"registry.terraform.io/hashicorp/aws\"]",
      "instances": [
        {
          "schema_version": 0,
          "attributes": {
            "id": "97mz3t",
            "parent_id": "qcjf32",
            "path": "/node/auth",
            "path_part": "auth",
            "rest_api_id": "rci5y01vrb"
          },
          "sensitive_attributes": [],
          "private": "bnVsbA==",
          "dependencies": [
            "module.api_gateway.aws_api_gateway_resource.node",
            "module.api_gateway.aws_api_gateway_rest_api.api"
          ],
          "create_before_destroy": true
        }
      ]
    },
    {
      "module": "module.api_gateway",
      "mode": "managed",
      "type": "aws_api_gateway_resource",
      "name": "classes",
      "provider": "provider[\"registry.terraform.io/hashicorp/aws\"]",
      "instances": [
        {
          "schema_version": 0,
          "attributes": {
            "id": "p3oh97",
            "parent_id": "qcjf32",
            "path": "/node/classes",
            "path_part": "classes",
            "rest_api_id": "rci5y01vrb"
          },
          "sensitive_attributes": [],
          "private": "bnVsbA==",
          "dependencies": [
            "module.api_gateway.aws_api_gateway_resource.node",
            "module.api_gateway.aws_api_gateway_rest_api.api"
          ],
          "create_before_destroy": true
        }
      ]
    },
    {
      "module": "module.api_gateway",
      "mode": "managed",
      "type": "aws_api_gateway_resource",
      "name": "get_otp",
      "provider": "provider[\"registry.terraform.io/hashicorp/aws\"]",
      "instances": [
        {
          "schema_version": 0,
          "attributes": {
            "id": "o8aqyx",
            "parent_id": "97mz3t",
            "path": "/node/auth/get_otp",
            "path_part": "get_otp",
            "rest_api_id": "rci5y01vrb"
          },
          "sensitive_attributes": [],
          "private": "bnVsbA==",
          "dependencies": [
            "module.api_gateway.aws_api_gateway_resource.auth",
            "module.api_gateway.aws_api_gateway_resource.node",
            "module.api_gateway.aws_api_gateway_rest_api.api"
          ],
          "create_before_destroy": true
        }
      ]
    },
    {
      "module": "module.api_gateway",
      "mode": "managed",
      "type": "aws_api_gateway_resource",
      "name": "node",
      "provider": "provider[\"registry.terraform.io/hashicorp/aws\"]",
      "instances": [
        {
          "schema_version": 0,
          "attributes": {
            "id": "qcjf32",
            "parent_id": "opxvijd6rj",
            "path": "/node",
            "path_part": "node",
            "rest_api_id": "rci5y01vrb"
          },
          "sensitive_attributes": [],
          "private": "bnVsbA==",
          "dependencies": [
            "module.api_gateway.aws_api_gateway_rest_api.api"
          ],
          "create_before_destroy": true
        }
      ]
    },
    {
      "module": "module.api_gateway",
      "mode": "managed",
      "type": "aws_api_gateway_resource",
      "name": "proxy",
      "provider": "provider[\"registry.terraform.io/hashicorp/aws\"]",
      "instances": [
        {
          "schema_version": 0,
          "attributes": {
            "id": "8vimo5",
            "parent_id": "qcjf32",
            "path": "/node/{proxy+}",
            "path_part": "{proxy+}",
            "rest_api_id": "rci5y01vrb"
          },
          "sensitive_attributes": [],
          "private": "bnVsbA==",
          "dependencies": [
            "module.api_gateway.aws_api_gateway_resource.node",
            "module.api_gateway.aws_api_gateway_rest_api.api"
          ]
        }
      ]
    },
    {
      "module": "module.api_gateway",
      "mode": "managed",
      "type": "aws_api_gateway_resource",
      "name": "register",
      "provider": "provider[\"registry.terraform.io/hashicorp/aws\"]",
      "instances": [
        {
          "schema_version": 0,
          "attributes": {
            "id": "csivhe",
            "parent_id": "97mz3t",
            "path": "/node/auth/register",
            "path_part": "register",
            "rest_api_id": "rci5y01vrb"
          },
          "sensitive_attributes": [],
          "private": "bnVsbA==",
          "dependencies": [
            "module.api_gateway.aws_api_gateway_resource.auth",
            "module.api_gateway.aws_api_gateway_resource.node",
            "module.api_gateway.aws_api_gateway_rest_api.api"
          ],
          "create_before_destroy": true
        }
      ]
    },
    {
      "module": "module.api_gateway",
      "mode": "managed",
      "type": "aws_api_gateway_resource",
      "name": "streams",
      "provider": "provider[\"registry.terraform.io/hashicorp/aws\"]",
      "instances": [
        {
          "schema_version": 0,
          "attributes": {
            "id": "lxfqph",
            "parent_id": "qcjf32",
            "path": "/node/streams",
            "path_part": "streams",
            "rest_api_id": "rci5y01vrb"
          },
          "sensitive_attributes": [],
          "private": "bnVsbA==",
          "dependencies": [
            "module.api_gateway.aws_api_gateway_resource.node",
            "module.api_gateway.aws_api_gateway_rest_api.api"
          ],
          "create_before_destroy": true
        }
      ]
    },
    {
      "module": "module.api_gateway",
      "mode": "managed",
      "type": "aws_api_gateway_resource",
      "name": "verify_otp",
      "provider": "provider[\"registry.terraform.io/hashicorp/aws\"]",
      "instances": [
        {
          "schema_version": 0,
          "attributes": {
            "id": "qb5o6f",
            "parent_id": "97mz3t",
            "path": "/node/auth/verify_otp",
            "path_part": "verify_otp",
            "rest_api_id": "rci5y01vrb"
          },
          "sensitive_attributes": [],
          "private": "bnVsbA==",
          "dependencies": [
            "module.api_gateway.aws_api_gateway_resource.node",
            "module.api_gateway.aws_api_gateway_rest_api.api",
            "module.api_gateway.aws_api_gateway_resource.auth"
          ],
          "create_before_destroy": true
        }
      ]
    },
    {
      "module": "module.api_gateway",
      "mode": "managed",
      "type": "aws_api_gateway_rest_api",
      "name": "api",
      "provider": "provider[\"registry.terraform.io/hashicorp/aws\"]",
      "instances": [
        {
          "schema_version": 0,
          "attributes": {
            "api_key_source": "HEADER",
            "arn": "arn:aws:apigateway:us-east-1::/restapis/rci5y01vrb",
            "binary_media_types": [],
            "body": null,
            "created_date": "2021-09-16T05:44:28Z",
            "description": "",
            "disable_execute_api_endpoint": false,
            "endpoint_configuration": [
              {
                "types": [
                  "REGIONAL"
                ],
                "vpc_endpoint_ids": []
              }
            ],
            "execution_arn": "arn:aws:execute-api:us-east-1:023980798539:rci5y01vrb",
            "id": "rci5y01vrb",
            "minimum_compression_size": -1,
            "name": "aakash-test-player-prod-api",
            "parameters": null,
            "policy": "",
            "root_resource_id": "opxvijd6rj",
            "tags": {},
            "tags_all": {}
          },
          "sensitive_attributes": [],
          "private": "bnVsbA==",
          "create_before_destroy": true
        }
      ]
    },
    {
      "module": "module.api_gateway",
      "mode": "managed",
      "type": "aws_api_gateway_stage",
      "name": "api",
      "provider": "provider[\"registry.terraform.io/hashicorp/aws\"]",
      "instances": [
        {
          "schema_version": 0,
          "attributes": {
            "access_log_settings": [],
            "arn": "arn:aws:apigateway:us-east-1::/restapis/rci5y01vrb/stages/prod",
            "cache_cluster_enabled": false,
            "cache_cluster_size": "",
            "client_certificate_id": "",
            "deployment_id": "9y6177",
            "description": "",
            "documentation_version": "",
            "execution_arn": "arn:aws:execute-api:us-east-1:023980798539:rci5y01vrb/prod",
            "id": "ags-rci5y01vrb-prod",
            "invoke_url": "https://rci5y01vrb.execute-api.us-east-1.amazonaws.com/prod",
            "rest_api_id": "rci5y01vrb",
            "stage_name": "prod",
            "tags": {},
            "tags_all": {},
            "variables": {},
            "xray_tracing_enabled": false
          },
          "sensitive_attributes": [],
          "private": "bnVsbA==",
          "dependencies": [
            "module.api_gateway.aws_api_gateway_resource.node",
            "module.api_gateway.aws_api_gateway_rest_api.api",
            "module.api_gateway.aws_api_gateway_deployment.get_api_options",
            "module.api_gateway.aws_api_gateway_integration.get_otp_options",
            "module.api_gateway.aws_api_gateway_method.get_otp_options",
            "module.api_gateway.aws_api_gateway_resource.auth",
            "module.api_gateway.aws_api_gateway_resource.get_otp"
          ]
        }
      ]
    },
    {
      "module": "module.api_gateway",
      "mode": "managed",
      "type": "aws_route53_record",
      "name": "api",
      "provider": "provider[\"registry.terraform.io/hashicorp/aws\"]",
      "instances": []
    },
    {
      "module": "module.eks",
      "mode": "data",
      "type": "aws_eks_cluster",
      "name": "cluster",
      "provider": "provider[\"registry.terraform.io/hashicorp/aws\"]",
      "instances": [
        {
          "schema_version": 0,
          "attributes": {
            "arn": "arn:aws:eks:us-east-1:023980798539:cluster/aakash-test-player-prod",
            "certificate_authority": [
              {
                "data": "LS0tLS1CRUdJTiBDRVJUSUZJQ0FURS0tLS0tCk1JSUM1ekNDQWMrZ0F3SUJBZ0lCQURBTkJna3Foa2lHOXcwQkFRc0ZBREFWTVJNd0VRWURWUVFERXdwcmRXSmwKY201bGRHVnpNQjRYRFRJeE1Ea3hOakExTlRJd01Gb1hEVE14TURreE5EQTFOVEl3TUZvd0ZURVRNQkVHQTFVRQpBeE1LYTNWaVpYSnVaWFJsY3pDQ0FTSXdEUVlKS29aSWh2Y05BUUVCQlFBRGdnRVBBRENDQVFvQ2dnRUJBTlpyCjhRb2k3NS9CSW9PdDRBcHFHT1BPSFhmM3FmUmMwUEMxUkZ2am9CSlNMK1J0NW82N1ZvM0E3M0NmaFJKcW9ma3cKemlVR1ZlLzIzWHBBU1U1MjZxaG5kSy9wV2RPSFEvTHVMMlNqWVpPWnhmTmpzMlJ5TXBBUk1yL0tFZWFZd1VCOQoxWXFQTlZJTmFrYWFXUVIrZWVUTXRSNkQzbC9oUUJlczNIQmFZMkpSOTBBK0JMZWVmT1RpTENnMmhoOERnaFVjCjFiTlloZGU0K0dvZ0JtTmtwWHJnb2kvTGVlcXVKaGZualNLV2d4OXBUa1ExdHdBTzk5OHNSRVZncG5qcGQwWlYKUG4vQU1KbUNuRVgrS2ViZWxObzhuU0xES3VYYjN0OGVGTUJUQWNnbVMxbmYyRlZuaWNJN2haU1NZRHFiL083SgpGdnorcTRIc3E0L0gzOVlNZ3BFQ0F3RUFBYU5DTUVBd0RnWURWUjBQQVFIL0JBUURBZ0trTUE4R0ExVWRFd0VCCi93UUZNQU1CQWY4d0hRWURWUjBPQkJZRUZNLzN5eFAybjlWWG90TkRvZFRNVkpJOUNjVWJNQTBHQ1NxR1NJYjMKRFFFQkN3VUFBNElCQVFCZ2cxZExDZytYenJaN1R6cnR4ZzgxT0tKdkNiOEcxVzNQcXZFVUpRam1aektVNkdTQwpHdmhWT2JCRkZTUkpBTEZlcXhyTFFWb0tkWFhQbXdYMDgrN254SVBudTIzQUJIaGd6ZFpjSmYwTGNwdkFvZzBBCmdsWS85SC9QYWhoMWd4SERESklLeVpsK2lXUmIyMHg3M2hCNFY3Q29kdi81dzlKbzZvSGNGNlBWUDFlT1p6QTMKTGxtdU1FUzdtckxKQjRDeHJwOXVPc0QyTm1QU0k5WHVrSGNkdFo2TFNMOXZsWWhhR01tNGtRSXZaRmhjeVo4cgpuTUhHeXcyK244MXhzOFAwckdFZkFHRlJmblc3dWlqZkZBUCtONzFnbVB2MVdBdXpsK1ZRQWE0dFJrYk9Ba0lEClZVUjlEWHV6T0FOT1A5UG9VbWtQN2p5dGJtQ3BDS0dTWDd3eAotLS0tLUVORCBDRVJUSUZJQ0FURS0tLS0tCg=="
              }
            ],
            "created_at": "2021-09-16 05:45:15.346 +0000 UTC",
            "enabled_cluster_log_types": [
              "api",
              "audit",
              "authenticator",
              "controllerManager",
              "scheduler"
            ],
            "endpoint": "https://BC2B96EACB72D2900DD59A8AB02F69F8.gr7.us-east-1.eks.amazonaws.com",
            "id": "aakash-test-player-prod",
            "identity": [
              {
                "oidc": [
                  {
                    "issuer": "https://oidc.eks.us-east-1.amazonaws.com/id/BC2B96EACB72D2900DD59A8AB02F69F8"
                  }
                ]
              }
            ],
            "kubernetes_network_config": [
              {
                "service_ipv4_cidr": "172.20.0.0/16"
              }
            ],
            "name": "aakash-test-player-prod",
            "platform_version": "eks.2",
            "role_arn": "arn:aws:iam::023980798539:role/aakash-test-player-eks-cluster-role",
            "status": "ACTIVE",
            "tags": {},
            "version": "1.21",
            "vpc_config": [
              {
                "cluster_security_group_id": "sg-03b1e3e86efc7489e",
                "endpoint_private_access": false,
                "endpoint_public_access": true,
                "public_access_cidrs": [
                  "0.0.0.0/0"
                ],
                "security_group_ids": [],
                "subnet_ids": [
                  "subnet-070239a243c082899",
                  "subnet-09daa187506568c68",
                  "subnet-09ef486caf532fed7",
                  "subnet-0ab41ed21ab62c5f4",
                  "subnet-0ed3b9e9704005f5e",
                  "subnet-0ee01b0b258cf1d4e"
                ],
                "vpc_id": "vpc-094d2d308d7f57b34"
              }
            ]
          },
          "sensitive_attributes": []
        }
      ]
    },
    {
      "module": "module.eks",
      "mode": "data",
      "type": "aws_eks_cluster_auth",
      "name": "cluster",
      "provider": "provider[\"registry.terraform.io/hashicorp/aws\"]",
      "instances": [
        {
          "schema_version": 0,
          "attributes": {
            "id": "aakash-test-player-prod",
            "name": "aakash-test-player-prod",
            "token": "k8s-aws-v1.aHR0cHM6Ly9zdHMuYW1hem9uYXdzLmNvbS8_QWN0aW9uPUdldENhbGxlcklkZW50aXR5JlZlcnNpb249MjAxMS0wNi0xNSZYLUFtei1BbGdvcml0aG09QVdTNC1ITUFDLVNIQTI1NiZYLUFtei1DcmVkZW50aWFsPUFLSUFRTEZLNTZKRlc0WDNTQ1VGJTJGMjAyMTA5MTYlMkZ1cy1lYXN0LTElMkZzdHMlMkZhd3M0X3JlcXVlc3QmWC1BbXotRGF0ZT0yMDIxMDkxNlQwNjIxMzRaJlgtQW16LUV4cGlyZXM9MCZYLUFtei1TaWduZWRIZWFkZXJzPWhvc3QlM0J4LWs4cy1hd3MtaWQmWC1BbXotU2lnbmF0dXJlPTYwYWI5NTA3ODI3NTQwZTA2OGMxNTk3NWQxOTNkNDkwMDg2ZDMzZjEyMzE3MGRkMmE0ODYxYjA3NWJmNGIyYzg"
          },
          "sensitive_attributes": []
        }
      ]
    },
    {
      "module": "module.eks",
      "mode": "data",
      "type": "aws_iam_policy_document",
      "name": "aws_fargate_logging_policy",
      "provider": "provider[\"registry.terraform.io/hashicorp/aws\"]",
      "instances": [
        {
          "schema_version": 0,
          "attributes": {
            "id": "4161516025",
            "json": "{\n  \"Version\": \"2012-10-17\",\n  \"Statement\": [\n    {\n      \"Sid\": \"1\",\n      \"Effect\": \"Allow\",\n      \"Action\": [\n        \"logs:PutLogEvents\",\n        \"logs:DescribeLogStreams\",\n        \"logs:CreateLogStream\",\n        \"logs:CreateLogGroup\"\n      ],\n      \"Resource\": \"*\"\n    }\n  ]\n}",
            "override_json": null,
            "override_policy_documents": null,
            "policy_id": null,
            "source_json": null,
            "source_policy_documents": null,
            "statement": [
              {
                "actions": [
                  "logs:CreateLogGroup",
                  "logs:CreateLogStream",
                  "logs:DescribeLogStreams",
                  "logs:PutLogEvents"
                ],
                "condition": [],
                "effect": "Allow",
                "not_actions": [],
                "not_principals": [],
                "not_resources": [],
                "principals": [],
                "resources": [
                  "*"
                ],
                "sid": "1"
              }
            ],
            "version": "2012-10-17"
          },
          "sensitive_attributes": []
        }
      ]
    },
    {
      "module": "module.eks",
      "mode": "data",
      "type": "template_file",
      "name": "kubeconfig",
      "provider": "module.eks.provider[\"registry.terraform.io/hashicorp/template\"]",
      "instances": [
        {
          "schema_version": 0,
          "attributes": {
            "filename": null,
            "id": "f9f398f24a7b03e16569abfbd94d95ce0a2204298ae4b6356a4f2b455b71748f",
            "rendered": "apiVersion: v1\r\npreferences: {}\r\nkind: Config\r\n\r\nclusters:\r\n- cluster:\r\n    server: https://BC2B96EACB72D2900DD59A8AB02F69F8.gr7.us-east-1.eks.amazonaws.com\r\n    certificate-authority-data: LS0tLS1CRUdJTiBDRVJUSUZJQ0FURS0tLS0tCk1JSUM1ekNDQWMrZ0F3SUJBZ0lCQURBTkJna3Foa2lHOXcwQkFRc0ZBREFWTVJNd0VRWURWUVFERXdwcmRXSmwKY201bGRHVnpNQjRYRFRJeE1Ea3hOakExTlRJd01Gb1hEVE14TURreE5EQTFOVEl3TUZvd0ZURVRNQkVHQTFVRQpBeE1LYTNWaVpYSnVaWFJsY3pDQ0FTSXdEUVlKS29aSWh2Y05BUUVCQlFBRGdnRVBBRENDQVFvQ2dnRUJBTlpyCjhRb2k3NS9CSW9PdDRBcHFHT1BPSFhmM3FmUmMwUEMxUkZ2am9CSlNMK1J0NW82N1ZvM0E3M0NmaFJKcW9ma3cKemlVR1ZlLzIzWHBBU1U1MjZxaG5kSy9wV2RPSFEvTHVMMlNqWVpPWnhmTmpzMlJ5TXBBUk1yL0tFZWFZd1VCOQoxWXFQTlZJTmFrYWFXUVIrZWVUTXRSNkQzbC9oUUJlczNIQmFZMkpSOTBBK0JMZWVmT1RpTENnMmhoOERnaFVjCjFiTlloZGU0K0dvZ0JtTmtwWHJnb2kvTGVlcXVKaGZualNLV2d4OXBUa1ExdHdBTzk5OHNSRVZncG5qcGQwWlYKUG4vQU1KbUNuRVgrS2ViZWxObzhuU0xES3VYYjN0OGVGTUJUQWNnbVMxbmYyRlZuaWNJN2haU1NZRHFiL083SgpGdnorcTRIc3E0L0gzOVlNZ3BFQ0F3RUFBYU5DTUVBd0RnWURWUjBQQVFIL0JBUURBZ0trTUE4R0ExVWRFd0VCCi93UUZNQU1CQWY4d0hRWURWUjBPQkJZRUZNLzN5eFAybjlWWG90TkRvZFRNVkpJOUNjVWJNQTBHQ1NxR1NJYjMKRFFFQkN3VUFBNElCQVFCZ2cxZExDZytYenJaN1R6cnR4ZzgxT0tKdkNiOEcxVzNQcXZFVUpRam1aektVNkdTQwpHdmhWT2JCRkZTUkpBTEZlcXhyTFFWb0tkWFhQbXdYMDgrN254SVBudTIzQUJIaGd6ZFpjSmYwTGNwdkFvZzBBCmdsWS85SC9QYWhoMWd4SERESklLeVpsK2lXUmIyMHg3M2hCNFY3Q29kdi81dzlKbzZvSGNGNlBWUDFlT1p6QTMKTGxtdU1FUzdtckxKQjRDeHJwOXVPc0QyTm1QU0k5WHVrSGNkdFo2TFNMOXZsWWhhR01tNGtRSXZaRmhjeVo4cgpuTUhHeXcyK244MXhzOFAwckdFZkFHRlJmblc3dWlqZkZBUCtONzFnbVB2MVdBdXpsK1ZRQWE0dFJrYk9Ba0lEClZVUjlEWHV6T0FOT1A5UG9VbWtQN2p5dGJtQ3BDS0dTWDd3eAotLS0tLUVORCBDRVJUSUZJQ0FURS0tLS0tCg==\r\n  name: eks_aakash-test-player-prod\r\n\r\ncontexts:\r\n- context:\r\n    cluster: eks_aakash-test-player-prod\r\n    user: eks_aakash-test-player-prod\r\n  name: eks_aakash-test-player-prod\r\n\r\ncurrent-context: eks_aakash-test-player-prod\r\n\r\nusers:\r\n- name: eks_aakash-test-player-prod\r\n  user:\r\n    exec:\r\n      apiVersion: client.authentication.k8s.io/v1alpha1\r\n      command: aws-iam-authenticator\r\n      args:\r\n        - \"token\"\r\n        - \"-i\"\r\n        - \"aakash-test-player-prod\"",
            "template": "apiVersion: v1\r\npreferences: {}\r\nkind: Config\r\n\r\nclusters:\r\n- cluster:\r\n    server: ${endpoint}\r\n    certificate-authority-data: ${cluster_auth_base64}\r\n  name: ${kubeconfig_name}\r\n\r\ncontexts:\r\n- context:\r\n    cluster: ${kubeconfig_name}\r\n    user: ${kubeconfig_name}\r\n  name: ${kubeconfig_name}\r\n\r\ncurrent-context: ${kubeconfig_name}\r\n\r\nusers:\r\n- name: ${kubeconfig_name}\r\n  user:\r\n    exec:\r\n      apiVersion: client.authentication.k8s.io/v1alpha1\r\n      command: aws-iam-authenticator\r\n      args:\r\n        - \"token\"\r\n        - \"-i\"\r\n        - \"${clustername}\"",
            "vars": {
              "cluster_auth_base64": "LS0tLS1CRUdJTiBDRVJUSUZJQ0FURS0tLS0tCk1JSUM1ekNDQWMrZ0F3SUJBZ0lCQURBTkJna3Foa2lHOXcwQkFRc0ZBREFWTVJNd0VRWURWUVFERXdwcmRXSmwKY201bGRHVnpNQjRYRFRJeE1Ea3hOakExTlRJd01Gb1hEVE14TURreE5EQTFOVEl3TUZvd0ZURVRNQkVHQTFVRQpBeE1LYTNWaVpYSnVaWFJsY3pDQ0FTSXdEUVlKS29aSWh2Y05BUUVCQlFBRGdnRVBBRENDQVFvQ2dnRUJBTlpyCjhRb2k3NS9CSW9PdDRBcHFHT1BPSFhmM3FmUmMwUEMxUkZ2am9CSlNMK1J0NW82N1ZvM0E3M0NmaFJKcW9ma3cKemlVR1ZlLzIzWHBBU1U1MjZxaG5kSy9wV2RPSFEvTHVMMlNqWVpPWnhmTmpzMlJ5TXBBUk1yL0tFZWFZd1VCOQoxWXFQTlZJTmFrYWFXUVIrZWVUTXRSNkQzbC9oUUJlczNIQmFZMkpSOTBBK0JMZWVmT1RpTENnMmhoOERnaFVjCjFiTlloZGU0K0dvZ0JtTmtwWHJnb2kvTGVlcXVKaGZualNLV2d4OXBUa1ExdHdBTzk5OHNSRVZncG5qcGQwWlYKUG4vQU1KbUNuRVgrS2ViZWxObzhuU0xES3VYYjN0OGVGTUJUQWNnbVMxbmYyRlZuaWNJN2haU1NZRHFiL083SgpGdnorcTRIc3E0L0gzOVlNZ3BFQ0F3RUFBYU5DTUVBd0RnWURWUjBQQVFIL0JBUURBZ0trTUE4R0ExVWRFd0VCCi93UUZNQU1CQWY4d0hRWURWUjBPQkJZRUZNLzN5eFAybjlWWG90TkRvZFRNVkpJOUNjVWJNQTBHQ1NxR1NJYjMKRFFFQkN3VUFBNElCQVFCZ2cxZExDZytYenJaN1R6cnR4ZzgxT0tKdkNiOEcxVzNQcXZFVUpRam1aektVNkdTQwpHdmhWT2JCRkZTUkpBTEZlcXhyTFFWb0tkWFhQbXdYMDgrN254SVBudTIzQUJIaGd6ZFpjSmYwTGNwdkFvZzBBCmdsWS85SC9QYWhoMWd4SERESklLeVpsK2lXUmIyMHg3M2hCNFY3Q29kdi81dzlKbzZvSGNGNlBWUDFlT1p6QTMKTGxtdU1FUzdtckxKQjRDeHJwOXVPc0QyTm1QU0k5WHVrSGNkdFo2TFNMOXZsWWhhR01tNGtRSXZaRmhjeVo4cgpuTUhHeXcyK244MXhzOFAwckdFZkFHRlJmblc3dWlqZkZBUCtONzFnbVB2MVdBdXpsK1ZRQWE0dFJrYk9Ba0lEClZVUjlEWHV6T0FOT1A5UG9VbWtQN2p5dGJtQ3BDS0dTWDd3eAotLS0tLUVORCBDRVJUSUZJQ0FURS0tLS0tCg==",
              "clustername": "aakash-test-player-prod",
              "endpoint": "https://BC2B96EACB72D2900DD59A8AB02F69F8.gr7.us-east-1.eks.amazonaws.com",
              "kubeconfig_name": "eks_aakash-test-player-prod"
            }
          },
          "sensitive_attributes": []
        }
      ]
    },
    {
      "module": "module.eks",
      "mode": "data",
      "type": "tls_certificate",
      "name": "auth",
      "provider": "provider[\"registry.terraform.io/hashicorp/tls\"]",
      "instances": [
        {
          "schema_version": 0,
          "attributes": {
            "certificates": [
              {
                "is_ca": true,
                "issuer": "OU=Starfield Class 2 Certification Authority,O=Starfield Technologies\\, Inc.,C=US",
                "not_after": "2034-06-28T17:39:16Z",
                "not_before": "2009-09-02T00:00:00Z",
                "public_key_algorithm": "RSA",
                "serial_number": "12037640545166866303",
                "sha1_fingerprint": "9e99a48a9960b14926bb7f3b02e22da2b0ab7280",
                "signature_algorithm": "SHA256-RSA",
                "subject": "CN=Starfield Services Root Certificate Authority - G2,O=Starfield Technologies\\, Inc.,L=Scottsdale,ST=Arizona,C=US",
                "version": 3
              },
              {
                "is_ca": true,
                "issuer": "CN=Starfield Services Root Certificate Authority - G2,O=Starfield Technologies\\, Inc.,L=Scottsdale,ST=Arizona,C=US",
                "not_after": "2037-12-31T01:00:00Z",
                "not_before": "2015-05-25T12:00:00Z",
                "public_key_algorithm": "RSA",
                "serial_number": "144918191876577076464031512351042010504348870",
                "sha1_fingerprint": "06b25927c42a721631c1efd9431e648fa62e1e39",
                "signature_algorithm": "SHA256-RSA",
                "subject": "CN=Amazon Root CA 1,O=Amazon,C=US",
                "version": 3
              },
              {
                "is_ca": true,
                "issuer": "CN=Amazon Root CA 1,O=Amazon,C=US",
                "not_after": "2025-10-19T00:00:00Z",
                "not_before": "2015-10-22T00:00:00Z",
                "public_key_algorithm": "RSA",
                "serial_number": "144918209630989264145272943054026349679957517",
                "sha1_fingerprint": "917e732d330f9a12404f73d8bea36948b929dffc",
                "signature_algorithm": "SHA256-RSA",
                "subject": "CN=Amazon,OU=Server CA 1B,O=Amazon,C=US",
                "version": 3
              },
              {
                "is_ca": false,
                "issuer": "CN=Amazon,OU=Server CA 1B,O=Amazon,C=US",
                "not_after": "2022-07-11T23:59:59Z",
                "not_before": "2021-06-12T00:00:00Z",
                "public_key_algorithm": "RSA",
                "serial_number": "17394337148501369979403692734506650154",
                "sha1_fingerprint": "e895c9a1be77b6c6300dc2525548225a675b1955",
                "signature_algorithm": "SHA256-RSA",
                "subject": "CN=oidc.eks.us-east-1.amazonaws.com",
                "version": 3
              }
            ],
            "id": "2021-09-16 06:21:36.4092818 +0000 UTC",
            "url": "https://oidc.eks.us-east-1.amazonaws.com/id/BC2B96EACB72D2900DD59A8AB02F69F8",
            "verify_chain": true
          },
          "sensitive_attributes": []
        }
      ]
    },
    {
      "module": "module.eks",
      "mode": "managed",
      "type": "aws_eks_cluster",
      "name": "main",
      "provider": "provider[\"registry.terraform.io/hashicorp/aws\"]",
      "instances": [
        {
          "schema_version": 0,
          "attributes": {
            "arn": "arn:aws:eks:us-east-1:023980798539:cluster/aakash-test-player-prod",
            "certificate_authority": [
              {
                "data": "LS0tLS1CRUdJTiBDRVJUSUZJQ0FURS0tLS0tCk1JSUM1ekNDQWMrZ0F3SUJBZ0lCQURBTkJna3Foa2lHOXcwQkFRc0ZBREFWTVJNd0VRWURWUVFERXdwcmRXSmwKY201bGRHVnpNQjRYRFRJeE1Ea3hOakExTlRJd01Gb1hEVE14TURreE5EQTFOVEl3TUZvd0ZURVRNQkVHQTFVRQpBeE1LYTNWaVpYSnVaWFJsY3pDQ0FTSXdEUVlKS29aSWh2Y05BUUVCQlFBRGdnRVBBRENDQVFvQ2dnRUJBTlpyCjhRb2k3NS9CSW9PdDRBcHFHT1BPSFhmM3FmUmMwUEMxUkZ2am9CSlNMK1J0NW82N1ZvM0E3M0NmaFJKcW9ma3cKemlVR1ZlLzIzWHBBU1U1MjZxaG5kSy9wV2RPSFEvTHVMMlNqWVpPWnhmTmpzMlJ5TXBBUk1yL0tFZWFZd1VCOQoxWXFQTlZJTmFrYWFXUVIrZWVUTXRSNkQzbC9oUUJlczNIQmFZMkpSOTBBK0JMZWVmT1RpTENnMmhoOERnaFVjCjFiTlloZGU0K0dvZ0JtTmtwWHJnb2kvTGVlcXVKaGZualNLV2d4OXBUa1ExdHdBTzk5OHNSRVZncG5qcGQwWlYKUG4vQU1KbUNuRVgrS2ViZWxObzhuU0xES3VYYjN0OGVGTUJUQWNnbVMxbmYyRlZuaWNJN2haU1NZRHFiL083SgpGdnorcTRIc3E0L0gzOVlNZ3BFQ0F3RUFBYU5DTUVBd0RnWURWUjBQQVFIL0JBUURBZ0trTUE4R0ExVWRFd0VCCi93UUZNQU1CQWY4d0hRWURWUjBPQkJZRUZNLzN5eFAybjlWWG90TkRvZFRNVkpJOUNjVWJNQTBHQ1NxR1NJYjMKRFFFQkN3VUFBNElCQVFCZ2cxZExDZytYenJaN1R6cnR4ZzgxT0tKdkNiOEcxVzNQcXZFVUpRam1aektVNkdTQwpHdmhWT2JCRkZTUkpBTEZlcXhyTFFWb0tkWFhQbXdYMDgrN254SVBudTIzQUJIaGd6ZFpjSmYwTGNwdkFvZzBBCmdsWS85SC9QYWhoMWd4SERESklLeVpsK2lXUmIyMHg3M2hCNFY3Q29kdi81dzlKbzZvSGNGNlBWUDFlT1p6QTMKTGxtdU1FUzdtckxKQjRDeHJwOXVPc0QyTm1QU0k5WHVrSGNkdFo2TFNMOXZsWWhhR01tNGtRSXZaRmhjeVo4cgpuTUhHeXcyK244MXhzOFAwckdFZkFHRlJmblc3dWlqZkZBUCtONzFnbVB2MVdBdXpsK1ZRQWE0dFJrYk9Ba0lEClZVUjlEWHV6T0FOT1A5UG9VbWtQN2p5dGJtQ3BDS0dTWDd3eAotLS0tLUVORCBDRVJUSUZJQ0FURS0tLS0tCg=="
              }
            ],
            "created_at": "2021-09-16 05:45:15.346 +0000 UTC",
            "enabled_cluster_log_types": [
              "api",
              "audit",
              "authenticator",
              "controllerManager",
              "scheduler"
            ],
            "encryption_config": [],
            "endpoint": "https://BC2B96EACB72D2900DD59A8AB02F69F8.gr7.us-east-1.eks.amazonaws.com",
            "id": "aakash-test-player-prod",
            "identity": [
              {
                "oidc": [
                  {
                    "issuer": "https://oidc.eks.us-east-1.amazonaws.com/id/BC2B96EACB72D2900DD59A8AB02F69F8"
                  }
                ]
              }
            ],
            "kubernetes_network_config": [
              {
                "service_ipv4_cidr": "172.20.0.0/16"
              }
            ],
            "name": "aakash-test-player-prod",
            "platform_version": "eks.2",
            "role_arn": "arn:aws:iam::023980798539:role/aakash-test-player-eks-cluster-role",
            "status": "ACTIVE",
            "tags": {},
            "tags_all": {},
            "timeouts": {
              "create": null,
              "delete": "30m",
              "update": null
            },
            "version": "1.21",
            "vpc_config": [
              {
                "cluster_security_group_id": "sg-03b1e3e86efc7489e",
                "endpoint_private_access": false,
                "endpoint_public_access": true,
                "public_access_cidrs": [
                  "0.0.0.0/0"
                ],
                "security_group_ids": [],
                "subnet_ids": [
                  "subnet-070239a243c082899",
                  "subnet-09daa187506568c68",
                  "subnet-09ef486caf532fed7",
                  "subnet-0ab41ed21ab62c5f4",
                  "subnet-0ed3b9e9704005f5e",
                  "subnet-0ee01b0b258cf1d4e"
                ],
                "vpc_id": "vpc-094d2d308d7f57b34"
              }
            ]
          },
          "sensitive_attributes": [],
          "private": "eyJlMmJmYjczMC1lY2FhLTExZTYtOGY4OC0zNDM2M2JjN2M0YzAiOnsiY3JlYXRlIjoxODAwMDAwMDAwMDAwLCJkZWxldGUiOjE4MDAwMDAwMDAwMDAsInVwZGF0ZSI6MzYwMDAwMDAwMDAwMH19",
          "dependencies": [
            "module.eks.aws_iam_role_policy_attachment.AmazonEKSServicePolicy",
            "module.vpc.aws_subnet.private",
            "module.vpc.aws_subnet.public",
            "module.vpc.aws_vpc.main",
            "module.eks.aws_iam_role.eks_cluster_role",
            "module.eks.aws_iam_role_policy_attachment.AmazonEKSClusterPolicy"
          ]
        }
      ]
    },
    {
      "module": "module.eks",
      "mode": "managed",
      "type": "aws_eks_fargate_profile",
      "name": "main",
      "provider": "provider[\"registry.terraform.io/hashicorp/aws\"]",
      "instances": [
        {
          "schema_version": 0,
          "attributes": {
            "arn": "arn:aws:eks:us-east-1:023980798539:fargateprofile/aakash-test-player-prod/fp-default/86bdf696-864d-8954-e05f-e411c15972b5",
            "cluster_name": "aakash-test-player-prod",
            "fargate_profile_name": "fp-default",
            "id": "aakash-test-player-prod:fp-default",
            "pod_execution_role_arn": "arn:aws:iam::023980798539:role/aakash-test-player-eks-fargate-pod-execution-role",
            "selector": [
              {
                "labels": {},
                "namespace": "default"
              },
              {
                "labels": {},
                "namespace": "dev"
              }
            ],
            "status": "ACTIVE",
            "subnet_ids": [
              "subnet-070239a243c082899",
              "subnet-0ed3b9e9704005f5e",
              "subnet-0ee01b0b258cf1d4e"
            ],
            "tags": {},
            "tags_all": {},
            "timeouts": {
              "create": "30m",
              "delete": "60m"
            }
          },
          "sensitive_attributes": [],
          "private": "eyJlMmJmYjczMC1lY2FhLTExZTYtOGY4OC0zNDM2M2JjN2M0YzAiOnsiY3JlYXRlIjoxODAwMDAwMDAwMDAwLCJkZWxldGUiOjM2MDAwMDAwMDAwMDB9fQ==",
          "dependencies": [
            "module.vpc.aws_subnet.private",
            "module.vpc.aws_subnet.public",
            "module.vpc.aws_vpc.main",
            "module.eks.aws_eks_cluster.main",
            "module.eks.aws_iam_role.eks_cluster_role",
            "module.eks.aws_iam_role.fargate_pod_execution_role",
            "module.eks.aws_iam_role_policy_attachment.AmazonEKSClusterPolicy",
            "module.eks.aws_iam_role_policy_attachment.AmazonEKSServicePolicy"
          ]
        }
      ]
    },
    {
      "module": "module.eks",
      "mode": "managed",
      "type": "aws_eks_node_group",
      "name": "main",
      "provider": "provider[\"registry.terraform.io/hashicorp/aws\"]",
      "instances": [
        {
          "schema_version": 0,
          "attributes": {
            "ami_type": "AL2_x86_64",
            "arn": "arn:aws:eks:us-east-1:023980798539:nodegroup/aakash-test-player-prod/kube-system/f4bdf696-8646-9559-a0fa-958f13a5b194",
            "capacity_type": "ON_DEMAND",
            "cluster_name": "aakash-test-player-prod",
            "disk_size": 20,
            "force_update_version": null,
            "id": "aakash-test-player-prod:kube-system",
            "instance_types": [
              "t2.large"
            ],
            "labels": {},
            "launch_template": [],
            "node_group_name": "kube-system",
            "node_group_name_prefix": "",
            "node_role_arn": "arn:aws:iam::023980798539:role/aakash-test-player-eks-node-group-role",
            "release_version": "1.21.2-20210830",
            "remote_access": [],
            "resources": [
              {
                "autoscaling_groups": [
                  {
                    "name": "eks-kube-system-f4bdf696-8646-9559-a0fa-958f13a5b194"
                  }
                ],
                "remote_access_security_group_id": ""
              }
            ],
            "scaling_config": [
              {
                "desired_size": 3,
                "max_size": 4,
                "min_size": 3
              }
            ],
            "status": "ACTIVE",
            "subnet_ids": [
              "subnet-070239a243c082899",
              "subnet-0ed3b9e9704005f5e",
              "subnet-0ee01b0b258cf1d4e"
            ],
            "tags": {
              "Environment": "prod",
              "Name": "aakash-test-player-prod-eks-node-group",
              "Product": "aakash-test-player"
            },
            "tags_all": {
              "Environment": "prod",
              "Name": "aakash-test-player-prod-eks-node-group",
              "Product": "aakash-test-player"
            },
            "taint": [],
            "timeouts": null,
            "update_config": [
              {
                "max_unavailable": 1,
                "max_unavailable_percentage": 0
              }
            ],
            "version": "1.21"
          },
          "sensitive_attributes": [],
          "private": "eyJlMmJmYjczMC1lY2FhLTExZTYtOGY4OC0zNDM2M2JjN2M0YzAiOnsiY3JlYXRlIjozNjAwMDAwMDAwMDAwLCJkZWxldGUiOjM2MDAwMDAwMDAwMDAsInVwZGF0ZSI6MzYwMDAwMDAwMDAwMH19",
          "dependencies": [
            "module.eks.aws_eks_cluster.main",
            "module.eks.aws_iam_role.eks_node_group_role",
            "module.eks.aws_iam_role_policy_attachment.AmazonEC2ContainerRegistryReadOnly",
            "module.eks.aws_iam_role_policy_attachment.AmazonEKSServicePolicy",
            "module.eks.aws_iam_role_policy_attachment.AmazonEKSWorkerNodePolicy",
            "module.eks.aws_iam_role_policy_attachment.AmazonEKS_CNI_Policy",
            "module.eks.aws_iam_role.eks_cluster_role",
            "module.eks.aws_iam_role_policy_attachment.AmazonEKSClusterPolicy",
            "module.vpc.aws_subnet.private",
            "module.vpc.aws_subnet.public",
            "module.vpc.aws_vpc.main"
          ]
        }
      ]
    },
    {
      "module": "module.eks",
      "mode": "managed",
      "type": "aws_iam_openid_connect_provider",
      "name": "main",
      "provider": "provider[\"registry.terraform.io/hashicorp/aws\"]",
      "instances": [
        {
          "schema_version": 0,
          "attributes": {
            "arn": "arn:aws:iam::023980798539:oidc-provider/oidc.eks.us-east-1.amazonaws.com/id/BC2B96EACB72D2900DD59A8AB02F69F8",
            "client_id_list": [
              "sts.amazonaws.com"
            ],
            "id": "arn:aws:iam::023980798539:oidc-provider/oidc.eks.us-east-1.amazonaws.com/id/BC2B96EACB72D2900DD59A8AB02F69F8",
            "tags": {},
            "tags_all": {},
            "thumbprint_list": [
              "9e99a48a9960b14926bb7f3b02e22da2b0ab7280"
            ],
            "url": "oidc.eks.us-east-1.amazonaws.com/id/BC2B96EACB72D2900DD59A8AB02F69F8"
          },
          "sensitive_attributes": [],
          "private": "bnVsbA==",
          "dependencies": [
            "module.eks.data.tls_certificate.auth",
            "module.vpc.aws_subnet.public",
            "module.vpc.aws_vpc.main",
            "module.eks.aws_eks_cluster.main",
            "module.eks.aws_iam_role.eks_cluster_role",
            "module.eks.aws_iam_role_policy_attachment.AmazonEKSClusterPolicy",
            "module.eks.aws_iam_role_policy_attachment.AmazonEKSServicePolicy",
            "module.eks.data.aws_eks_cluster.cluster",
            "module.vpc.aws_subnet.private"
          ]
        }
      ]
    },
    {
      "module": "module.eks",
      "mode": "managed",
      "type": "aws_iam_policy",
      "name": "AmazonEKSClusterCloudWatchMetricsPolicy",
      "provider": "provider[\"registry.terraform.io/hashicorp/aws\"]",
      "instances": [
        {
          "schema_version": 0,
          "attributes": {
            "arn": "arn:aws:iam::023980798539:policy/AmazonEKSClusterCloudWatchMetricsPolicy",
            "description": "",
            "id": "arn:aws:iam::023980798539:policy/AmazonEKSClusterCloudWatchMetricsPolicy",
            "name": "AmazonEKSClusterCloudWatchMetricsPolicy",
            "name_prefix": null,
            "path": "/",
            "policy": "{\r\n    \"Version\": \"2012-10-17\",\r\n    \"Statement\": [\r\n        {\r\n            \"Action\": [\r\n                \"cloudwatch:PutMetricData\"\r\n            ],\r\n            \"Resource\": \"*\",\r\n            \"Effect\": \"Allow\"\r\n        }\r\n    ]\r\n}\r\n",
            "policy_id": "ANPAQLFK56JF5ODIIXRRQ",
            "tags": {},
            "tags_all": {}
          },
          "sensitive_attributes": [],
          "private": "bnVsbA=="
        }
      ]
    },
    {
      "module": "module.eks",
      "mode": "managed",
      "type": "aws_iam_policy",
      "name": "AmazonEKSClusterNLBPolicy",
      "provider": "provider[\"registry.terraform.io/hashicorp/aws\"]",
      "instances": [
        {
          "schema_version": 0,
          "attributes": {
            "arn": "arn:aws:iam::023980798539:policy/AmazonEKSClusterNLBPolicy",
            "description": "",
            "id": "arn:aws:iam::023980798539:policy/AmazonEKSClusterNLBPolicy",
            "name": "AmazonEKSClusterNLBPolicy",
            "name_prefix": null,
            "path": "/",
            "policy": "{\r\n    \"Version\": \"2012-10-17\",\r\n    \"Statement\": [\r\n        {\r\n            \"Action\": [\r\n                \"elasticloadbalancing:*\",\r\n                \"ec2:CreateSecurityGroup\",\r\n                \"ec2:Describe*\"\r\n            ],\r\n            \"Resource\": \"*\",\r\n            \"Effect\": \"Allow\"\r\n        }\r\n    ]\r\n}\r\n",
            "policy_id": "ANPAQLFK56JF5CTD264HT",
            "tags": {},
            "tags_all": {}
          },
          "sensitive_attributes": [],
          "private": "bnVsbA=="
        }
      ]
    },
    {
      "module": "module.eks",
      "mode": "managed",
      "type": "aws_iam_policy",
      "name": "aws_fargate_logging_policy",
      "provider": "provider[\"registry.terraform.io/hashicorp/aws\"]",
      "instances": [
        {
          "schema_version": 0,
          "attributes": {
            "arn": "arn:aws:iam::023980798539:policy/aws_fargate_logging_policy",
            "description": "",
            "id": "arn:aws:iam::023980798539:policy/aws_fargate_logging_policy",
            "name": "aws_fargate_logging_policy",
            "name_prefix": null,
            "path": "/",
            "policy": "{\n  \"Version\": \"2012-10-17\",\n  \"Statement\": [\n    {\n      \"Sid\": \"1\",\n      \"Effect\": \"Allow\",\n      \"Action\": [\n        \"logs:PutLogEvents\",\n        \"logs:DescribeLogStreams\",\n        \"logs:CreateLogStream\",\n        \"logs:CreateLogGroup\"\n      ],\n      \"Resource\": \"*\"\n    }\n  ]\n}",
            "policy_id": "ANPAQLFK56JFWCC65SCBB",
            "tags": {},
            "tags_all": {}
          },
          "sensitive_attributes": [],
          "private": "bnVsbA==",
          "dependencies": [
            "module.eks.data.aws_iam_policy_document.aws_fargate_logging_policy"
          ]
        }
      ]
    },
    {
      "module": "module.eks",
      "mode": "managed",
      "type": "aws_iam_role",
      "name": "eks_cluster_role",
      "provider": "provider[\"registry.terraform.io/hashicorp/aws\"]",
      "instances": [
        {
          "schema_version": 0,
          "attributes": {
            "arn": "arn:aws:iam::023980798539:role/aakash-test-player-eks-cluster-role",
            "assume_role_policy": "{\"Version\":\"2012-10-17\",\"Statement\":[{\"Effect\":\"Allow\",\"Principal\":{\"Service\":[\"eks-fargate-pods.amazonaws.com\",\"eks.amazonaws.com\"]},\"Action\":\"sts:AssumeRole\"}]}",
            "create_date": "2021-09-16T05:44:26Z",
            "description": "",
            "force_detach_policies": true,
            "id": "aakash-test-player-eks-cluster-role",
            "inline_policy": [
              {
                "name": "",
                "policy": ""
              }
            ],
            "managed_policy_arns": [
              "arn:aws:iam::023980798539:policy/AmazonEKSClusterCloudWatchMetricsPolicy",
              "arn:aws:iam::023980798539:policy/AmazonEKSClusterNLBPolicy",
              "arn:aws:iam::aws:policy/AmazonEKSClusterPolicy",
              "arn:aws:iam::aws:policy/AmazonEKSServicePolicy"
            ],
            "max_session_duration": 3600,
            "name": "aakash-test-player-eks-cluster-role",
            "name_prefix": null,
            "path": "/",
            "permissions_boundary": null,
            "tags": {},
            "tags_all": {},
            "unique_id": "AROAQLFK56JF4ZEQBFQQ7"
          },
          "sensitive_attributes": [],
          "private": "bnVsbA=="
        }
      ]
    },
    {
      "module": "module.eks",
      "mode": "managed",
      "type": "aws_iam_role",
      "name": "eks_node_group_role",
      "provider": "provider[\"registry.terraform.io/hashicorp/aws\"]",
      "instances": [
        {
          "schema_version": 0,
          "attributes": {
            "arn": "arn:aws:iam::023980798539:role/aakash-test-player-eks-node-group-role",
            "assume_role_policy": "{\"Version\":\"2012-10-17\",\"Statement\":[{\"Effect\":\"Allow\",\"Principal\":{\"Service\":\"ec2.amazonaws.com\"},\"Action\":\"sts:AssumeRole\"}]}",
            "create_date": "2021-09-16T05:44:30Z",
            "description": "",
            "force_detach_policies": true,
            "id": "aakash-test-player-eks-node-group-role",
            "inline_policy": [
              {
                "name": "",
                "policy": ""
              }
            ],
            "managed_policy_arns": [
              "arn:aws:iam::aws:policy/AmazonEC2ContainerRegistryReadOnly",
              "arn:aws:iam::aws:policy/AmazonEKSWorkerNodePolicy",
              "arn:aws:iam::aws:policy/AmazonEKS_CNI_Policy"
            ],
            "max_session_duration": 3600,
            "name": "aakash-test-player-eks-node-group-role",
            "name_prefix": null,
            "path": "/",
            "permissions_boundary": null,
            "tags": {},
            "tags_all": {},
            "unique_id": "AROAQLFK56JFZ4SWMADOX"
          },
          "sensitive_attributes": [],
          "private": "bnVsbA=="
        }
      ]
    },
    {
      "module": "module.eks",
      "mode": "managed",
      "type": "aws_iam_role",
      "name": "fargate_pod_execution_role",
      "provider": "provider[\"registry.terraform.io/hashicorp/aws\"]",
      "instances": [
        {
          "schema_version": 0,
          "attributes": {
            "arn": "arn:aws:iam::023980798539:role/aakash-test-player-eks-fargate-pod-execution-role",
            "assume_role_policy": "{\"Version\":\"2012-10-17\",\"Statement\":[{\"Effect\":\"Allow\",\"Principal\":{\"Service\":[\"eks-fargate-pods.amazonaws.com\",\"eks.amazonaws.com\"]},\"Action\":\"sts:AssumeRole\"}]}",
            "create_date": "2021-09-16T05:44:26Z",
            "description": "",
            "force_detach_policies": true,
            "id": "aakash-test-player-eks-fargate-pod-execution-role",
            "inline_policy": [
              {
                "name": "",
                "policy": ""
              }
            ],
            "managed_policy_arns": [
              "arn:aws:iam::023980798539:policy/aws_fargate_logging_policy",
              "arn:aws:iam::aws:policy/AmazonEKSFargatePodExecutionRolePolicy"
            ],
            "max_session_duration": 3600,
            "name": "aakash-test-player-eks-fargate-pod-execution-role",
            "name_prefix": null,
            "path": "/",
            "permissions_boundary": null,
            "tags": {},
            "tags_all": {},
            "unique_id": "AROAQLFK56JFZ64IVLXMJ"
          },
          "sensitive_attributes": [],
          "private": "bnVsbA=="
        }
      ]
    },
    {
      "module": "module.eks",
      "mode": "managed",
      "type": "aws_iam_role_policy_attachment",
      "name": "AmazonEC2ContainerRegistryReadOnly",
      "provider": "provider[\"registry.terraform.io/hashicorp/aws\"]",
      "instances": [
        {
          "schema_version": 0,
          "attributes": {
            "id": "aakash-test-player-eks-node-group-role-20210916054433593100000007",
            "policy_arn": "arn:aws:iam::aws:policy/AmazonEC2ContainerRegistryReadOnly",
            "role": "aakash-test-player-eks-node-group-role"
          },
          "sensitive_attributes": [],
          "private": "bnVsbA==",
          "dependencies": [
            "module.eks.aws_iam_role.eks_node_group_role"
          ]
        }
      ]
    },
    {
      "module": "module.eks",
      "mode": "managed",
      "type": "aws_iam_role_policy_attachment",
      "name": "AmazonEKSCloudWatchMetricsPolicy",
      "provider": "provider[\"registry.terraform.io/hashicorp/aws\"]",
      "instances": [
        {
          "schema_version": 0,
          "attributes": {
            "id": "aakash-test-player-eks-cluster-role-20210916054432450400000005",
            "policy_arn": "arn:aws:iam::023980798539:policy/AmazonEKSClusterCloudWatchMetricsPolicy",
            "role": "aakash-test-player-eks-cluster-role"
          },
          "sensitive_attributes": [],
          "private": "bnVsbA==",
          "dependencies": [
            "module.eks.aws_iam_policy.AmazonEKSClusterCloudWatchMetricsPolicy",
            "module.eks.aws_iam_role.eks_cluster_role"
          ]
        }
      ]
    },
    {
      "module": "module.eks",
      "mode": "managed",
      "type": "aws_iam_role_policy_attachment",
      "name": "AmazonEKSCluserNLBPolicy",
      "provider": "provider[\"registry.terraform.io/hashicorp/aws\"]",
      "instances": [
        {
          "schema_version": 0,
          "attributes": {
            "id": "aakash-test-player-eks-cluster-role-20210916054431087100000004",
            "policy_arn": "arn:aws:iam::023980798539:policy/AmazonEKSClusterNLBPolicy",
            "role": "aakash-test-player-eks-cluster-role"
          },
          "sensitive_attributes": [],
          "private": "bnVsbA==",
          "dependencies": [
            "module.eks.aws_iam_policy.AmazonEKSClusterNLBPolicy",
            "module.eks.aws_iam_role.eks_cluster_role"
          ]
        }
      ]
    },
    {
      "module": "module.eks",
      "mode": "managed",
      "type": "aws_iam_role_policy_attachment",
      "name": "AmazonEKSClusterPolicy",
      "provider": "provider[\"registry.terraform.io/hashicorp/aws\"]",
      "instances": [
        {
          "schema_version": 0,
          "attributes": {
            "id": "aakash-test-player-eks-cluster-role-20210916054430412700000002",
            "policy_arn": "arn:aws:iam::aws:policy/AmazonEKSClusterPolicy",
            "role": "aakash-test-player-eks-cluster-role"
          },
          "sensitive_attributes": [],
          "private": "bnVsbA==",
          "dependencies": [
            "module.eks.aws_iam_role.eks_cluster_role"
          ]
        }
      ]
    },
    {
      "module": "module.eks",
      "mode": "managed",
      "type": "aws_iam_role_policy_attachment",
      "name": "AmazonEKSFargatePodExecutionRolePolicy",
      "provider": "provider[\"registry.terraform.io/hashicorp/aws\"]",
      "instances": [
        {
          "schema_version": 0,
          "attributes": {
            "id": "aakash-test-player-eks-fargate-pod-execution-role-20210916054430095900000001",
            "policy_arn": "arn:aws:iam::aws:policy/AmazonEKSFargatePodExecutionRolePolicy",
            "role": "aakash-test-player-eks-fargate-pod-execution-role"
          },
          "sensitive_attributes": [],
          "private": "bnVsbA==",
          "dependencies": [
            "module.eks.aws_iam_role.fargate_pod_execution_role"
          ]
        }
      ]
    },
    {
      "module": "module.eks",
      "mode": "managed",
      "type": "aws_iam_role_policy_attachment",
      "name": "AmazonEKSServicePolicy",
      "provider": "provider[\"registry.terraform.io/hashicorp/aws\"]",
      "instances": [
        {
          "schema_version": 0,
          "attributes": {
            "id": "aakash-test-player-eks-cluster-role-20210916054430632600000003",
            "policy_arn": "arn:aws:iam::aws:policy/AmazonEKSServicePolicy",
            "role": "aakash-test-player-eks-cluster-role"
          },
          "sensitive_attributes": [],
          "private": "bnVsbA==",
          "dependencies": [
            "module.eks.aws_iam_role.eks_cluster_role"
          ]
        }
      ]
    },
    {
      "module": "module.eks",
      "mode": "managed",
      "type": "aws_iam_role_policy_attachment",
      "name": "AmazonEKSWorkerNodePolicy",
      "provider": "provider[\"registry.terraform.io/hashicorp/aws\"]",
      "instances": [
        {
          "schema_version": 0,
          "attributes": {
            "id": "aakash-test-player-eks-node-group-role-20210916054433606300000008",
            "policy_arn": "arn:aws:iam::aws:policy/AmazonEKSWorkerNodePolicy",
            "role": "aakash-test-player-eks-node-group-role"
          },
          "sensitive_attributes": [],
          "private": "bnVsbA==",
          "dependencies": [
            "module.eks.aws_iam_role.eks_node_group_role"
          ]
        }
      ]
    },
    {
      "module": "module.eks",
      "mode": "managed",
      "type": "aws_iam_role_policy_attachment",
      "name": "AmazonEKS_CNI_Policy",
      "provider": "provider[\"registry.terraform.io/hashicorp/aws\"]",
      "instances": [
        {
          "schema_version": 0,
          "attributes": {
            "id": "aakash-test-player-eks-node-group-role-20210916054433609400000009",
            "policy_arn": "arn:aws:iam::aws:policy/AmazonEKS_CNI_Policy",
            "role": "aakash-test-player-eks-node-group-role"
          },
          "sensitive_attributes": [],
          "private": "bnVsbA==",
          "dependencies": [
            "module.eks.aws_iam_role.eks_node_group_role"
          ]
        }
      ]
    },
    {
      "module": "module.eks",
      "mode": "managed",
      "type": "aws_iam_role_policy_attachment",
      "name": "aws_fargate_logging_policy_attach_role",
      "provider": "provider[\"registry.terraform.io/hashicorp/aws\"]",
      "instances": [
        {
          "schema_version": 0,
          "attributes": {
            "id": "aakash-test-player-eks-fargate-pod-execution-role-20210916054432450400000006",
            "policy_arn": "arn:aws:iam::023980798539:policy/aws_fargate_logging_policy",
            "role": "aakash-test-player-eks-fargate-pod-execution-role"
          },
          "sensitive_attributes": [],
          "private": "bnVsbA==",
          "dependencies": [
            "module.eks.aws_iam_policy.aws_fargate_logging_policy",
            "module.eks.aws_iam_role.fargate_pod_execution_role",
            "module.eks.data.aws_iam_policy_document.aws_fargate_logging_policy"
          ]
        }
      ]
    },
    {
      "module": "module.eks",
      "mode": "managed",
      "type": "kubernetes_config_map",
      "name": "aws_logging",
      "provider": "module.eks.provider[\"registry.terraform.io/hashicorp/kubernetes\"]",
      "instances": [
        {
          "schema_version": 0,
          "attributes": {
            "binary_data": {},
            "data": {
              "output.conf": "[OUTPUT]\r\n    Name cloudwatch_logs\r\n    Match   *\r\n    region us-east-1\r\n    log_group_name /aws/eks/fargate/aakas-lcms\r\n    log_stream_prefix aakas-lcms-\r\n    log_key log\r\n    auto_create_group On",
              "parsers.conf": "[PARSER]\r\n    Name        docker\r\n    Format      json\r\n    Time_Key    time"
            },
            "id": "aws-observability/aws-logging",
            "metadata": [
              {
                "annotations": {},
                "generate_name": "",
                "generation": 0,
                "labels": {},
                "name": "aws-logging",
                "namespace": "aws-observability",
                "resource_version": "3797",
                "self_link": "",
                "uid": "50c96f3e-d46d-4e32-8a86-bce76921fcd7"
              }
            ]
          },
          "sensitive_attributes": [],
          "private": "bnVsbA==",
          "dependencies": [
            "module.eks.aws_iam_role_policy_attachment.AmazonEKSServicePolicy",
            "module.eks.data.aws_eks_cluster.cluster",
            "module.eks.data.aws_eks_cluster_auth.cluster",
            "module.vpc.aws_subnet.public",
            "module.vpc.aws_vpc.main",
            "module.eks.aws_eks_cluster.main",
            "module.eks.aws_iam_role.eks_cluster_role",
            "module.eks.aws_iam_role_policy_attachment.AmazonEKSClusterPolicy",
            "module.vpc.aws_subnet.private"
          ]
        }
      ]
    },
    {
      "module": "module.eks",
      "mode": "managed",
      "type": "kubernetes_deployment",
      "name": "dev",
      "provider": "module.eks.provider[\"registry.terraform.io/hashicorp/kubernetes\"]",
      "instances": [
        {
          "schema_version": 0,
          "attributes": {
            "id": "dev/lcms-api",
            "metadata": [
              {
                "annotations": {},
                "generate_name": "",
                "generation": 1,
                "labels": {
                  "app": "lcms"
                },
                "name": "lcms-api",
                "namespace": "dev",
                "resource_version": "1619",
                "self_link": "",
                "uid": "927816a7-fe3c-45a1-ab3c-e1bc802058f5"
              }
            ],
            "spec": [
              {
                "min_ready_seconds": 0,
                "paused": false,
                "progress_deadline_seconds": 600,
                "replicas": 2,
                "revision_history_limit": 10,
                "selector": [
                  {
                    "match_expressions": [],
                    "match_labels": {
                      "app": "lcms"
                    }
                  }
                ],
                "strategy": [
                  {
                    "rolling_update": [
                      {
                        "max_surge": "25%",
                        "max_unavailable": "25%"
                      }
                    ],
                    "type": "RollingUpdate"
                  }
                ],
                "template": [
                  {
                    "metadata": [
                      {
                        "annotations": {},
                        "generate_name": "",
                        "generation": 0,
                        "labels": {
                          "app": "lcms"
                        },
                        "name": "",
                        "namespace": "",
                        "resource_version": "",
                        "self_link": "",
                        "uid": ""
                      }
                    ],
                    "spec": [
                      {
                        "active_deadline_seconds": 0,
                        "affinity": [],
                        "automount_service_account_token": false,
                        "container": [
                          {
                            "args": [],
                            "command": [],
                            "env": [],
                            "env_from": [],
                            "image": "gcr.io/google_containers/echoserver:1.4",
                            "image_pull_policy": "Always",
                            "lifecycle": [],
                            "liveness_probe": [],
                            "name": "lcms-api",
                            "port": [
                              {
                                "container_port": 8085,
                                "host_ip": "",
                                "host_port": 0,
                                "name": "",
                                "protocol": "TCP"
                              }
                            ],
                            "readiness_probe": [],
                            "resources": [
                              {
                                "limits": [],
                                "requests": []
                              }
                            ],
                            "security_context": [],
                            "startup_probe": [],
                            "stdin": false,
                            "stdin_once": false,
                            "termination_message_path": "/dev/termination-log",
                            "termination_message_policy": "File",
                            "tty": false,
                            "volume_mount": [],
                            "working_dir": ""
                          }
                        ],
                        "dns_config": [],
                        "dns_policy": "ClusterFirst",
                        "enable_service_links": true,
                        "host_aliases": [],
                        "host_ipc": false,
                        "host_network": false,
                        "host_pid": false,
                        "hostname": "",
                        "image_pull_secrets": [],
                        "init_container": [],
                        "node_name": "",
                        "node_selector": {},
                        "priority_class_name": "",
                        "readiness_gate": [],
                        "restart_policy": "Always",
                        "security_context": [],
                        "service_account_name": "",
                        "share_process_namespace": false,
                        "subdomain": "",
                        "termination_grace_period_seconds": 30,
                        "toleration": [],
                        "volume": []
                      }
                    ]
                  }
                ]
              }
            ],
            "timeouts": null,
            "wait_for_rollout": true
          },
          "sensitive_attributes": [],
          "private": "eyJlMmJmYjczMC1lY2FhLTExZTYtOGY4OC0zNDM2M2JjN2M0YzAiOnsiY3JlYXRlIjo2MDAwMDAwMDAwMDAsImRlbGV0ZSI6NjAwMDAwMDAwMDAwLCJ1cGRhdGUiOjYwMDAwMDAwMDAwMH19",
          "dependencies": [
            "module.eks.aws_iam_role_policy_attachment.AmazonEKSServicePolicy",
            "module.eks.data.aws_eks_cluster.cluster",
            "module.vpc.aws_subnet.private",
            "module.vpc.aws_vpc.main",
            "module.eks.aws_eks_cluster.main",
            "module.eks.aws_eks_fargate_profile.main",
            "module.eks.aws_iam_role.fargate_pod_execution_role",
            "module.eks.aws_iam_role_policy_attachment.AmazonEKSClusterPolicy",
            "module.eks.aws_iam_role.eks_cluster_role",
            "module.eks.data.aws_eks_cluster_auth.cluster",
            "module.vpc.aws_subnet.public"
          ]
        }
      ]
    },
    {
      "module": "module.eks",
      "mode": "managed",
      "type": "kubernetes_deployment",
      "name": "nginx",
      "provider": "module.eks.provider[\"registry.terraform.io/hashicorp/kubernetes\"]",
      "instances": [
        {
          "schema_version": 0,
          "attributes": {
            "id": "dev/lcms-nginx",
            "metadata": [
              {
                "annotations": {},
                "generate_name": "",
                "generation": 1,
                "labels": {
                  "app": "lcms"
                },
                "name": "lcms-nginx",
                "namespace": "dev",
                "resource_version": "1592",
                "self_link": "",
                "uid": "e886e273-2c5d-4942-aeba-69715286cacf"
              }
            ],
            "spec": [
              {
                "min_ready_seconds": 0,
                "paused": false,
                "progress_deadline_seconds": 600,
                "replicas": 2,
                "revision_history_limit": 10,
                "selector": [
                  {
                    "match_expressions": [],
                    "match_labels": {
                      "app": "lcms"
                    }
                  }
                ],
                "strategy": [
                  {
                    "rolling_update": [
                      {
                        "max_surge": "25%",
                        "max_unavailable": "25%"
                      }
                    ],
                    "type": "RollingUpdate"
                  }
                ],
                "template": [
                  {
                    "metadata": [
                      {
                        "annotations": {},
                        "generate_name": "",
                        "generation": 0,
                        "labels": {
                          "app": "lcms"
                        },
                        "name": "",
                        "namespace": "",
                        "resource_version": "",
                        "self_link": "",
                        "uid": ""
                      }
                    ],
                    "spec": [
                      {
                        "active_deadline_seconds": 0,
                        "affinity": [],
                        "automount_service_account_token": false,
                        "container": [
                          {
                            "args": [],
                            "command": [],
                            "env": [],
                            "env_from": [],
                            "image": "nginx",
                            "image_pull_policy": "Always",
                            "lifecycle": [],
                            "liveness_probe": [],
                            "name": "lcms-nginx",
                            "port": [
                              {
                                "container_port": 80,
                                "host_ip": "",
                                "host_port": 0,
                                "name": "",
                                "protocol": "TCP"
                              }
                            ],
                            "readiness_probe": [],
                            "resources": [
                              {
                                "limits": [],
                                "requests": []
                              }
                            ],
                            "security_context": [],
                            "startup_probe": [],
                            "stdin": false,
                            "stdin_once": false,
                            "termination_message_path": "/dev/termination-log",
                            "termination_message_policy": "File",
                            "tty": false,
                            "volume_mount": [],
                            "working_dir": ""
                          }
                        ],
                        "dns_config": [],
                        "dns_policy": "ClusterFirst",
                        "enable_service_links": true,
                        "host_aliases": [],
                        "host_ipc": false,
                        "host_network": false,
                        "host_pid": false,
                        "hostname": "",
                        "image_pull_secrets": [],
                        "init_container": [],
                        "node_name": "",
                        "node_selector": {},
                        "priority_class_name": "",
                        "readiness_gate": [],
                        "restart_policy": "Always",
                        "security_context": [],
                        "service_account_name": "",
                        "share_process_namespace": false,
                        "subdomain": "",
                        "termination_grace_period_seconds": 30,
                        "toleration": [],
                        "volume": []
                      }
                    ]
                  }
                ]
              }
            ],
            "timeouts": null,
            "wait_for_rollout": true
          },
          "sensitive_attributes": [],
          "private": "eyJlMmJmYjczMC1lY2FhLTExZTYtOGY4OC0zNDM2M2JjN2M0YzAiOnsiY3JlYXRlIjo2MDAwMDAwMDAwMDAsImRlbGV0ZSI6NjAwMDAwMDAwMDAwLCJ1cGRhdGUiOjYwMDAwMDAwMDAwMH19",
          "dependencies": [
            "module.eks.aws_eks_fargate_profile.main",
            "module.eks.aws_iam_role.eks_cluster_role",
            "module.eks.aws_iam_role.fargate_pod_execution_role",
            "module.eks.data.aws_eks_cluster.cluster",
            "module.vpc.aws_vpc.main",
            "module.eks.aws_eks_cluster.main",
            "module.eks.aws_iam_role_policy_attachment.AmazonEKSClusterPolicy",
            "module.eks.aws_iam_role_policy_attachment.AmazonEKSServicePolicy",
            "module.eks.data.aws_eks_cluster_auth.cluster",
            "module.vpc.aws_subnet.private",
            "module.vpc.aws_subnet.public"
          ]
        }
      ]
    },
    {
      "module": "module.eks",
      "mode": "managed",
      "type": "kubernetes_horizontal_pod_autoscaler",
      "name": "scaler",
      "provider": "module.eks.provider[\"registry.terraform.io/hashicorp/kubernetes\"]",
      "instances": [
        {
          "schema_version": 0,
          "attributes": {
            "id": "dev/app-horizontal-scaler",
            "metadata": [
              {
                "annotations": {},
                "generate_name": "",
                "generation": 0,
                "labels": {},
                "name": "app-horizontal-scaler",
                "namespace": "dev",
                "resource_version": "1288",
                "self_link": "",
                "uid": "0b7c3421-544f-47c9-a394-8a881201aa2f"
              }
            ],
            "spec": [
              {
                "max_replicas": 10,
                "metric": [],
                "min_replicas": 2,
                "scale_target_ref": [
                  {
                    "api_version": "",
                    "kind": "Deployment",
                    "name": "lcms-api"
                  }
                ],
                "target_cpu_utilization_percentage": 50
              }
            ]
          },
          "sensitive_attributes": [],
          "private": "bnVsbA==",
          "dependencies": [
            "module.eks.data.aws_eks_cluster.cluster",
            "module.eks.data.aws_eks_cluster_auth.cluster",
            "module.vpc.aws_subnet.public",
            "module.eks.aws_eks_cluster.main",
            "module.eks.aws_iam_role.fargate_pod_execution_role",
            "module.eks.aws_iam_role_policy_attachment.AmazonEKSClusterPolicy",
            "module.vpc.aws_subnet.private",
            "module.vpc.aws_vpc.main",
            "module.eks.aws_eks_fargate_profile.main",
            "module.eks.aws_iam_role.eks_cluster_role",
            "module.eks.aws_iam_role_policy_attachment.AmazonEKSServicePolicy"
          ]
        }
      ]
    },
    {
      "module": "module.eks",
      "mode": "managed",
      "type": "kubernetes_namespace",
      "name": "aws_observability",
      "provider": "module.eks.provider[\"registry.terraform.io/hashicorp/kubernetes\"]",
      "instances": [
        {
          "schema_version": 0,
          "attributes": {
            "id": "aws-observability",
            "metadata": [
              {
                "annotations": {
                  "name": "aws-observability"
                },
                "generate_name": "",
                "generation": 0,
                "labels": {
                  "aws-observability": "enabled"
                },
                "name": "aws-observability",
                "resource_version": "3792",
                "self_link": "",
                "uid": "e76adbea-4bbe-4d29-85a6-86633a65c80b"
              }
            ],
            "timeouts": null
          },
          "sensitive_attributes": [],
          "private": "eyJlMmJmYjczMC1lY2FhLTExZTYtOGY4OC0zNDM2M2JjN2M0YzAiOnsiZGVsZXRlIjozMDAwMDAwMDAwMDB9fQ==",
          "dependencies": [
            "module.eks.data.aws_eks_cluster.cluster",
            "module.eks.data.aws_eks_cluster_auth.cluster",
            "module.eks.aws_eks_cluster.main",
            "module.eks.aws_iam_role_policy_attachment.AmazonEKSClusterPolicy",
            "module.eks.aws_iam_role_policy_attachment.AmazonEKSServicePolicy",
            "module.vpc.aws_subnet.private",
            "module.vpc.aws_subnet.public",
            "module.vpc.aws_vpc.main",
            "module.eks.aws_iam_role.eks_cluster_role"
          ]
        }
      ]
    },
    {
      "module": "module.eks",
      "mode": "managed",
      "type": "kubernetes_namespace",
      "name": "dev",
      "provider": "module.eks.provider[\"registry.terraform.io/hashicorp/kubernetes\"]",
      "instances": [
        {
          "schema_version": 0,
          "attributes": {
            "id": "dev",
            "metadata": [
              {
                "annotations": {},
                "generate_name": "",
                "generation": 0,
                "labels": {
                  "app": "lcms"
                },
                "name": "dev",
                "resource_version": "1198",
                "self_link": "",
                "uid": "14917bdb-fa90-4829-b418-47abe52ed9be"
              }
            ],
            "timeouts": null
          },
          "sensitive_attributes": [],
          "private": "eyJlMmJmYjczMC1lY2FhLTExZTYtOGY4OC0zNDM2M2JjN2M0YzAiOnsiZGVsZXRlIjozMDAwMDAwMDAwMDB9fQ==",
          "dependencies": [
            "module.eks.aws_eks_fargate_profile.main",
            "module.eks.aws_iam_role.fargate_pod_execution_role",
            "module.eks.data.aws_eks_cluster.cluster",
            "module.eks.data.aws_eks_cluster_auth.cluster",
            "module.vpc.aws_subnet.private",
            "module.vpc.aws_subnet.public",
            "module.vpc.aws_vpc.main",
            "module.eks.aws_eks_cluster.main",
            "module.eks.aws_iam_role.eks_cluster_role",
            "module.eks.aws_iam_role_policy_attachment.AmazonEKSClusterPolicy",
            "module.eks.aws_iam_role_policy_attachment.AmazonEKSServicePolicy"
          ]
        }
      ]
    },
    {
      "module": "module.eks",
      "mode": "managed",
      "type": "kubernetes_namespace",
      "name": "qa",
      "provider": "module.eks.provider[\"registry.terraform.io/hashicorp/kubernetes\"]",
      "instances": [
        {
          "schema_version": 0,
          "attributes": {
            "id": "qa",
            "metadata": [
              {
                "annotations": {},
                "generate_name": "",
                "generation": 0,
                "labels": {
                  "app": "lcms"
                },
                "name": "qa",
                "resource_version": "1199",
                "self_link": "",
                "uid": "e7b1f786-f923-40d6-93c0-2d6c21aab9e9"
              }
            ],
            "timeouts": null
          },
          "sensitive_attributes": [],
          "private": "eyJlMmJmYjczMC1lY2FhLTExZTYtOGY4OC0zNDM2M2JjN2M0YzAiOnsiZGVsZXRlIjozMDAwMDAwMDAwMDB9fQ==",
          "dependencies": [
            "module.vpc.aws_subnet.private",
            "module.eks.aws_iam_role.eks_cluster_role",
            "module.eks.aws_iam_role_policy_attachment.AmazonEKSServicePolicy",
            "module.eks.data.aws_eks_cluster.cluster",
            "module.eks.data.aws_eks_cluster_auth.cluster",
            "module.vpc.aws_subnet.public",
            "module.vpc.aws_vpc.main",
            "module.eks.aws_eks_cluster.main",
            "module.eks.aws_eks_fargate_profile.main",
            "module.eks.aws_iam_role.fargate_pod_execution_role",
            "module.eks.aws_iam_role_policy_attachment.AmazonEKSClusterPolicy"
          ]
        }
      ]
    },
    {
      "module": "module.eks",
      "mode": "managed",
      "type": "kubernetes_namespace",
      "name": "stage",
      "provider": "module.eks.provider[\"registry.terraform.io/hashicorp/kubernetes\"]",
      "instances": [
        {
          "schema_version": 0,
          "attributes": {
            "id": "stage",
            "metadata": [
              {
                "annotations": {},
                "generate_name": "",
                "generation": 0,
                "labels": {
                  "app": "lcms"
                },
                "name": "stage",
                "resource_version": "1197",
                "self_link": "",
                "uid": "9f887229-d965-4622-99e9-12caed45c04e"
              }
            ],
            "timeouts": null
          },
          "sensitive_attributes": [],
          "private": "eyJlMmJmYjczMC1lY2FhLTExZTYtOGY4OC0zNDM2M2JjN2M0YzAiOnsiZGVsZXRlIjozMDAwMDAwMDAwMDB9fQ==",
          "dependencies": [
            "module.vpc.aws_subnet.public",
            "module.vpc.aws_vpc.main",
            "module.eks.aws_eks_cluster.main",
            "module.eks.aws_eks_fargate_profile.main",
            "module.eks.aws_iam_role.fargate_pod_execution_role",
            "module.eks.data.aws_eks_cluster.cluster",
            "module.vpc.aws_subnet.private",
            "module.eks.aws_iam_role.eks_cluster_role",
            "module.eks.aws_iam_role_policy_attachment.AmazonEKSClusterPolicy",
            "module.eks.aws_iam_role_policy_attachment.AmazonEKSServicePolicy",
            "module.eks.data.aws_eks_cluster_auth.cluster"
          ]
        }
      ]
    },
    {
      "module": "module.eks",
      "mode": "managed",
      "type": "kubernetes_service",
      "name": "dev",
      "provider": "module.eks.provider[\"registry.terraform.io/hashicorp/kubernetes\"]",
      "instances": [
        {
          "schema_version": 0,
          "attributes": {
            "id": "dev/lcms-api",
            "load_balancer_ingress": [],
            "metadata": [
              {
                "annotations": {
                  "service.beta.kubernetes.io/aws-load-balancer-internal": "true",
                  "service.beta.kubernetes.io/aws-load-balancer-type": "nlb-ip"
                },
                "generate_name": "",
                "generation": 0,
                "labels": {},
                "name": "lcms-api",
                "namespace": "dev",
                "resource_version": "1637",
                "self_link": "",
                "uid": "24ecb29d-3dd1-4ade-9f0e-d63c90189695"
              }
            ],
            "spec": [
              {
                "cluster_ip": "172.20.247.121",
                "external_ips": [],
                "external_name": "",
                "external_traffic_policy": "Cluster",
                "health_check_node_port": 0,
                "load_balancer_ip": "",
                "load_balancer_source_ranges": [],
                "port": [
                  {
                    "name": "lcms-port",
                    "node_port": 30089,
                    "port": 8085,
                    "protocol": "TCP",
                    "target_port": "8085"
                  },
                  {
                    "name": "nginx-port",
                    "node_port": 31972,
                    "port": 80,
                    "protocol": "TCP",
                    "target_port": "80"
                  }
                ],
                "publish_not_ready_addresses": false,
                "selector": {
                  "app": "lcms"
                },
                "session_affinity": "None",
                "type": "NodePort"
              }
            ],
            "timeouts": null
          },
          "sensitive_attributes": [],
          "private": "eyJlMmJmYjczMC1lY2FhLTExZTYtOGY4OC0zNDM2M2JjN2M0YzAiOnsiY3JlYXRlIjo2MDAwMDAwMDAwMDB9fQ==",
          "dependencies": [
            "module.eks.aws_iam_role_policy_attachment.AmazonEKSServicePolicy",
            "module.eks.kubernetes_deployment.dev",
            "module.vpc.aws_subnet.public",
            "module.vpc.aws_vpc.main",
            "module.eks.aws_eks_cluster.main",
            "module.eks.aws_eks_fargate_profile.main",
            "module.eks.aws_iam_role.fargate_pod_execution_role",
            "module.eks.data.aws_eks_cluster_auth.cluster",
            "module.vpc.aws_subnet.private",
            "module.eks.aws_iam_role.eks_cluster_role",
            "module.eks.aws_iam_role_policy_attachment.AmazonEKSClusterPolicy",
            "module.eks.data.aws_eks_cluster.cluster"
          ]
        }
      ]
    },
    {
      "module": "module.eks",
      "mode": "managed",
      "type": "local_file",
      "name": "kubeconfig",
      "provider": "module.eks.provider[\"registry.terraform.io/hashicorp/local\"]",
      "instances": [
        {
          "schema_version": 0,
          "attributes": {
            "content": "apiVersion: v1\r\npreferences: {}\r\nkind: Config\r\n\r\nclusters:\r\n- cluster:\r\n    server: https://BC2B96EACB72D2900DD59A8AB02F69F8.gr7.us-east-1.eks.amazonaws.com\r\n    certificate-authority-data: LS0tLS1CRUdJTiBDRVJUSUZJQ0FURS0tLS0tCk1JSUM1ekNDQWMrZ0F3SUJBZ0lCQURBTkJna3Foa2lHOXcwQkFRc0ZBREFWTVJNd0VRWURWUVFERXdwcmRXSmwKY201bGRHVnpNQjRYRFRJeE1Ea3hOakExTlRJd01Gb1hEVE14TURreE5EQTFOVEl3TUZvd0ZURVRNQkVHQTFVRQpBeE1LYTNWaVpYSnVaWFJsY3pDQ0FTSXdEUVlKS29aSWh2Y05BUUVCQlFBRGdnRVBBRENDQVFvQ2dnRUJBTlpyCjhRb2k3NS9CSW9PdDRBcHFHT1BPSFhmM3FmUmMwUEMxUkZ2am9CSlNMK1J0NW82N1ZvM0E3M0NmaFJKcW9ma3cKemlVR1ZlLzIzWHBBU1U1MjZxaG5kSy9wV2RPSFEvTHVMMlNqWVpPWnhmTmpzMlJ5TXBBUk1yL0tFZWFZd1VCOQoxWXFQTlZJTmFrYWFXUVIrZWVUTXRSNkQzbC9oUUJlczNIQmFZMkpSOTBBK0JMZWVmT1RpTENnMmhoOERnaFVjCjFiTlloZGU0K0dvZ0JtTmtwWHJnb2kvTGVlcXVKaGZualNLV2d4OXBUa1ExdHdBTzk5OHNSRVZncG5qcGQwWlYKUG4vQU1KbUNuRVgrS2ViZWxObzhuU0xES3VYYjN0OGVGTUJUQWNnbVMxbmYyRlZuaWNJN2haU1NZRHFiL083SgpGdnorcTRIc3E0L0gzOVlNZ3BFQ0F3RUFBYU5DTUVBd0RnWURWUjBQQVFIL0JBUURBZ0trTUE4R0ExVWRFd0VCCi93UUZNQU1CQWY4d0hRWURWUjBPQkJZRUZNLzN5eFAybjlWWG90TkRvZFRNVkpJOUNjVWJNQTBHQ1NxR1NJYjMKRFFFQkN3VUFBNElCQVFCZ2cxZExDZytYenJaN1R6cnR4ZzgxT0tKdkNiOEcxVzNQcXZFVUpRam1aektVNkdTQwpHdmhWT2JCRkZTUkpBTEZlcXhyTFFWb0tkWFhQbXdYMDgrN254SVBudTIzQUJIaGd6ZFpjSmYwTGNwdkFvZzBBCmdsWS85SC9QYWhoMWd4SERESklLeVpsK2lXUmIyMHg3M2hCNFY3Q29kdi81dzlKbzZvSGNGNlBWUDFlT1p6QTMKTGxtdU1FUzdtckxKQjRDeHJwOXVPc0QyTm1QU0k5WHVrSGNkdFo2TFNMOXZsWWhhR01tNGtRSXZaRmhjeVo4cgpuTUhHeXcyK244MXhzOFAwckdFZkFHRlJmblc3dWlqZkZBUCtONzFnbVB2MVdBdXpsK1ZRQWE0dFJrYk9Ba0lEClZVUjlEWHV6T0FOT1A5UG9VbWtQN2p5dGJtQ3BDS0dTWDd3eAotLS0tLUVORCBDRVJUSUZJQ0FURS0tLS0tCg==\r\n  name: eks_aakash-test-player-prod\r\n\r\ncontexts:\r\n- context:\r\n    cluster: eks_aakash-test-player-prod\r\n    user: eks_aakash-test-player-prod\r\n  name: eks_aakash-test-player-prod\r\n\r\ncurrent-context: eks_aakash-test-player-prod\r\n\r\nusers:\r\n- name: eks_aakash-test-player-prod\r\n  user:\r\n    exec:\r\n      apiVersion: client.authentication.k8s.io/v1alpha1\r\n      command: aws-iam-authenticator\r\n      args:\r\n        - \"token\"\r\n        - \"-i\"\r\n        - \"aakash-test-player-prod\"",
            "content_base64": null,
            "directory_permission": "0777",
            "file_permission": "0777",
            "filename": "C:\\Users\\Mohit\\.kube\\config",
            "id": "8f204682445e5afee191951f5e638ae7effa92cc",
            "sensitive_content": null
          },
          "sensitive_attributes": [],
          "private": "bnVsbA==",
          "dependencies": [
            "module.eks.aws_eks_cluster.main",
            "module.eks.data.aws_eks_cluster.cluster",
            "module.eks.data.template_file.kubeconfig",
            "module.eks.aws_iam_role.eks_cluster_role",
            "module.eks.aws_iam_role_policy_attachment.AmazonEKSClusterPolicy",
            "module.eks.aws_iam_role_policy_attachment.AmazonEKSServicePolicy",
            "module.vpc.aws_subnet.private",
            "module.vpc.aws_subnet.public",
            "module.vpc.aws_vpc.main"
          ]
        }
      ]
    },
    {
      "module": "module.hpa",
      "mode": "managed",
      "type": "kubernetes_api_service",
      "name": "metrics_server",
      "provider": "provider[\"registry.terraform.io/hashicorp/kubernetes\"]",
      "instances": [
        {
          "schema_version": 0,
          "attributes": {
            "id": "v1beta1.metrics.k8s.io",
            "metadata": [
              {
                "annotations": {},
                "generate_name": "",
                "generation": 0,
                "labels": {},
                "name": "v1beta1.metrics.k8s.io",
                "resource_version": "5387",
                "self_link": "",
                "uid": "82f7b4e4-fd2a-4003-92a7-9a7ea66b640c"
              }
            ],
            "spec": [
              {
                "ca_bundle": "",
                "group": "metrics.k8s.io",
                "group_priority_minimum": 100,
                "insecure_skip_tls_verify": true,
                "service": [
                  {
                    "name": "metrics-server",
                    "namespace": "kube-system",
                    "port": 443
                  }
                ],
                "version": "v1beta1",
                "version_priority": 100
              }
            ]
          },
          "sensitive_attributes": [],
          "private": "bnVsbA=="
        }
      ]
    },
    {
      "module": "module.hpa",
      "mode": "managed",
      "type": "kubernetes_cluster_role",
      "name": "metrics_server",
      "provider": "provider[\"registry.terraform.io/hashicorp/kubernetes\"]",
      "instances": [
        {
          "schema_version": 0,
          "attributes": {
            "aggregation_rule": [],
            "id": "system:metrics-server",
            "metadata": [
              {
                "annotations": {},
                "generation": 0,
                "labels": {
                  "cookielab.io/terraform-module": "metrics-server"
                },
                "name": "system:metrics-server",
                "resource_version": "5325",
                "self_link": "",
                "uid": "453de859-9fe0-4fc8-a90d-53b3068af288"
              }
            ],
            "rule": [
              {
                "api_groups": [
                  ""
                ],
                "non_resource_urls": [],
                "resource_names": [],
                "resources": [
                  "pods",
                  "nodes",
                  "nodes/stats",
                  "namespaces"
                ],
                "verbs": [
                  "get",
                  "list",
                  "watch"
                ]
              }
            ]
          },
          "sensitive_attributes": [],
          "private": "bnVsbA=="
        }
      ]
    },
    {
      "module": "module.hpa",
      "mode": "managed",
      "type": "kubernetes_cluster_role",
      "name": "metrics_server_aggregated_metrics_reader",
      "provider": "provider[\"registry.terraform.io/hashicorp/kubernetes\"]",
      "instances": [
        {
          "schema_version": 0,
          "attributes": {
            "aggregation_rule": [],
            "id": "system:aggregated-metrics-reader",
            "metadata": [
              {
                "annotations": {},
                "generation": 0,
                "labels": {
                  "cookielab.io/terraform-module": "metrics-server",
                  "rbac.authorization.k8s.io/aggregate-to-admin": "true",
                  "rbac.authorization.k8s.io/aggregate-to-edit": "true",
                  "rbac.authorization.k8s.io/aggregate-to-view": "true"
                },
                "name": "system:aggregated-metrics-reader",
                "resource_version": "5324",
                "self_link": "",
                "uid": "e2d138e4-0b2d-4254-be43-bbd791bce375"
              }
            ],
            "rule": [
              {
                "api_groups": [
                  "metrics.k8s.io"
                ],
                "non_resource_urls": [],
                "resource_names": [],
                "resources": [
                  "pods",
                  "nodes"
                ],
                "verbs": [
                  "get",
                  "list",
                  "watch"
                ]
              }
            ]
          },
          "sensitive_attributes": [],
          "private": "bnVsbA=="
        }
      ]
    },
    {
      "module": "module.hpa",
      "mode": "managed",
      "type": "kubernetes_cluster_role_binding",
      "name": "metrics_server_aggregated_metrics_reader",
      "provider": "provider[\"registry.terraform.io/hashicorp/kubernetes\"]",
      "instances": [
        {
          "schema_version": 0,
          "attributes": {
            "id": "metrics-server:system:auth-delegator",
            "metadata": [
              {
                "annotations": {},
                "generation": 0,
                "labels": {
                  "cookielab.io/terraform-module": "metrics-server"
                },
                "name": "metrics-server:system:auth-delegator",
                "resource_version": "5356",
                "self_link": "",
                "uid": "c0493071-833b-4bc2-9226-64cb86f0d305"
              }
            ],
            "role_ref": [
              {
                "api_group": "rbac.authorization.k8s.io",
                "kind": "ClusterRole",
                "name": "system:auth-delegator"
              }
            ],
            "subject": [
              {
                "api_group": "",
                "kind": "ServiceAccount",
                "name": "metrics-server",
                "namespace": "kube-system"
              }
            ]
          },
          "sensitive_attributes": [],
          "private": "bnVsbA==",
          "dependencies": [
            "module.hpa.kubernetes_service_account.metrics_server"
          ]
        }
      ]
    },
    {
      "module": "module.hpa",
      "mode": "managed",
      "type": "kubernetes_cluster_role_binding",
      "name": "metrics_server_auth_delegator",
      "provider": "provider[\"registry.terraform.io/hashicorp/kubernetes\"]",
      "instances": [
        {
          "schema_version": 0,
          "attributes": {
            "id": "system:metrics-server",
            "metadata": [
              {
                "annotations": {},
                "generation": 0,
                "labels": {
                  "cookielab.io/terraform-module": "metrics-server"
                },
                "name": "system:metrics-server",
                "resource_version": "5355",
                "self_link": "",
                "uid": "51b8c6b9-da24-4e60-a19c-0738a22e5344"
              }
            ],
            "role_ref": [
              {
                "api_group": "rbac.authorization.k8s.io",
                "kind": "ClusterRole",
                "name": "system:metrics-server"
              }
            ],
            "subject": [
              {
                "api_group": "",
                "kind": "ServiceAccount",
                "name": "metrics-server",
                "namespace": "kube-system"
              }
            ]
          },
          "sensitive_attributes": [],
          "private": "bnVsbA==",
          "dependencies": [
            "module.hpa.kubernetes_cluster_role.metrics_server",
            "module.hpa.kubernetes_service_account.metrics_server"
          ]
        }
      ]
    },
    {
      "module": "module.hpa",
      "mode": "managed",
      "type": "kubernetes_deployment",
      "name": "metrics_server",
      "provider": "provider[\"registry.terraform.io/hashicorp/kubernetes\"]",
      "instances": [
        {
          "schema_version": 0,
          "attributes": {
            "id": "kube-system/metrics-server",
            "metadata": [
              {
                "annotations": {},
                "generate_name": "",
                "generation": 1,
                "labels": {
                  "cookielab.io/application": "metrics-server",
                  "cookielab.io/process": "bootstrap",
                  "cookielab.io/terraform-module": "metrics-server"
                },
                "name": "metrics-server",
                "namespace": "kube-system",
                "resource_version": "5386",
                "self_link": "",
                "uid": "9b1b6c82-3db6-49fc-bfdb-e2d8ffb3399f"
              }
            ],
            "spec": [
              {
                "min_ready_seconds": 0,
                "paused": false,
                "progress_deadline_seconds": 600,
                "replicas": 1,
                "revision_history_limit": 10,
                "selector": [
                  {
                    "match_expressions": [],
                    "match_labels": {
                      "cookielab.io/application": "metrics-server",
                      "cookielab.io/process": "bootstrap"
                    }
                  }
                ],
                "strategy": [
                  {
                    "rolling_update": [
                      {
                        "max_surge": "25%",
                        "max_unavailable": "25%"
                      }
                    ],
                    "type": "RollingUpdate"
                  }
                ],
                "template": [
                  {
                    "metadata": [
                      {
                        "annotations": {},
                        "generate_name": "",
                        "generation": 0,
                        "labels": {
                          "cookielab.io/application": "metrics-server",
                          "cookielab.io/process": "bootstrap",
                          "cookielab.io/terraform-module": "metrics-server"
                        },
                        "name": "metrics-server",
                        "namespace": "",
                        "resource_version": "",
                        "self_link": "",
                        "uid": ""
                      }
                    ],
                    "spec": [
                      {
                        "active_deadline_seconds": 0,
                        "affinity": [],
                        "automount_service_account_token": true,
                        "container": [
                          {
                            "args": [
                              "--cert-dir=/tmp",
                              "--logtostderr",
                              "--v=0",
                              "--secure-port=4443",
                              "--metric-resolution=60s",
                              "--kubelet-port=10250",
                              "--kubelet-preferred-address-types=Hostname,InternalDNS,InternalIP,ExternalDNS,ExternalIP"
                            ],
                            "command": [],
                            "env": [],
                            "env_from": [],
                            "image": "k8s.gcr.io/metrics-server-amd64:v0.3.6",
                            "image_pull_policy": "Always",
                            "lifecycle": [],
                            "liveness_probe": [],
                            "name": "metrics-server",
                            "port": [
                              {
                                "container_port": 4443,
                                "host_ip": "",
                                "host_port": 0,
                                "name": "main-port",
                                "protocol": "TCP"
                              }
                            ],
                            "readiness_probe": [],
                            "resources": [
                              {
                                "limits": [],
                                "requests": []
                              }
                            ],
                            "security_context": [
                              {
                                "allow_privilege_escalation": true,
                                "capabilities": [],
                                "privileged": false,
                                "read_only_root_filesystem": true,
                                "run_as_group": 0,
                                "run_as_non_root": true,
                                "run_as_user": 1000,
                                "se_linux_options": []
                              }
                            ],
                            "startup_probe": [],
                            "stdin": false,
                            "stdin_once": false,
                            "termination_message_path": "/dev/termination-log",
                            "termination_message_policy": "File",
                            "tty": false,
                            "volume_mount": [
                              {
                                "mount_path": "/tmp",
                                "mount_propagation": "None",
                                "name": "tmp-dir",
                                "read_only": false,
                                "sub_path": ""
                              }
                            ],
                            "working_dir": ""
                          }
                        ],
                        "dns_config": [],
                        "dns_policy": "ClusterFirst",
                        "enable_service_links": true,
                        "host_aliases": [],
                        "host_ipc": false,
                        "host_network": false,
                        "host_pid": false,
                        "hostname": "",
                        "image_pull_secrets": [],
                        "init_container": [],
                        "node_name": "",
                        "node_selector": {
                          "beta.kubernetes.io/os": "linux"
                        },
                        "priority_class_name": "",
                        "readiness_gate": [],
                        "restart_policy": "Always",
                        "security_context": [],
                        "service_account_name": "metrics-server",
                        "share_process_namespace": false,
                        "subdomain": "",
                        "termination_grace_period_seconds": 30,
                        "toleration": [],
                        "volume": [
                          {
                            "aws_elastic_block_store": [],
                            "azure_disk": [],
                            "azure_file": [],
                            "ceph_fs": [],
                            "cinder": [],
                            "config_map": [],
                            "csi": [],
                            "downward_api": [],
                            "empty_dir": [
                              {
                                "medium": "",
                                "size_limit": ""
                              }
                            ],
                            "fc": [],
                            "flex_volume": [],
                            "flocker": [],
                            "gce_persistent_disk": [],
                            "git_repo": [],
                            "glusterfs": [],
                            "host_path": [],
                            "iscsi": [],
                            "local": [],
                            "name": "tmp-dir",
                            "nfs": [],
                            "persistent_volume_claim": [],
                            "photon_persistent_disk": [],
                            "projected": [],
                            "quobyte": [],
                            "rbd": [],
                            "secret": [],
                            "vsphere_volume": []
                          }
                        ]
                      }
                    ]
                  }
                ]
              }
            ],
            "timeouts": null,
            "wait_for_rollout": true
          },
          "sensitive_attributes": [],
          "private": "eyJlMmJmYjczMC1lY2FhLTExZTYtOGY4OC0zNDM2M2JjN2M0YzAiOnsiY3JlYXRlIjo2MDAwMDAwMDAwMDAsImRlbGV0ZSI6NjAwMDAwMDAwMDAwLCJ1cGRhdGUiOjYwMDAwMDAwMDAwMH19",
          "dependencies": [
            "module.hpa.kubernetes_service_account.metrics_server"
          ]
        }
      ]
    },
    {
      "module": "module.hpa",
      "mode": "managed",
      "type": "kubernetes_role_binding",
      "name": "metrics_server_auth_reader",
      "provider": "provider[\"registry.terraform.io/hashicorp/kubernetes\"]",
      "instances": [
        {
          "schema_version": 0,
          "attributes": {
            "id": "kube-system/metrics-server-auth-reader",
            "metadata": [
              {
                "annotations": {},
                "generation": 0,
                "labels": {},
                "name": "metrics-server-auth-reader",
                "namespace": "kube-system",
                "resource_version": "5357",
                "self_link": "",
                "uid": "5d773fc3-60f3-4e58-ab59-fdd53cb3f033"
              }
            ],
            "role_ref": [
              {
                "api_group": "rbac.authorization.k8s.io",
                "kind": "Role",
                "name": "extension-apiserver-authentication-reader"
              }
            ],
            "subject": [
              {
                "api_group": "",
                "kind": "ServiceAccount",
                "name": "metrics-server",
                "namespace": "kube-system"
              }
            ]
          },
          "sensitive_attributes": [],
          "private": "bnVsbA==",
          "dependencies": [
            "module.hpa.kubernetes_service_account.metrics_server"
          ]
        }
      ]
    },
    {
      "module": "module.hpa",
      "mode": "managed",
      "type": "kubernetes_service",
      "name": "metrics_server",
      "provider": "provider[\"registry.terraform.io/hashicorp/kubernetes\"]",
      "instances": [
        {
          "schema_version": 0,
          "attributes": {
            "id": "kube-system/metrics-server",
            "load_balancer_ingress": [],
            "metadata": [
              {
                "annotations": {},
                "generate_name": "",
                "generation": 0,
                "labels": {
                  "cookielab.io/terraform-module": "metrics-server",
                  "kubernetes.io/cluster-service": "true",
                  "kubernetes.io/name": "Metrics-server"
                },
                "name": "metrics-server",
                "namespace": "kube-system",
                "resource_version": "5335",
                "self_link": "",
                "uid": "3ce563e3-6211-4950-ace0-e6edf15045f8"
              }
            ],
            "spec": [
              {
                "cluster_ip": "172.20.96.150",
                "external_ips": [],
                "external_name": "",
                "external_traffic_policy": "",
                "health_check_node_port": 0,
                "load_balancer_ip": "",
                "load_balancer_source_ranges": [],
                "port": [
                  {
                    "name": "",
                    "node_port": 0,
                    "port": 443,
                    "protocol": "TCP",
                    "target_port": "main-port"
                  }
                ],
                "publish_not_ready_addresses": false,
                "selector": {
                  "cookielab.io/application": "metrics-server",
                  "cookielab.io/process": "bootstrap"
                },
                "session_affinity": "None",
                "type": "ClusterIP"
              }
            ],
            "timeouts": null
          },
          "sensitive_attributes": [],
          "private": "eyJlMmJmYjczMC1lY2FhLTExZTYtOGY4OC0zNDM2M2JjN2M0YzAiOnsiY3JlYXRlIjo2MDAwMDAwMDAwMDB9fQ=="
        }
      ]
    },
    {
      "module": "module.hpa",
      "mode": "managed",
      "type": "kubernetes_service_account",
      "name": "metrics_server",
      "provider": "provider[\"registry.terraform.io/hashicorp/kubernetes\"]",
      "instances": [
        {
          "schema_version": 0,
          "attributes": {
            "automount_service_account_token": false,
            "default_secret_name": "metrics-server-token-9trxb",
            "id": "kube-system/metrics-server",
            "image_pull_secret": [],
            "metadata": [
              {
                "annotations": {},
                "generate_name": "",
                "generation": 0,
                "labels": {},
                "name": "metrics-server",
                "namespace": "kube-system",
                "resource_version": "5343",
                "self_link": "",
                "uid": "882f3f52-2c8a-4790-b12e-87c0758d4a1a"
              }
            ],
            "secret": [],
            "timeouts": null
          },
          "sensitive_attributes": [],
          "private": "eyJlMmJmYjczMC1lY2FhLTExZTYtOGY4OC0zNDM2M2JjN2M0YzAiOnsiY3JlYXRlIjozMDAwMDAwMDAwMH19"
        }
      ]
    },
    {
      "module": "module.rds",
      "mode": "managed",
      "type": "aws_rds_cluster",
      "name": "aakash_rds",
      "provider": "provider[\"registry.terraform.io/hashicorp/aws\"]",
      "instances": [
        {
          "schema_version": 0,
          "attributes": {
            "allow_major_version_upgrade": null,
            "apply_immediately": true,
            "arn": "arn:aws:rds:us-east-1:023980798539:cluster:aakash-test-player-prod-rds",
            "availability_zones": [
              "us-east-1a",
              "us-east-1b",
              "us-east-1c"
            ],
            "backtrack_window": 0,
            "backup_retention_period": 1,
            "cluster_identifier": "aakash-test-player-prod-rds",
            "cluster_identifier_prefix": null,
            "cluster_members": [
              "aakash-test-player-prod-rds-0",
              "aakash-test-player-prod-rds-1"
            ],
            "cluster_resource_id": "cluster-X4TLPTF6SUTTWCAADWIHKGGDUI",
            "copy_tags_to_snapshot": false,
            "database_name": "aakashTestPlayerRDS",
            "db_cluster_parameter_group_name": "default.aurora-mysql5.7",
            "db_subnet_group_name": "aakash-test-player-prod-subnet-group",
            "deletion_protection": true,
            "enable_http_endpoint": false,
            "enabled_cloudwatch_logs_exports": [],
            "endpoint": "aakash-test-player-prod-rds.cluster-civtpltgnanz.us-east-1.rds.amazonaws.com",
            "engine": "aurora-mysql",
            "engine_mode": "provisioned",
            "engine_version": "5.7.mysql_aurora.2.07.2",
            "engine_version_actual": "5.7.mysql_aurora.2.07.2",
            "final_snapshot_identifier": null,
            "global_cluster_identifier": "",
            "hosted_zone_id": "Z2R2ITUGPM61AM",
            "iam_database_authentication_enabled": false,
            "iam_roles": [],
            "id": "aakash-test-player-prod-rds",
            "kms_key_id": "arn:aws:kms:us-east-1:023980798539:key/9e57332b-565b-4925-9178-3ecac6d4171a",
            "master_password": "aakashTestPlayer",
            "master_username": "aakash",
            "port": 3306,
            "preferred_backup_window": "05:42-06:12",
            "preferred_maintenance_window": "thu:04:56-thu:05:26",
            "reader_endpoint": "aakash-test-player-prod-rds.cluster-ro-civtpltgnanz.us-east-1.rds.amazonaws.com",
            "replication_source_identifier": "",
            "restore_to_point_in_time": [],
            "s3_import": [],
            "scaling_configuration": [],
            "skip_final_snapshot": true,
            "snapshot_identifier": null,
            "source_region": null,
            "storage_encrypted": true,
            "tags": {
              "Environment": "prod",
              "Product": "aakash-test-player"
            },
            "tags_all": {
              "Environment": "prod",
              "Product": "aakash-test-player"
            },
            "timeouts": null,
            "vpc_security_group_ids": [
              "sg-043c75c5437c46c2d"
            ]
          },
          "sensitive_attributes": [],
          "private": "eyJlMmJmYjczMC1lY2FhLTExZTYtOGY4OC0zNDM2M2JjN2M0YzAiOnsiY3JlYXRlIjo3MjAwMDAwMDAwMDAwLCJkZWxldGUiOjcyMDAwMDAwMDAwMDAsInVwZGF0ZSI6NzIwMDAwMDAwMDAwMH19",
          "dependencies": [
            "module.rds.aws_security_group.sg",
            "module.vpc.aws_db_subnet_group.main",
            "module.vpc.aws_subnet.public",
            "module.vpc.aws_vpc.main"
          ]
        }
      ]
    },
    {
      "module": "module.rds",
      "mode": "managed",
      "type": "aws_rds_cluster_instance",
      "name": "cluster_instances",
      "provider": "provider[\"registry.terraform.io/hashicorp/aws\"]",
      "instances": [
        {
          "index_key": 0,
          "schema_version": 0,
          "attributes": {
            "apply_immediately": false,
            "arn": "arn:aws:rds:us-east-1:023980798539:db:aakash-test-player-prod-rds-0",
            "auto_minor_version_upgrade": false,
            "availability_zone": "us-east-1b",
            "ca_cert_identifier": "rds-ca-2019",
            "cluster_identifier": "aakash-test-player-prod-rds",
            "copy_tags_to_snapshot": false,
            "db_parameter_group_name": "default.aurora-mysql5.7",
            "db_subnet_group_name": "aakash-test-player-prod-subnet-group",
            "dbi_resource_id": "db-TM2HDPS6MDXSGNUJ2VLGWYT6XY",
            "endpoint": "aakash-test-player-prod-rds-0.civtpltgnanz.us-east-1.rds.amazonaws.com",
            "engine": "aurora-mysql",
            "engine_version": "5.7.mysql_aurora.2.07.2",
            "engine_version_actual": "5.7.mysql_aurora.2.07.2",
            "id": "aakash-test-player-prod-rds-0",
            "identifier": "aakash-test-player-prod-rds-0",
            "identifier_prefix": null,
            "instance_class": "db.t3.medium",
            "kms_key_id": "arn:aws:kms:us-east-1:023980798539:key/9e57332b-565b-4925-9178-3ecac6d4171a",
            "monitoring_interval": 0,
            "monitoring_role_arn": "",
            "performance_insights_enabled": false,
            "performance_insights_kms_key_id": "",
            "port": 3306,
            "preferred_backup_window": "05:42-06:12",
            "preferred_maintenance_window": "sun:08:50-sun:09:20",
            "promotion_tier": 0,
            "publicly_accessible": false,
            "storage_encrypted": true,
            "tags": {
              "Environment": "prod",
              "Product": "aakash-test-player"
            },
            "tags_all": {
              "Environment": "prod",
              "Product": "aakash-test-player"
            },
            "timeouts": null,
            "writer": false
          },
          "sensitive_attributes": [],
          "private": "eyJlMmJmYjczMC1lY2FhLTExZTYtOGY4OC0zNDM2M2JjN2M0YzAiOnsiY3JlYXRlIjo1NDAwMDAwMDAwMDAwLCJkZWxldGUiOjU0MDAwMDAwMDAwMDAsInVwZGF0ZSI6NTQwMDAwMDAwMDAwMH19",
          "dependencies": [
            "module.vpc.aws_subnet.public",
            "module.vpc.aws_vpc.main",
            "module.rds.aws_rds_cluster.aakash_rds",
            "module.rds.aws_security_group.sg",
            "module.vpc.aws_db_subnet_group.main"
          ]
        },
        {
          "index_key": 1,
          "schema_version": 0,
          "attributes": {
            "apply_immediately": false,
            "arn": "arn:aws:rds:us-east-1:023980798539:db:aakash-test-player-prod-rds-1",
            "auto_minor_version_upgrade": false,
            "availability_zone": "us-east-1c",
            "ca_cert_identifier": "rds-ca-2019",
            "cluster_identifier": "aakash-test-player-prod-rds",
            "copy_tags_to_snapshot": false,
            "db_parameter_group_name": "default.aurora-mysql5.7",
            "db_subnet_group_name": "aakash-test-player-prod-subnet-group",
            "dbi_resource_id": "db-MTIUNYT3WAIMABUZGXP7TFPQ5I",
            "endpoint": "aakash-test-player-prod-rds-1.civtpltgnanz.us-east-1.rds.amazonaws.com",
            "engine": "aurora-mysql",
            "engine_version": "5.7.mysql_aurora.2.07.2",
            "engine_version_actual": "5.7.mysql_aurora.2.07.2",
            "id": "aakash-test-player-prod-rds-1",
            "identifier": "aakash-test-player-prod-rds-1",
            "identifier_prefix": null,
            "instance_class": "db.t3.medium",
            "kms_key_id": "arn:aws:kms:us-east-1:023980798539:key/9e57332b-565b-4925-9178-3ecac6d4171a",
            "monitoring_interval": 0,
            "monitoring_role_arn": "",
            "performance_insights_enabled": false,
            "performance_insights_kms_key_id": "",
            "port": 3306,
            "preferred_backup_window": "05:42-06:12",
            "preferred_maintenance_window": "tue:06:21-tue:06:51",
            "promotion_tier": 0,
            "publicly_accessible": false,
            "storage_encrypted": true,
            "tags": {
              "Environment": "prod",
              "Product": "aakash-test-player"
            },
            "tags_all": {
              "Environment": "prod",
              "Product": "aakash-test-player"
            },
            "timeouts": null,
            "writer": true
          },
          "sensitive_attributes": [],
          "private": "eyJlMmJmYjczMC1lY2FhLTExZTYtOGY4OC0zNDM2M2JjN2M0YzAiOnsiY3JlYXRlIjo1NDAwMDAwMDAwMDAwLCJkZWxldGUiOjU0MDAwMDAwMDAwMDAsInVwZGF0ZSI6NTQwMDAwMDAwMDAwMH19",
          "dependencies": [
            "module.vpc.aws_subnet.public",
            "module.vpc.aws_vpc.main",
            "module.rds.aws_rds_cluster.aakash_rds",
            "module.rds.aws_security_group.sg",
            "module.vpc.aws_db_subnet_group.main"
          ]
        }
      ]
    },
    {
      "module": "module.rds",
      "mode": "managed",
      "type": "aws_security_group",
      "name": "sg",
      "provider": "provider[\"registry.terraform.io/hashicorp/aws\"]",
      "instances": [
        {
          "schema_version": 1,
          "attributes": {
            "arn": "arn:aws:ec2:us-east-1:023980798539:security-group/sg-043c75c5437c46c2d",
            "description": "Allow kubernetes custer traffic only",
            "egress": [],
            "id": "sg-043c75c5437c46c2d",
            "ingress": [],
            "name": "aakash-test-player-prod-db-sg",
            "name_prefix": "",
            "owner_id": "023980798539",
            "revoke_rules_on_delete": false,
            "tags": {},
            "tags_all": {},
            "timeouts": null,
            "vpc_id": "vpc-094d2d308d7f57b34"
          },
          "sensitive_attributes": [],
          "private": "eyJlMmJmYjczMC1lY2FhLTExZTYtOGY4OC0zNDM2M2JjN2M0YzAiOnsiY3JlYXRlIjo2MDAwMDAwMDAwMDAsImRlbGV0ZSI6OTAwMDAwMDAwMDAwfSwic2NoZW1hX3ZlcnNpb24iOiIxIn0=",
          "dependencies": [
            "module.vpc.aws_vpc.main"
          ]
        }
      ]
    },
    {
      "module": "module.vpc",
      "mode": "managed",
      "type": "aws_cloudwatch_log_group",
      "name": "vpc",
      "provider": "provider[\"registry.terraform.io/hashicorp/aws\"]",
      "instances": [
        {
          "schema_version": 0,
          "attributes": {
            "arn": "arn:aws:logs:us-east-1:023980798539:log-group:/aws/vpc/aakash-test-player-prod/flow",
            "id": "/aws/vpc/aakash-test-player-prod/flow",
            "kms_key_id": "",
            "name": "/aws/vpc/aakash-test-player-prod/flow",
            "name_prefix": null,
            "retention_in_days": 30,
            "tags": {
              "Environment": "prod",
              "Name": "aakash-test-player-prod-vpc-cloudwatch-log-group",
              "Product": "aakash-test-player"
            },
            "tags_all": {
              "Environment": "prod",
              "Name": "aakash-test-player-prod-vpc-cloudwatch-log-group",
              "Product": "aakash-test-player"
            }
          },
          "sensitive_attributes": [],
          "private": "bnVsbA=="
        }
      ]
    },
    {
      "module": "module.vpc",
      "mode": "managed",
      "type": "aws_db_subnet_group",
      "name": "main",
      "provider": "provider[\"registry.terraform.io/hashicorp/aws\"]",
      "instances": [
        {
          "schema_version": 0,
          "attributes": {
            "arn": "arn:aws:rds:us-east-1:023980798539:subgrp:aakash-test-player-prod-subnet-group",
            "description": "Aakash Test-Player RDS subnet group",
            "id": "aakash-test-player-prod-subnet-group",
            "name": "aakash-test-player-prod-subnet-group",
            "name_prefix": null,
            "subnet_ids": [
              "subnet-09daa187506568c68",
              "subnet-09ef486caf532fed7",
              "subnet-0ab41ed21ab62c5f4"
            ],
            "tags": {},
            "tags_all": {}
          },
          "sensitive_attributes": [],
          "private": "bnVsbA==",
          "dependencies": [
            "module.vpc.aws_subnet.public",
            "module.vpc.aws_vpc.main"
          ]
        }
      ]
    },
    {
      "module": "module.vpc",
      "mode": "managed",
      "type": "aws_eip",
      "name": "nat",
      "provider": "provider[\"registry.terraform.io/hashicorp/aws\"]",
      "instances": [
        {
          "index_key": 0,
          "schema_version": 0,
          "attributes": {
            "address": null,
            "allocation_id": null,
            "associate_with_private_ip": null,
            "association_id": "eipassoc-07e0be8c43ed34abc",
            "carrier_ip": "",
            "customer_owned_ip": "",
            "customer_owned_ipv4_pool": "",
            "domain": "vpc",
            "id": "eipalloc-0da01fdedcfa58ad2",
            "instance": "",
            "network_border_group": "us-east-1",
            "network_interface": "eni-0d06e71bdd00e6f7a",
            "private_dns": "ip-10-0-21-170.ec2.internal",
            "private_ip": "10.0.21.170",
            "public_dns": "ec2-44-199-24-140.compute-1.amazonaws.com",
            "public_ip": "44.199.24.140",
            "public_ipv4_pool": "amazon",
            "tags": {
              "Environment": "prod",
              "Name": "aakash-test-player-prod-eip-001",
              "Product": "aakash-test-player"
            },
            "tags_all": {
              "Environment": "prod",
              "Name": "aakash-test-player-prod-eip-001",
              "Product": "aakash-test-player"
            },
            "timeouts": null,
            "vpc": true
          },
          "sensitive_attributes": [],
          "private": "eyJlMmJmYjczMC1lY2FhLTExZTYtOGY4OC0zNDM2M2JjN2M0YzAiOnsiZGVsZXRlIjoxODAwMDAwMDAwMDAsInJlYWQiOjkwMDAwMDAwMDAwMCwidXBkYXRlIjozMDAwMDAwMDAwMDB9fQ=="
        },
        {
          "index_key": 1,
          "schema_version": 0,
          "attributes": {
            "address": null,
            "allocation_id": null,
            "associate_with_private_ip": null,
            "association_id": "eipassoc-0cd49ca6edf6a4439",
            "carrier_ip": "",
            "customer_owned_ip": "",
            "customer_owned_ipv4_pool": "",
            "domain": "vpc",
            "id": "eipalloc-0d0cd0ac3ab6e9610",
            "instance": "",
            "network_border_group": "us-east-1",
            "network_interface": "eni-08e21267c1c2b80bc",
            "private_dns": "ip-10-0-58-248.ec2.internal",
            "private_ip": "10.0.58.248",
            "public_dns": "ec2-52-6-24-170.compute-1.amazonaws.com",
            "public_ip": "52.6.24.170",
            "public_ipv4_pool": "amazon",
            "tags": {
              "Environment": "prod",
              "Name": "aakash-test-player-prod-eip-002",
              "Product": "aakash-test-player"
            },
            "tags_all": {
              "Environment": "prod",
              "Name": "aakash-test-player-prod-eip-002",
              "Product": "aakash-test-player"
            },
            "timeouts": null,
            "vpc": true
          },
          "sensitive_attributes": [],
          "private": "eyJlMmJmYjczMC1lY2FhLTExZTYtOGY4OC0zNDM2M2JjN2M0YzAiOnsiZGVsZXRlIjoxODAwMDAwMDAwMDAsInJlYWQiOjkwMDAwMDAwMDAwMCwidXBkYXRlIjozMDAwMDAwMDAwMDB9fQ=="
        },
        {
          "index_key": 2,
          "schema_version": 0,
          "attributes": {
            "address": null,
            "allocation_id": null,
            "associate_with_private_ip": null,
            "association_id": "eipassoc-035583b6c329dd8cc",
            "carrier_ip": "",
            "customer_owned_ip": "",
            "customer_owned_ipv4_pool": "",
            "domain": "vpc",
            "id": "eipalloc-0aacd0e695cb91067",
            "instance": "",
            "network_border_group": "us-east-1",
            "network_interface": "eni-0640b96be7b70272d",
            "private_dns": "ip-10-0-81-186.ec2.internal",
            "private_ip": "10.0.81.186",
            "public_dns": "ec2-54-156-50-206.compute-1.amazonaws.com",
            "public_ip": "54.156.50.206",
            "public_ipv4_pool": "amazon",
            "tags": {
              "Environment": "prod",
              "Name": "aakash-test-player-prod-eip-003",
              "Product": "aakash-test-player"
            },
            "tags_all": {
              "Environment": "prod",
              "Name": "aakash-test-player-prod-eip-003",
              "Product": "aakash-test-player"
            },
            "timeouts": null,
            "vpc": true
          },
          "sensitive_attributes": [],
          "private": "eyJlMmJmYjczMC1lY2FhLTExZTYtOGY4OC0zNDM2M2JjN2M0YzAiOnsiZGVsZXRlIjoxODAwMDAwMDAwMDAsInJlYWQiOjkwMDAwMDAwMDAwMCwidXBkYXRlIjozMDAwMDAwMDAwMDB9fQ=="
        }
      ]
    },
    {
      "module": "module.vpc",
      "mode": "managed",
      "type": "aws_elasticache_subnet_group",
      "name": "main",
      "provider": "provider[\"registry.terraform.io/hashicorp/aws\"]",
      "instances": [
        {
          "schema_version": 0,
          "attributes": {
            "arn": "arn:aws:elasticache:us-east-1:023980798539:subnetgroup:aakash-test-player-prod-cache-subnet-group",
            "description": "Managed by Terraform",
            "id": "aakash-test-player-prod-cache-subnet-group",
            "name": "aakash-test-player-prod-cache-subnet-group",
            "subnet_ids": [
              "subnet-09daa187506568c68",
              "subnet-09ef486caf532fed7",
              "subnet-0ab41ed21ab62c5f4"
            ],
            "tags": {},
            "tags_all": {}
          },
          "sensitive_attributes": [],
          "private": "bnVsbA==",
          "dependencies": [
            "module.vpc.aws_subnet.public",
            "module.vpc.aws_vpc.main"
          ]
        }
      ]
    },
    {
      "module": "module.vpc",
      "mode": "managed",
      "type": "aws_flow_log",
      "name": "main",
      "provider": "provider[\"registry.terraform.io/hashicorp/aws\"]",
      "instances": [
        {
          "schema_version": 0,
          "attributes": {
            "arn": "arn:aws:ec2:us-east-1:023980798539:vpc-flow-log/fl-08174965bfd5936d3",
            "eni_id": null,
            "iam_role_arn": "arn:aws:iam::023980798539:role/aakash-test-player-prod-vpc-flow-logs-role",
            "id": "fl-08174965bfd5936d3",
            "log_destination": "arn:aws:logs:us-east-1:023980798539:log-group:/aws/vpc/aakash-test-player-prod/flow",
            "log_destination_type": "cloud-watch-logs",
            "log_format": "${version} ${account-id} ${interface-id} ${srcaddr} ${dstaddr} ${srcport} ${dstport} ${protocol} ${packets} ${bytes} ${start} ${end} ${action} ${log-status}",
            "log_group_name": "/aws/vpc/aakash-test-player-prod/flow",
            "max_aggregation_interval": 600,
            "subnet_id": null,
            "tags": {},
            "tags_all": {},
            "traffic_type": "ALL",
            "vpc_id": "vpc-094d2d308d7f57b34"
          },
          "sensitive_attributes": [],
          "private": "bnVsbA==",
          "dependencies": [
            "module.vpc.aws_cloudwatch_log_group.vpc",
            "module.vpc.aws_iam_role.vpc-flow-logs-role",
            "module.vpc.aws_vpc.main"
          ]
        }
      ]
    },
    {
      "module": "module.vpc",
      "mode": "managed",
      "type": "aws_iam_role",
      "name": "vpc-flow-logs-role",
      "provider": "provider[\"registry.terraform.io/hashicorp/aws\"]",
      "instances": [
        {
          "schema_version": 0,
          "attributes": {
            "arn": "arn:aws:iam::023980798539:role/aakash-test-player-prod-vpc-flow-logs-role",
            "assume_role_policy": "{\"Version\":\"2012-10-17\",\"Statement\":[{\"Sid\":\"\",\"Effect\":\"Allow\",\"Principal\":{\"Service\":\"vpc-flow-logs.amazonaws.com\"},\"Action\":\"sts:AssumeRole\"}]}",
            "create_date": "2021-09-16T05:44:26Z",
            "description": "",
            "force_detach_policies": false,
            "id": "aakash-test-player-prod-vpc-flow-logs-role",
            "inline_policy": [
              {
                "name": "aakash-test-player-prod-vpc-flow-logs-policy",
                "policy": "{\r\n  \"Version\": \"2012-10-17\",\r\n  \"Statement\": [\r\n    {\r\n      \"Action\": [\r\n        \"logs:CreateLogGroup\",\r\n        \"logs:CreateLogStream\",\r\n        \"logs:PutLogEvents\",\r\n        \"logs:DescribeLogGroups\",\r\n        \"logs:DescribeLogStreams\"\r\n      ],\r\n      \"Effect\": \"Allow\",\r\n      \"Resource\": \"*\"\r\n    }\r\n  ]\r\n}\r\n"
              }
            ],
            "managed_policy_arns": [],
            "max_session_duration": 3600,
            "name": "aakash-test-player-prod-vpc-flow-logs-role",
            "name_prefix": null,
            "path": "/",
            "permissions_boundary": null,
            "tags": {},
            "tags_all": {},
            "unique_id": "AROAQLFK56JFT4Y3S4563"
          },
          "sensitive_attributes": [],
          "private": "bnVsbA=="
        }
      ]
    },
    {
      "module": "module.vpc",
      "mode": "managed",
      "type": "aws_iam_role_policy",
      "name": "vpc-flow-logs-policy",
      "provider": "provider[\"registry.terraform.io/hashicorp/aws\"]",
      "instances": [
        {
          "schema_version": 0,
          "attributes": {
            "id": "aakash-test-player-prod-vpc-flow-logs-role:aakash-test-player-prod-vpc-flow-logs-policy",
            "name": "aakash-test-player-prod-vpc-flow-logs-policy",
            "name_prefix": null,
            "policy": "{\r\n  \"Version\": \"2012-10-17\",\r\n  \"Statement\": [\r\n    {\r\n      \"Action\": [\r\n        \"logs:CreateLogGroup\",\r\n        \"logs:CreateLogStream\",\r\n        \"logs:PutLogEvents\",\r\n        \"logs:DescribeLogGroups\",\r\n        \"logs:DescribeLogStreams\"\r\n      ],\r\n      \"Effect\": \"Allow\",\r\n      \"Resource\": \"*\"\r\n    }\r\n  ]\r\n}\r\n",
            "role": "aakash-test-player-prod-vpc-flow-logs-role"
          },
          "sensitive_attributes": [],
          "private": "bnVsbA==",
          "dependencies": [
            "module.vpc.aws_iam_role.vpc-flow-logs-role"
          ]
        }
      ]
    },
    {
      "module": "module.vpc",
      "mode": "managed",
      "type": "aws_internet_gateway",
      "name": "main",
      "provider": "provider[\"registry.terraform.io/hashicorp/aws\"]",
      "instances": [
        {
          "schema_version": 0,
          "attributes": {
            "arn": "arn:aws:ec2:us-east-1:023980798539:internet-gateway/igw-03211ee3a43c2b657",
            "id": "igw-03211ee3a43c2b657",
            "owner_id": "023980798539",
            "tags": {
              "Environment": "prod",
              "Name": "aakash-test-player-prod-igw",
              "Product": "aakash-test-player"
            },
            "tags_all": {
              "Environment": "prod",
              "Name": "aakash-test-player-prod-igw",
              "Product": "aakash-test-player"
            },
            "vpc_id": "vpc-094d2d308d7f57b34"
          },
          "sensitive_attributes": [],
          "private": "bnVsbA==",
          "dependencies": [
            "module.vpc.aws_vpc.main"
          ]
        }
      ]
    },
    {
      "module": "module.vpc",
      "mode": "managed",
      "type": "aws_nat_gateway",
      "name": "main",
      "provider": "provider[\"registry.terraform.io/hashicorp/aws\"]",
      "instances": [
        {
          "index_key": 0,
          "schema_version": 0,
          "attributes": {
            "allocation_id": "eipalloc-0da01fdedcfa58ad2",
            "connectivity_type": "public",
            "id": "nat-06d8fad651219af87",
            "network_interface_id": "eni-0d06e71bdd00e6f7a",
            "private_ip": "10.0.21.170",
            "public_ip": "44.199.24.140",
            "subnet_id": "subnet-0ab41ed21ab62c5f4",
            "tags": {
              "Environment": "prod",
              "Name": "aakash-test-player-prod-nat-001",
              "Product": "aakash-test-player"
            },
            "tags_all": {
              "Environment": "prod",
              "Name": "aakash-test-player-prod-nat-001",
              "Product": "aakash-test-player"
            }
          },
          "sensitive_attributes": [],
          "private": "bnVsbA==",
          "dependencies": [
            "module.vpc.aws_internet_gateway.main",
            "module.vpc.aws_subnet.public",
            "module.vpc.aws_vpc.main",
            "module.vpc.aws_eip.nat"
          ]
        },
        {
          "index_key": 1,
          "schema_version": 0,
          "attributes": {
            "allocation_id": "eipalloc-0d0cd0ac3ab6e9610",
            "connectivity_type": "public",
            "id": "nat-095d099872db316c4",
            "network_interface_id": "eni-08e21267c1c2b80bc",
            "private_ip": "10.0.58.248",
            "public_ip": "52.6.24.170",
            "subnet_id": "subnet-09ef486caf532fed7",
            "tags": {
              "Environment": "prod",
              "Name": "aakash-test-player-prod-nat-002",
              "Product": "aakash-test-player"
            },
            "tags_all": {
              "Environment": "prod",
              "Name": "aakash-test-player-prod-nat-002",
              "Product": "aakash-test-player"
            }
          },
          "sensitive_attributes": [],
          "private": "bnVsbA==",
          "dependencies": [
            "module.vpc.aws_internet_gateway.main",
            "module.vpc.aws_subnet.public",
            "module.vpc.aws_vpc.main",
            "module.vpc.aws_eip.nat"
          ]
        },
        {
          "index_key": 2,
          "schema_version": 0,
          "attributes": {
            "allocation_id": "eipalloc-0aacd0e695cb91067",
            "connectivity_type": "public",
            "id": "nat-0d029361f470fa519",
            "network_interface_id": "eni-0640b96be7b70272d",
            "private_ip": "10.0.81.186",
            "public_ip": "54.156.50.206",
            "subnet_id": "subnet-09daa187506568c68",
            "tags": {
              "Environment": "prod",
              "Name": "aakash-test-player-prod-nat-003",
              "Product": "aakash-test-player"
            },
            "tags_all": {
              "Environment": "prod",
              "Name": "aakash-test-player-prod-nat-003",
              "Product": "aakash-test-player"
            }
          },
          "sensitive_attributes": [],
          "private": "bnVsbA==",
          "dependencies": [
            "module.vpc.aws_internet_gateway.main",
            "module.vpc.aws_subnet.public",
            "module.vpc.aws_vpc.main",
            "module.vpc.aws_eip.nat"
          ]
        }
      ]
    },
    {
      "module": "module.vpc",
      "mode": "managed",
      "type": "aws_route",
      "name": "private",
      "provider": "provider[\"registry.terraform.io/hashicorp/aws\"]",
      "instances": [
        {
          "index_key": 0,
          "schema_version": 0,
          "attributes": {
            "carrier_gateway_id": "",
            "destination_cidr_block": "0.0.0.0/0",
            "destination_ipv6_cidr_block": "",
            "destination_prefix_list_id": "",
            "egress_only_gateway_id": "",
            "gateway_id": "",
            "id": "r-rtb-0cbbb73814a1c2b7e1080289494",
            "instance_id": "",
            "instance_owner_id": "",
            "local_gateway_id": "",
            "nat_gateway_id": "nat-06d8fad651219af87",
            "network_interface_id": "",
            "origin": "CreateRoute",
            "route_table_id": "rtb-0cbbb73814a1c2b7e",
            "state": "active",
            "timeouts": null,
            "transit_gateway_id": "",
            "vpc_endpoint_id": "",
            "vpc_peering_connection_id": ""
          },
          "sensitive_attributes": [],
          "private": "eyJlMmJmYjczMC1lY2FhLTExZTYtOGY4OC0zNDM2M2JjN2M0YzAiOnsiY3JlYXRlIjoxMjAwMDAwMDAwMDAsImRlbGV0ZSI6MzAwMDAwMDAwMDAwfX0=",
          "dependencies": [
            "module.vpc.aws_nat_gateway.main",
            "module.vpc.aws_route_table.private",
            "module.vpc.aws_subnet.public",
            "module.vpc.aws_vpc.main",
            "module.vpc.aws_eip.nat",
            "module.vpc.aws_internet_gateway.main"
          ]
        },
        {
          "index_key": 1,
          "schema_version": 0,
          "attributes": {
            "carrier_gateway_id": "",
            "destination_cidr_block": "0.0.0.0/0",
            "destination_ipv6_cidr_block": "",
            "destination_prefix_list_id": "",
            "egress_only_gateway_id": "",
            "gateway_id": "",
            "id": "r-rtb-0ae68a05ae81993cc1080289494",
            "instance_id": "",
            "instance_owner_id": "",
            "local_gateway_id": "",
            "nat_gateway_id": "nat-095d099872db316c4",
            "network_interface_id": "",
            "origin": "CreateRoute",
            "route_table_id": "rtb-0ae68a05ae81993cc",
            "state": "active",
            "timeouts": null,
            "transit_gateway_id": "",
            "vpc_endpoint_id": "",
            "vpc_peering_connection_id": ""
          },
          "sensitive_attributes": [],
          "private": "eyJlMmJmYjczMC1lY2FhLTExZTYtOGY4OC0zNDM2M2JjN2M0YzAiOnsiY3JlYXRlIjoxMjAwMDAwMDAwMDAsImRlbGV0ZSI6MzAwMDAwMDAwMDAwfX0=",
          "dependencies": [
            "module.vpc.aws_eip.nat",
            "module.vpc.aws_internet_gateway.main",
            "module.vpc.aws_nat_gateway.main",
            "module.vpc.aws_route_table.private",
            "module.vpc.aws_subnet.public",
            "module.vpc.aws_vpc.main"
          ]
        },
        {
          "index_key": 2,
          "schema_version": 0,
          "attributes": {
            "carrier_gateway_id": "",
            "destination_cidr_block": "0.0.0.0/0",
            "destination_ipv6_cidr_block": "",
            "destination_prefix_list_id": "",
            "egress_only_gateway_id": "",
            "gateway_id": "",
            "id": "r-rtb-009d39445358db8811080289494",
            "instance_id": "",
            "instance_owner_id": "",
            "local_gateway_id": "",
            "nat_gateway_id": "nat-0d029361f470fa519",
            "network_interface_id": "",
            "origin": "CreateRoute",
            "route_table_id": "rtb-009d39445358db881",
            "state": "active",
            "timeouts": null,
            "transit_gateway_id": "",
            "vpc_endpoint_id": "",
            "vpc_peering_connection_id": ""
          },
          "sensitive_attributes": [],
          "private": "eyJlMmJmYjczMC1lY2FhLTExZTYtOGY4OC0zNDM2M2JjN2M0YzAiOnsiY3JlYXRlIjoxMjAwMDAwMDAwMDAsImRlbGV0ZSI6MzAwMDAwMDAwMDAwfX0=",
          "dependencies": [
            "module.vpc.aws_internet_gateway.main",
            "module.vpc.aws_nat_gateway.main",
            "module.vpc.aws_route_table.private",
            "module.vpc.aws_subnet.public",
            "module.vpc.aws_vpc.main",
            "module.vpc.aws_eip.nat"
          ]
        }
      ]
    },
    {
      "module": "module.vpc",
      "mode": "managed",
      "type": "aws_route",
      "name": "public",
      "provider": "provider[\"registry.terraform.io/hashicorp/aws\"]",
      "instances": [
        {
          "schema_version": 0,
          "attributes": {
            "carrier_gateway_id": "",
            "destination_cidr_block": "0.0.0.0/0",
            "destination_ipv6_cidr_block": "",
            "destination_prefix_list_id": "",
            "egress_only_gateway_id": "",
            "gateway_id": "igw-03211ee3a43c2b657",
            "id": "r-rtb-03dd9b83a758726541080289494",
            "instance_id": "",
            "instance_owner_id": "",
            "local_gateway_id": "",
            "nat_gateway_id": "",
            "network_interface_id": "",
            "origin": "CreateRoute",
            "route_table_id": "rtb-03dd9b83a75872654",
            "state": "active",
            "timeouts": null,
            "transit_gateway_id": "",
            "vpc_endpoint_id": "",
            "vpc_peering_connection_id": ""
          },
          "sensitive_attributes": [],
          "private": "eyJlMmJmYjczMC1lY2FhLTExZTYtOGY4OC0zNDM2M2JjN2M0YzAiOnsiY3JlYXRlIjoxMjAwMDAwMDAwMDAsImRlbGV0ZSI6MzAwMDAwMDAwMDAwfX0=",
          "dependencies": [
            "module.vpc.aws_route_table.public",
            "module.vpc.aws_vpc.main",
            "module.vpc.aws_internet_gateway.main"
          ]
        }
      ]
    },
    {
      "module": "module.vpc",
      "mode": "managed",
      "type": "aws_route_table",
      "name": "private",
      "provider": "provider[\"registry.terraform.io/hashicorp/aws\"]",
      "instances": [
        {
          "index_key": 0,
          "schema_version": 0,
          "attributes": {
            "arn": "arn:aws:ec2:us-east-1:023980798539:route-table/rtb-0cbbb73814a1c2b7e",
            "id": "rtb-0cbbb73814a1c2b7e",
            "owner_id": "023980798539",
            "propagating_vgws": [],
            "route": [
              {
                "carrier_gateway_id": "",
                "cidr_block": "0.0.0.0/0",
                "destination_prefix_list_id": "",
                "egress_only_gateway_id": "",
                "gateway_id": "",
                "instance_id": "",
                "ipv6_cidr_block": "",
                "local_gateway_id": "",
                "nat_gateway_id": "nat-06d8fad651219af87",
                "network_interface_id": "",
                "transit_gateway_id": "",
                "vpc_endpoint_id": "",
                "vpc_peering_connection_id": ""
              }
            ],
            "tags": {
              "Environment": "prod",
              "Name": "aakash-test-player-prod-routing-table-private-001",
              "Product": "aakash-test-player"
            },
            "tags_all": {
              "Environment": "prod",
              "Name": "aakash-test-player-prod-routing-table-private-001",
              "Product": "aakash-test-player"
            },
            "vpc_id": "vpc-094d2d308d7f57b34"
          },
          "sensitive_attributes": [],
          "private": "bnVsbA==",
          "dependencies": [
            "module.vpc.aws_vpc.main"
          ]
        },
        {
          "index_key": 1,
          "schema_version": 0,
          "attributes": {
            "arn": "arn:aws:ec2:us-east-1:023980798539:route-table/rtb-0ae68a05ae81993cc",
            "id": "rtb-0ae68a05ae81993cc",
            "owner_id": "023980798539",
            "propagating_vgws": [],
            "route": [
              {
                "carrier_gateway_id": "",
                "cidr_block": "0.0.0.0/0",
                "destination_prefix_list_id": "",
                "egress_only_gateway_id": "",
                "gateway_id": "",
                "instance_id": "",
                "ipv6_cidr_block": "",
                "local_gateway_id": "",
                "nat_gateway_id": "nat-095d099872db316c4",
                "network_interface_id": "",
                "transit_gateway_id": "",
                "vpc_endpoint_id": "",
                "vpc_peering_connection_id": ""
              }
            ],
            "tags": {
              "Environment": "prod",
              "Name": "aakash-test-player-prod-routing-table-private-002",
              "Product": "aakash-test-player"
            },
            "tags_all": {
              "Environment": "prod",
              "Name": "aakash-test-player-prod-routing-table-private-002",
              "Product": "aakash-test-player"
            },
            "vpc_id": "vpc-094d2d308d7f57b34"
          },
          "sensitive_attributes": [],
          "private": "bnVsbA==",
          "dependencies": [
            "module.vpc.aws_vpc.main"
          ]
        },
        {
          "index_key": 2,
          "schema_version": 0,
          "attributes": {
            "arn": "arn:aws:ec2:us-east-1:023980798539:route-table/rtb-009d39445358db881",
            "id": "rtb-009d39445358db881",
            "owner_id": "023980798539",
            "propagating_vgws": [],
            "route": [
              {
                "carrier_gateway_id": "",
                "cidr_block": "0.0.0.0/0",
                "destination_prefix_list_id": "",
                "egress_only_gateway_id": "",
                "gateway_id": "",
                "instance_id": "",
                "ipv6_cidr_block": "",
                "local_gateway_id": "",
                "nat_gateway_id": "nat-0d029361f470fa519",
                "network_interface_id": "",
                "transit_gateway_id": "",
                "vpc_endpoint_id": "",
                "vpc_peering_connection_id": ""
              }
            ],
            "tags": {
              "Environment": "prod",
              "Name": "aakash-test-player-prod-routing-table-private-003",
              "Product": "aakash-test-player"
            },
            "tags_all": {
              "Environment": "prod",
              "Name": "aakash-test-player-prod-routing-table-private-003",
              "Product": "aakash-test-player"
            },
            "vpc_id": "vpc-094d2d308d7f57b34"
          },
          "sensitive_attributes": [],
          "private": "bnVsbA==",
          "dependencies": [
            "module.vpc.aws_vpc.main"
          ]
        }
      ]
    },
    {
      "module": "module.vpc",
      "mode": "managed",
      "type": "aws_route_table",
      "name": "public",
      "provider": "provider[\"registry.terraform.io/hashicorp/aws\"]",
      "instances": [
        {
          "schema_version": 0,
          "attributes": {
            "arn": "arn:aws:ec2:us-east-1:023980798539:route-table/rtb-03dd9b83a75872654",
            "id": "rtb-03dd9b83a75872654",
            "owner_id": "023980798539",
            "propagating_vgws": [],
            "route": [
              {
                "carrier_gateway_id": "",
                "cidr_block": "0.0.0.0/0",
                "destination_prefix_list_id": "",
                "egress_only_gateway_id": "",
                "gateway_id": "igw-03211ee3a43c2b657",
                "instance_id": "",
                "ipv6_cidr_block": "",
                "local_gateway_id": "",
                "nat_gateway_id": "",
                "network_interface_id": "",
                "transit_gateway_id": "",
                "vpc_endpoint_id": "",
                "vpc_peering_connection_id": ""
              }
            ],
            "tags": {
              "Environment": "prod",
              "Name": "aakash-test-player-prod-routing-table-public",
              "Product": "aakash-test-player"
            },
            "tags_all": {
              "Environment": "prod",
              "Name": "aakash-test-player-prod-routing-table-public",
              "Product": "aakash-test-player"
            },
            "vpc_id": "vpc-094d2d308d7f57b34"
          },
          "sensitive_attributes": [],
          "private": "bnVsbA==",
          "dependencies": [
            "module.vpc.aws_vpc.main"
          ]
        }
      ]
    },
    {
      "module": "module.vpc",
      "mode": "managed",
      "type": "aws_route_table_association",
      "name": "private",
      "provider": "provider[\"registry.terraform.io/hashicorp/aws\"]",
      "instances": [
        {
          "index_key": 0,
          "schema_version": 0,
          "attributes": {
            "gateway_id": "",
            "id": "rtbassoc-0bd019e09d8881215",
            "route_table_id": "rtb-0cbbb73814a1c2b7e",
            "subnet_id": "subnet-0ee01b0b258cf1d4e"
          },
          "sensitive_attributes": [],
          "private": "bnVsbA==",
          "dependencies": [
            "module.vpc.aws_route_table.private",
            "module.vpc.aws_subnet.private",
            "module.vpc.aws_vpc.main"
          ]
        },
        {
          "index_key": 1,
          "schema_version": 0,
          "attributes": {
            "gateway_id": "",
            "id": "rtbassoc-0ebeb804680fdcc97",
            "route_table_id": "rtb-0ae68a05ae81993cc",
            "subnet_id": "subnet-070239a243c082899"
          },
          "sensitive_attributes": [],
          "private": "bnVsbA==",
          "dependencies": [
            "module.vpc.aws_route_table.private",
            "module.vpc.aws_subnet.private",
            "module.vpc.aws_vpc.main"
          ]
        },
        {
          "index_key": 2,
          "schema_version": 0,
          "attributes": {
            "gateway_id": "",
            "id": "rtbassoc-0c744e88b36ddfa7e",
            "route_table_id": "rtb-009d39445358db881",
            "subnet_id": "subnet-0ed3b9e9704005f5e"
          },
          "sensitive_attributes": [],
          "private": "bnVsbA==",
          "dependencies": [
            "module.vpc.aws_route_table.private",
            "module.vpc.aws_subnet.private",
            "module.vpc.aws_vpc.main"
          ]
        }
      ]
    },
    {
      "module": "module.vpc",
      "mode": "managed",
      "type": "aws_route_table_association",
      "name": "public",
      "provider": "provider[\"registry.terraform.io/hashicorp/aws\"]",
      "instances": [
        {
          "index_key": 0,
          "schema_version": 0,
          "attributes": {
            "gateway_id": "",
            "id": "rtbassoc-0d40ac10f6569ecb5",
            "route_table_id": "rtb-03dd9b83a75872654",
            "subnet_id": "subnet-0ab41ed21ab62c5f4"
          },
          "sensitive_attributes": [],
          "private": "bnVsbA==",
          "dependencies": [
            "module.vpc.aws_route_table.public",
            "module.vpc.aws_subnet.public",
            "module.vpc.aws_vpc.main"
          ]
        },
        {
          "index_key": 1,
          "schema_version": 0,
          "attributes": {
            "gateway_id": "",
            "id": "rtbassoc-02cd40de68abb1711",
            "route_table_id": "rtb-03dd9b83a75872654",
            "subnet_id": "subnet-09ef486caf532fed7"
          },
          "sensitive_attributes": [],
          "private": "bnVsbA==",
          "dependencies": [
            "module.vpc.aws_route_table.public",
            "module.vpc.aws_subnet.public",
            "module.vpc.aws_vpc.main"
          ]
        },
        {
          "index_key": 2,
          "schema_version": 0,
          "attributes": {
            "gateway_id": "",
            "id": "rtbassoc-0bd79f500f73ab988",
            "route_table_id": "rtb-03dd9b83a75872654",
            "subnet_id": "subnet-09daa187506568c68"
          },
          "sensitive_attributes": [],
          "private": "bnVsbA==",
          "dependencies": [
            "module.vpc.aws_route_table.public",
            "module.vpc.aws_subnet.public",
            "module.vpc.aws_vpc.main"
          ]
        }
      ]
    },
    {
      "module": "module.vpc",
      "mode": "managed",
      "type": "aws_subnet",
      "name": "private",
      "provider": "provider[\"registry.terraform.io/hashicorp/aws\"]",
      "instances": [
        {
          "index_key": 0,
          "schema_version": 1,
          "attributes": {
            "arn": "arn:aws:ec2:us-east-1:023980798539:subnet/subnet-0ee01b0b258cf1d4e",
            "assign_ipv6_address_on_creation": false,
            "availability_zone": "us-east-1a",
            "availability_zone_id": "use1-az6",
            "cidr_block": "10.0.0.0/20",
            "customer_owned_ipv4_pool": "",
            "id": "subnet-0ee01b0b258cf1d4e",
            "ipv6_cidr_block": "",
            "ipv6_cidr_block_association_id": "",
            "map_customer_owned_ip_on_launch": false,
            "map_public_ip_on_launch": false,
            "outpost_arn": "",
            "owner_id": "023980798539",
            "tags": {
              "Environment": "prod",
              "Name": "aakash-test-player-prod-private-subnet-001",
              "Product": "aakash-test-player",
              "kubernetes.io/cluster/aakash-test-player-prod": "shared",
              "kubernetes.io/role/internal-elb": "1"
            },
            "tags_all": {
              "Environment": "prod",
              "Name": "aakash-test-player-prod-private-subnet-001",
              "Product": "aakash-test-player",
              "kubernetes.io/cluster/aakash-test-player-prod": "shared",
              "kubernetes.io/role/internal-elb": "1"
            },
            "timeouts": null,
            "vpc_id": "vpc-094d2d308d7f57b34"
          },
          "sensitive_attributes": [],
          "private": "eyJlMmJmYjczMC1lY2FhLTExZTYtOGY4OC0zNDM2M2JjN2M0YzAiOnsiY3JlYXRlIjo2MDAwMDAwMDAwMDAsImRlbGV0ZSI6MTIwMDAwMDAwMDAwMH0sInNjaGVtYV92ZXJzaW9uIjoiMSJ9",
          "dependencies": [
            "module.vpc.aws_vpc.main"
          ]
        },
        {
          "index_key": 1,
          "schema_version": 1,
          "attributes": {
            "arn": "arn:aws:ec2:us-east-1:023980798539:subnet/subnet-070239a243c082899",
            "assign_ipv6_address_on_creation": false,
            "availability_zone": "us-east-1b",
            "availability_zone_id": "use1-az1",
            "cidr_block": "10.0.32.0/20",
            "customer_owned_ipv4_pool": "",
            "id": "subnet-070239a243c082899",
            "ipv6_cidr_block": "",
            "ipv6_cidr_block_association_id": "",
            "map_customer_owned_ip_on_launch": false,
            "map_public_ip_on_launch": false,
            "outpost_arn": "",
            "owner_id": "023980798539",
            "tags": {
              "Environment": "prod",
              "Name": "aakash-test-player-prod-private-subnet-002",
              "Product": "aakash-test-player",
              "kubernetes.io/cluster/aakash-test-player-prod": "shared",
              "kubernetes.io/role/internal-elb": "1"
            },
            "tags_all": {
              "Environment": "prod",
              "Name": "aakash-test-player-prod-private-subnet-002",
              "Product": "aakash-test-player",
              "kubernetes.io/cluster/aakash-test-player-prod": "shared",
              "kubernetes.io/role/internal-elb": "1"
            },
            "timeouts": null,
            "vpc_id": "vpc-094d2d308d7f57b34"
          },
          "sensitive_attributes": [],
          "private": "eyJlMmJmYjczMC1lY2FhLTExZTYtOGY4OC0zNDM2M2JjN2M0YzAiOnsiY3JlYXRlIjo2MDAwMDAwMDAwMDAsImRlbGV0ZSI6MTIwMDAwMDAwMDAwMH0sInNjaGVtYV92ZXJzaW9uIjoiMSJ9",
          "dependencies": [
            "module.vpc.aws_vpc.main"
          ]
        },
        {
          "index_key": 2,
          "schema_version": 1,
          "attributes": {
            "arn": "arn:aws:ec2:us-east-1:023980798539:subnet/subnet-0ed3b9e9704005f5e",
            "assign_ipv6_address_on_creation": false,
            "availability_zone": "us-east-1c",
            "availability_zone_id": "use1-az2",
            "cidr_block": "10.0.64.0/20",
            "customer_owned_ipv4_pool": "",
            "id": "subnet-0ed3b9e9704005f5e",
            "ipv6_cidr_block": "",
            "ipv6_cidr_block_association_id": "",
            "map_customer_owned_ip_on_launch": false,
            "map_public_ip_on_launch": false,
            "outpost_arn": "",
            "owner_id": "023980798539",
            "tags": {
              "Environment": "prod",
              "Name": "aakash-test-player-prod-private-subnet-003",
              "Product": "aakash-test-player",
              "kubernetes.io/cluster/aakash-test-player-prod": "shared",
              "kubernetes.io/role/internal-elb": "1"
            },
            "tags_all": {
              "Environment": "prod",
              "Name": "aakash-test-player-prod-private-subnet-003",
              "Product": "aakash-test-player",
              "kubernetes.io/cluster/aakash-test-player-prod": "shared",
              "kubernetes.io/role/internal-elb": "1"
            },
            "timeouts": null,
            "vpc_id": "vpc-094d2d308d7f57b34"
          },
          "sensitive_attributes": [],
          "private": "eyJlMmJmYjczMC1lY2FhLTExZTYtOGY4OC0zNDM2M2JjN2M0YzAiOnsiY3JlYXRlIjo2MDAwMDAwMDAwMDAsImRlbGV0ZSI6MTIwMDAwMDAwMDAwMH0sInNjaGVtYV92ZXJzaW9uIjoiMSJ9",
          "dependencies": [
            "module.vpc.aws_vpc.main"
          ]
        }
      ]
    },
    {
      "module": "module.vpc",
      "mode": "managed",
      "type": "aws_subnet",
      "name": "public",
      "provider": "provider[\"registry.terraform.io/hashicorp/aws\"]",
      "instances": [
        {
          "index_key": 0,
          "schema_version": 1,
          "attributes": {
            "arn": "arn:aws:ec2:us-east-1:023980798539:subnet/subnet-0ab41ed21ab62c5f4",
            "assign_ipv6_address_on_creation": false,
            "availability_zone": "us-east-1a",
            "availability_zone_id": "use1-az6",
            "cidr_block": "10.0.16.0/20",
            "customer_owned_ipv4_pool": "",
            "id": "subnet-0ab41ed21ab62c5f4",
            "ipv6_cidr_block": "",
            "ipv6_cidr_block_association_id": "",
            "map_customer_owned_ip_on_launch": false,
            "map_public_ip_on_launch": true,
            "outpost_arn": "",
            "owner_id": "023980798539",
            "tags": {
              "Environment": "prod",
              "Name": "aakash-test-player-prod-public-subnet-001",
              "Product": "aakash-test-player",
              "kubernetes.io/cluster/aakash-test-player-prod": "shared",
              "kubernetes.io/role/elb": "1"
            },
            "tags_all": {
              "Environment": "prod",
              "Name": "aakash-test-player-prod-public-subnet-001",
              "Product": "aakash-test-player",
              "kubernetes.io/cluster/aakash-test-player-prod": "shared",
              "kubernetes.io/role/elb": "1"
            },
            "timeouts": null,
            "vpc_id": "vpc-094d2d308d7f57b34"
          },
          "sensitive_attributes": [],
          "private": "eyJlMmJmYjczMC1lY2FhLTExZTYtOGY4OC0zNDM2M2JjN2M0YzAiOnsiY3JlYXRlIjo2MDAwMDAwMDAwMDAsImRlbGV0ZSI6MTIwMDAwMDAwMDAwMH0sInNjaGVtYV92ZXJzaW9uIjoiMSJ9",
          "dependencies": [
            "module.vpc.aws_vpc.main"
          ]
        },
        {
          "index_key": 1,
          "schema_version": 1,
          "attributes": {
            "arn": "arn:aws:ec2:us-east-1:023980798539:subnet/subnet-09ef486caf532fed7",
            "assign_ipv6_address_on_creation": false,
            "availability_zone": "us-east-1b",
            "availability_zone_id": "use1-az1",
            "cidr_block": "10.0.48.0/20",
            "customer_owned_ipv4_pool": "",
            "id": "subnet-09ef486caf532fed7",
            "ipv6_cidr_block": "",
            "ipv6_cidr_block_association_id": "",
            "map_customer_owned_ip_on_launch": false,
            "map_public_ip_on_launch": true,
            "outpost_arn": "",
            "owner_id": "023980798539",
            "tags": {
              "Environment": "prod",
              "Name": "aakash-test-player-prod-public-subnet-002",
              "Product": "aakash-test-player",
              "kubernetes.io/cluster/aakash-test-player-prod": "shared",
              "kubernetes.io/role/elb": "1"
            },
            "tags_all": {
              "Environment": "prod",
              "Name": "aakash-test-player-prod-public-subnet-002",
              "Product": "aakash-test-player",
              "kubernetes.io/cluster/aakash-test-player-prod": "shared",
              "kubernetes.io/role/elb": "1"
            },
            "timeouts": null,
            "vpc_id": "vpc-094d2d308d7f57b34"
          },
          "sensitive_attributes": [],
          "private": "eyJlMmJmYjczMC1lY2FhLTExZTYtOGY4OC0zNDM2M2JjN2M0YzAiOnsiY3JlYXRlIjo2MDAwMDAwMDAwMDAsImRlbGV0ZSI6MTIwMDAwMDAwMDAwMH0sInNjaGVtYV92ZXJzaW9uIjoiMSJ9",
          "dependencies": [
            "module.vpc.aws_vpc.main"
          ]
        },
        {
          "index_key": 2,
          "schema_version": 1,
          "attributes": {
            "arn": "arn:aws:ec2:us-east-1:023980798539:subnet/subnet-09daa187506568c68",
            "assign_ipv6_address_on_creation": false,
            "availability_zone": "us-east-1c",
            "availability_zone_id": "use1-az2",
            "cidr_block": "10.0.80.0/20",
            "customer_owned_ipv4_pool": "",
            "id": "subnet-09daa187506568c68",
            "ipv6_cidr_block": "",
            "ipv6_cidr_block_association_id": "",
            "map_customer_owned_ip_on_launch": false,
            "map_public_ip_on_launch": true,
            "outpost_arn": "",
            "owner_id": "023980798539",
            "tags": {
              "Environment": "prod",
              "Name": "aakash-test-player-prod-public-subnet-003",
              "Product": "aakash-test-player",
              "kubernetes.io/cluster/aakash-test-player-prod": "shared",
              "kubernetes.io/role/elb": "1"
            },
            "tags_all": {
              "Environment": "prod",
              "Name": "aakash-test-player-prod-public-subnet-003",
              "Product": "aakash-test-player",
              "kubernetes.io/cluster/aakash-test-player-prod": "shared",
              "kubernetes.io/role/elb": "1"
            },
            "timeouts": null,
            "vpc_id": "vpc-094d2d308d7f57b34"
          },
          "sensitive_attributes": [],
          "private": "eyJlMmJmYjczMC1lY2FhLTExZTYtOGY4OC0zNDM2M2JjN2M0YzAiOnsiY3JlYXRlIjo2MDAwMDAwMDAwMDAsImRlbGV0ZSI6MTIwMDAwMDAwMDAwMH0sInNjaGVtYV92ZXJzaW9uIjoiMSJ9",
          "dependencies": [
            "module.vpc.aws_vpc.main"
          ]
        }
      ]
    },
    {
      "module": "module.vpc",
      "mode": "managed",
      "type": "aws_vpc",
      "name": "main",
      "provider": "provider[\"registry.terraform.io/hashicorp/aws\"]",
      "instances": [
        {
          "schema_version": 1,
          "attributes": {
            "arn": "arn:aws:ec2:us-east-1:023980798539:vpc/vpc-094d2d308d7f57b34",
            "assign_generated_ipv6_cidr_block": false,
            "cidr_block": "10.0.0.0/16",
            "default_network_acl_id": "acl-031e1af508cc0b915",
            "default_route_table_id": "rtb-0e74fd7650e92b40d",
            "default_security_group_id": "sg-04adbadbdf160969d",
            "dhcp_options_id": "dopt-1a4ec660",
            "enable_classiclink": false,
            "enable_classiclink_dns_support": false,
            "enable_dns_hostnames": true,
            "enable_dns_support": true,
            "id": "vpc-094d2d308d7f57b34",
            "instance_tenancy": "default",
            "ipv6_association_id": "",
            "ipv6_cidr_block": "",
            "main_route_table_id": "rtb-0e74fd7650e92b40d",
            "owner_id": "023980798539",
            "tags": {
              "Environment": "prod",
              "Name": "aakash-test-player-prod-vpc",
              "Product": "aakash-test-player",
              "kubernetes.io/cluster/aakash-test-player-prod": "shared"
            },
            "tags_all": {
              "Environment": "prod",
              "Name": "aakash-test-player-prod-vpc",
              "Product": "aakash-test-player",
              "kubernetes.io/cluster/aakash-test-player-prod": "shared"
            }
          },
          "sensitive_attributes": [],
          "private": "eyJzY2hlbWFfdmVyc2lvbiI6IjEifQ=="
        }
      ]
    },
    {
      "module": "module.waf2",
      "mode": "managed",
      "type": "aws_wafv2_web_acl",
      "name": "main",
      "provider": "provider[\"registry.terraform.io/hashicorp/aws\"]",
      "instances": [
        {
          "index_key": 0,
          "schema_version": 0,
          "attributes": {
            "arn": "arn:aws:wafv2:us-east-1:023980798539:regional/webacl/aakash-test-player-prod-waf/e0998dc2-b3fd-459c-b8a2-b85977906398",
            "capacity": 1009,
            "default_action": [
              {
                "allow": [
                  {
                    "custom_request_handling": []
                  }
                ],
                "block": []
              }
            ],
            "description": "Aakash LCMS api gateway waf rules",
            "id": "e0998dc2-b3fd-459c-b8a2-b85977906398",
            "lock_token": "f8a530c8-aa49-4b9b-b7be-b8d3b44b5ca3",
            "name": "aakash-test-player-prod-waf",
            "rule": [
              {
                "action": [
                  {
                    "allow": [
                      {
                        "custom_request_handling": null
                      }
                    ],
                    "block": [],
                    "count": []
                  }
                ],
                "name": "GeoMatchRule-5",
                "override_action": [],
                "priority": 5,
                "statement": [
                  {
                    "and_statement": [],
                    "byte_match_statement": [],
                    "geo_match_statement": [
                      {
                        "country_codes": [
                          "NL",
                          "GB",
                          "US"
                        ],
                        "forwarded_ip_config": []
                      }
                    ],
                    "ip_set_reference_statement": [],
                    "managed_rule_group_statement": [],
                    "not_statement": [],
                    "or_statement": [],
                    "rate_based_statement": [],
                    "regex_pattern_set_reference_statement": [],
                    "rule_group_reference_statement": [],
                    "size_constraint_statement": [],
                    "sqli_match_statement": [],
                    "xss_match_statement": []
                  }
                ],
                "visibility_config": [
                  {
                    "cloudwatch_metrics_enabled": false,
                    "metric_name": "GeoMatchRule-metric",
                    "sampled_requests_enabled": false
                  }
                ]
              },
              {
                "action": [
                  {
                    "allow": [],
                    "block": [
                      {
                        "custom_response": null
                      }
                    ],
                    "count": []
                  }
                ],
                "name": "IpRateBasedRule-7",
                "override_action": [],
                "priority": 6,
                "statement": [
                  {
                    "and_statement": [],
                    "byte_match_statement": [],
                    "geo_match_statement": [],
                    "ip_set_reference_statement": [],
                    "managed_rule_group_statement": [],
                    "not_statement": [],
                    "or_statement": [],
                    "rate_based_statement": [
                      {
                        "aggregate_key_type": "IP",
                        "forwarded_ip_config": [],
                        "limit": 100,
                        "scope_down_statement": [
                          {
                            "and_statement": [],
                            "byte_match_statement": [],
                            "geo_match_statement": [],
                            "ip_set_reference_statement": [],
                            "not_statement": [
                              {
                                "statement": [
                                  {
                                    "and_statement": [],
                                    "byte_match_statement": [
                                      {
                                        "field_to_match": [
                                          {
                                            "all_query_arguments": [],
                                            "body": [],
                                            "method": [],
                                            "query_string": [],
                                            "single_header": [],
                                            "single_query_argument": [],
                                            "uri_path": [
                                              {}
                                            ]
                                          }
                                        ],
                                        "positional_constraint": "STARTS_WITH",
                                        "search_string": "/path/to/match",
                                        "text_transformation": [
                                          {
                                            "priority": 0,
                                            "type": "NONE"
                                          }
                                        ]
                                      }
                                    ],
                                    "geo_match_statement": [],
                                    "ip_set_reference_statement": [],
                                    "not_statement": [],
                                    "or_statement": [],
                                    "regex_pattern_set_reference_statement": [],
                                    "size_constraint_statement": [],
                                    "sqli_match_statement": [],
                                    "xss_match_statement": []
                                  }
                                ]
                              }
                            ],
                            "or_statement": [],
                            "regex_pattern_set_reference_statement": [],
                            "size_constraint_statement": [],
                            "sqli_match_statement": [],
                            "xss_match_statement": []
                          }
                        ]
                      }
                    ],
                    "regex_pattern_set_reference_statement": [],
                    "rule_group_reference_statement": [],
                    "size_constraint_statement": [],
                    "sqli_match_statement": [],
                    "xss_match_statement": []
                  }
                ],
                "visibility_config": [
                  {
                    "cloudwatch_metrics_enabled": false,
                    "metric_name": "IpRateBasedRule-metric",
                    "sampled_requests_enabled": false
                  }
                ]
              },
              {
                "action": [
                  {
                    "allow": [],
                    "block": [],
                    "count": [
                      {
                        "custom_request_handling": null
                      }
                    ]
                  }
                ],
                "name": "ByteMatchRule-4",
                "override_action": [],
                "priority": 4,
                "statement": [
                  {
                    "and_statement": [],
                    "byte_match_statement": [
                      {
                        "field_to_match": [
                          {
                            "all_query_arguments": [],
                            "body": [],
                            "method": [],
                            "query_string": [],
                            "single_header": [],
                            "single_query_argument": [],
                            "uri_path": [
                              {}
                            ]
                          }
                        ],
                        "positional_constraint": "STARTS_WITH",
                        "search_string": "/path/to/match",
                        "text_transformation": [
                          {
                            "priority": 0,
                            "type": "NONE"
                          }
                        ]
                      }
                    ],
                    "geo_match_statement": [],
                    "ip_set_reference_statement": [],
                    "managed_rule_group_statement": [],
                    "not_statement": [],
                    "or_statement": [],
                    "rate_based_statement": [],
                    "regex_pattern_set_reference_statement": [],
                    "rule_group_reference_statement": [],
                    "size_constraint_statement": [],
                    "sqli_match_statement": [],
                    "xss_match_statement": []
                  }
                ],
                "visibility_config": [
                  {
                    "cloudwatch_metrics_enabled": false,
                    "metric_name": "ByteMatchRule-metric",
                    "sampled_requests_enabled": false
                  }
                ]
              },
              {
                "action": [
                  {
                    "allow": [],
                    "block": [],
                    "count": [
                      {
                        "custom_request_handling": null
                      }
                    ]
                  }
                ],
                "name": "NotByteMatchRule-8",
                "override_action": [],
                "priority": 7,
                "statement": [
                  {
                    "and_statement": [],
                    "byte_match_statement": [],
                    "geo_match_statement": [],
                    "ip_set_reference_statement": [],
                    "managed_rule_group_statement": [],
                    "not_statement": [
                      {
                        "statement": [
                          {
                            "and_statement": [],
                            "byte_match_statement": [
                              {
                                "field_to_match": [
                                  {
                                    "all_query_arguments": [],
                                    "body": [],
                                    "method": [],
                                    "query_string": [],
                                    "single_header": [],
                                    "single_query_argument": [],
                                    "uri_path": [
                                      {}
                                    ]
                                  }
                                ],
                                "positional_constraint": "STARTS_WITH",
                                "search_string": "/path/to/match",
                                "text_transformation": [
                                  {
                                    "priority": 0,
                                    "type": "NONE"
                                  }
                                ]
                              }
                            ],
                            "geo_match_statement": [],
                            "ip_set_reference_statement": [],
                            "not_statement": [],
                            "or_statement": [],
                            "regex_pattern_set_reference_statement": [],
                            "size_constraint_statement": [],
                            "sqli_match_statement": [],
                            "xss_match_statement": []
                          }
                        ]
                      }
                    ],
                    "or_statement": [],
                    "rate_based_statement": [],
                    "regex_pattern_set_reference_statement": [],
                    "rule_group_reference_statement": [],
                    "size_constraint_statement": [],
                    "sqli_match_statement": [],
                    "xss_match_statement": []
                  }
                ],
                "visibility_config": [
                  {
                    "cloudwatch_metrics_enabled": false,
                    "metric_name": "NotByteMatchRule-metric",
                    "sampled_requests_enabled": false
                  }
                ]
              },
              {
                "action": [],
                "name": "AWSManagedRulesCommonRuleSet-rule-1",
                "override_action": [
                  {
                    "count": [],
                    "none": [
                      {}
                    ]
                  }
                ],
                "priority": 1,
                "statement": [
                  {
                    "and_statement": [],
                    "byte_match_statement": [],
                    "geo_match_statement": [],
                    "ip_set_reference_statement": [],
                    "managed_rule_group_statement": [
                      {
                        "excluded_rule": [
                          {
                            "name": "GenericRFI_QUERYARGUMENTS"
                          },
                          {
                            "name": "SizeRestrictions_BODY"
                          },
                          {
                            "name": "SizeRestrictions_QUERYSTRING"
                          }
                        ],
                        "name": "AWSManagedRulesCommonRuleSet",
                        "scope_down_statement": [],
                        "vendor_name": "AWS"
                      }
                    ],
                    "not_statement": [],
                    "or_statement": [],
                    "rate_based_statement": [],
                    "regex_pattern_set_reference_statement": [],
                    "rule_group_reference_statement": [],
                    "size_constraint_statement": [],
                    "sqli_match_statement": [],
                    "xss_match_statement": []
                  }
                ],
                "visibility_config": [
                  {
                    "cloudwatch_metrics_enabled": true,
                    "metric_name": "AWSManagedRulesCommonRuleSet-metric",
                    "sampled_requests_enabled": true
                  }
                ]
              },
              {
                "action": [],
                "name": "AWSManagedRulesKnownBadInputsRuleSet-rule-2",
                "override_action": [
                  {
                    "count": [
                      {}
                    ],
                    "none": []
                  }
                ],
                "priority": 2,
                "statement": [
                  {
                    "and_statement": [],
                    "byte_match_statement": [],
                    "geo_match_statement": [],
                    "ip_set_reference_statement": [],
                    "managed_rule_group_statement": [
                      {
                        "excluded_rule": [],
                        "name": "AWSManagedRulesKnownBadInputsRuleSet",
                        "scope_down_statement": [],
                        "vendor_name": "AWS"
                      }
                    ],
                    "not_statement": [],
                    "or_statement": [],
                    "rate_based_statement": [],
                    "regex_pattern_set_reference_statement": [],
                    "rule_group_reference_statement": [],
                    "size_constraint_statement": [],
                    "sqli_match_statement": [],
                    "xss_match_statement": []
                  }
                ],
                "visibility_config": [
                  {
                    "cloudwatch_metrics_enabled": true,
                    "metric_name": "AWSManagedRulesKnownBadInputsRuleSet-metric",
                    "sampled_requests_enabled": true
                  }
                ]
              },
              {
                "action": [],
                "name": "AWSManagedRulesPHPRuleSet-rule-3",
                "override_action": [
                  {
                    "count": [],
                    "none": [
                      {}
                    ]
                  }
                ],
                "priority": 3,
                "statement": [
                  {
                    "and_statement": [],
                    "byte_match_statement": [],
                    "geo_match_statement": [],
                    "ip_set_reference_statement": [],
                    "managed_rule_group_statement": [
                      {
                        "excluded_rule": [],
                        "name": "AWSManagedRulesPHPRuleSet",
                        "scope_down_statement": [],
                        "vendor_name": "AWS"
                      }
                    ],
                    "not_statement": [],
                    "or_statement": [],
                    "rate_based_statement": [],
                    "regex_pattern_set_reference_statement": [],
                    "rule_group_reference_statement": [],
                    "size_constraint_statement": [],
                    "sqli_match_statement": [],
                    "xss_match_statement": []
                  }
                ],
                "visibility_config": [
                  {
                    "cloudwatch_metrics_enabled": false,
                    "metric_name": "AWSManagedRulesPHPRuleSet-metric",
                    "sampled_requests_enabled": false
                  }
                ]
              }
            ],
            "scope": "REGIONAL",
            "tags": {
              "Environment": "prod",
              "Product": "aakash-test-player"
            },
            "tags_all": {
              "Environment": "prod",
              "Product": "aakash-test-player"
            },
            "visibility_config": [
              {
                "cloudwatch_metrics_enabled": true,
                "metric_name": "test-waf-setup-waf-main-metrics",
                "sampled_requests_enabled": true
              }
            ]
          },
          "sensitive_attributes": [],
          "private": "bnVsbA=="
        }
      ]
    },
    {
      "module": "module.waf2",
      "mode": "managed",
      "type": "aws_wafv2_web_acl_association",
      "name": "main",
      "provider": "provider[\"registry.terraform.io/hashicorp/aws\"]",
      "instances": [
        {
          "schema_version": 0,
          "attributes": {
            "id": "arn:aws:wafv2:us-east-1:023980798539:regional/webacl/aakash-test-player-prod-waf/e0998dc2-b3fd-459c-b8a2-b85977906398,arn:aws:apigateway:us-east-1::/restapis/rci5y01vrb/stages/prod",
            "resource_arn": "arn:aws:apigateway:us-east-1::/restapis/rci5y01vrb/stages/prod",
            "web_acl_arn": "arn:aws:wafv2:us-east-1:023980798539:regional/webacl/aakash-test-player-prod-waf/e0998dc2-b3fd-459c-b8a2-b85977906398"
          },
          "sensitive_attributes": [],
          "private": "bnVsbA==",
          "dependencies": [
            "module.api_gateway.aws_api_gateway_resource.auth",
            "module.api_gateway.aws_api_gateway_resource.node",
            "module.api_gateway.aws_api_gateway_rest_api.api",
            "module.api_gateway.aws_api_gateway_stage.api",
            "module.waf2.aws_wafv2_web_acl.main",
            "module.api_gateway.aws_api_gateway_method.get_otp_options",
            "module.api_gateway.aws_api_gateway_integration.get_otp_options",
            "module.api_gateway.aws_api_gateway_resource.get_otp",
            "module.api_gateway.aws_api_gateway_deployment.get_api_options"
          ]
        }
      ]
    }
  ]
}
